PODS:
  - Base64 (1.1.2)
  - boost (1.76.0)
  - callstack-repack (3.0.0):
    - React-Core
  - DoubleConversion (1.1.6)
  - FBLazyVector (0.69.4)
  - FBReactNativeSpec (0.69.4):
    - RCT-Folly (= 2021.06.28.00-v2)
    - RCTRequired (= 0.69.4)
    - RCTTypeSafety (= 0.69.4)
    - React-Core (= 0.69.4)
    - React-jsi (= 0.69.4)
    - ReactCommon/turbomodule/core (= 0.69.4)
  - fmt (6.2.1)
  - glog (0.3.5)
  - MMKV (1.2.13):
    - MMKVCore (~> 1.2.13)
  - MMKVCore (1.2.13)
  - pop (1.0.12)
  - RCT-Folly (2021.06.28.00-v2):
    - boost
    - DoubleConversion
    - fmt (~> 6.2.1)
    - glog
    - RCT-Folly/Default (= 2021.06.28.00-v2)
  - RCT-Folly/Default (2021.06.28.00-v2):
    - boost
    - DoubleConversion
    - fmt (~> 6.2.1)
    - glog
  - RCTRequired (0.69.4)
  - RCTTypeSafety (0.69.4):
    - FBLazyVector (= 0.69.4)
    - RCTRequired (= 0.69.4)
    - React-Core (= 0.69.4)
  - React (0.69.4):
    - React-Core (= 0.69.4)
    - React-Core/DevSupport (= 0.69.4)
    - React-Core/RCTWebSocket (= 0.69.4)
    - React-RCTActionSheet (= 0.69.4)
    - React-RCTAnimation (= 0.69.4)
    - React-RCTBlob (= 0.69.4)
    - React-RCTImage (= 0.69.4)
    - React-RCTLinking (= 0.69.4)
    - React-RCTNetwork (= 0.69.4)
    - React-RCTSettings (= 0.69.4)
    - React-RCTText (= 0.69.4)
    - React-RCTVibration (= 0.69.4)
  - React-bridging (0.69.4):
    - RCT-Folly (= 2021.06.28.00-v2)
    - React-jsi (= 0.69.4)
  - React-callinvoker (0.69.4)
  - React-Codegen (0.69.4):
    - FBReactNativeSpec (= 0.69.4)
    - RCT-Folly (= 2021.06.28.00-v2)
    - RCTRequired (= 0.69.4)
    - RCTTypeSafety (= 0.69.4)
    - React-Core (= 0.69.4)
    - React-jsi (= 0.69.4)
    - React-jsiexecutor (= 0.69.4)
    - ReactCommon/turbomodule/core (= 0.69.4)
  - React-Core (0.69.4):
    - glog
    - RCT-Folly (= 2021.06.28.00-v2)
    - React-Core/Default (= 0.69.4)
    - React-cxxreact (= 0.69.4)
    - React-jsi (= 0.69.4)
    - React-jsiexecutor (= 0.69.4)
    - React-perflogger (= 0.69.4)
    - Yoga
  - React-Core/CoreModulesHeaders (0.69.4):
    - glog
    - RCT-Folly (= 2021.06.28.00-v2)
    - React-Core/Default
    - React-cxxreact (= 0.69.4)
    - React-jsi (= 0.69.4)
    - React-jsiexecutor (= 0.69.4)
    - React-perflogger (= 0.69.4)
    - Yoga
  - React-Core/Default (0.69.4):
    - glog
    - RCT-Folly (= 2021.06.28.00-v2)
    - React-cxxreact (= 0.69.4)
    - React-jsi (= 0.69.4)
    - React-jsiexecutor (= 0.69.4)
    - React-perflogger (= 0.69.4)
    - Yoga
  - React-Core/DevSupport (0.69.4):
    - glog
    - RCT-Folly (= 2021.06.28.00-v2)
    - React-Core/Default (= 0.69.4)
    - React-Core/RCTWebSocket (= 0.69.4)
    - React-cxxreact (= 0.69.4)
    - React-jsi (= 0.69.4)
    - React-jsiexecutor (= 0.69.4)
    - React-jsinspector (= 0.69.4)
    - React-perflogger (= 0.69.4)
    - Yoga
  - React-Core/RCTActionSheetHeaders (0.69.4):
    - glog
    - RCT-Folly (= 2021.06.28.00-v2)
    - React-Core/Default
    - React-cxxreact (= 0.69.4)
    - React-jsi (= 0.69.4)
    - React-jsiexecutor (= 0.69.4)
    - React-perflogger (= 0.69.4)
    - Yoga
  - React-Core/RCTAnimationHeaders (0.69.4):
    - glog
    - RCT-Folly (= 2021.06.28.00-v2)
    - React-Core/Default
    - React-cxxreact (= 0.69.4)
    - React-jsi (= 0.69.4)
    - React-jsiexecutor (= 0.69.4)
    - React-perflogger (= 0.69.4)
    - Yoga
  - React-Core/RCTBlobHeaders (0.69.4):
    - glog
    - RCT-Folly (= 2021.06.28.00-v2)
    - React-Core/Default
    - React-cxxreact (= 0.69.4)
    - React-jsi (= 0.69.4)
    - React-jsiexecutor (= 0.69.4)
    - React-perflogger (= 0.69.4)
    - Yoga
  - React-Core/RCTImageHeaders (0.69.4):
    - glog
    - RCT-Folly (= 2021.06.28.00-v2)
    - React-Core/Default
    - React-cxxreact (= 0.69.4)
    - React-jsi (= 0.69.4)
    - React-jsiexecutor (= 0.69.4)
    - React-perflogger (= 0.69.4)
    - Yoga
  - React-Core/RCTLinkingHeaders (0.69.4):
    - glog
    - RCT-Folly (= 2021.06.28.00-v2)
    - React-Core/Default
    - React-cxxreact (= 0.69.4)
    - React-jsi (= 0.69.4)
    - React-jsiexecutor (= 0.69.4)
    - React-perflogger (= 0.69.4)
    - Yoga
  - React-Core/RCTNetworkHeaders (0.69.4):
    - glog
    - RCT-Folly (= 2021.06.28.00-v2)
    - React-Core/Default
    - React-cxxreact (= 0.69.4)
    - React-jsi (= 0.69.4)
    - React-jsiexecutor (= 0.69.4)
    - React-perflogger (= 0.69.4)
    - Yoga
  - React-Core/RCTSettingsHeaders (0.69.4):
    - glog
    - RCT-Folly (= 2021.06.28.00-v2)
    - React-Core/Default
    - React-cxxreact (= 0.69.4)
    - React-jsi (= 0.69.4)
    - React-jsiexecutor (= 0.69.4)
    - React-perflogger (= 0.69.4)
    - Yoga
  - React-Core/RCTTextHeaders (0.69.4):
    - glog
    - RCT-Folly (= 2021.06.28.00-v2)
    - React-Core/Default
    - React-cxxreact (= 0.69.4)
    - React-jsi (= 0.69.4)
    - React-jsiexecutor (= 0.69.4)
    - React-perflogger (= 0.69.4)
    - Yoga
  - React-Core/RCTVibrationHeaders (0.69.4):
    - glog
    - RCT-Folly (= 2021.06.28.00-v2)
    - React-Core/Default
    - React-cxxreact (= 0.69.4)
    - React-jsi (= 0.69.4)
    - React-jsiexecutor (= 0.69.4)
    - React-perflogger (= 0.69.4)
    - Yoga
  - React-Core/RCTWebSocket (0.69.4):
    - glog
    - RCT-Folly (= 2021.06.28.00-v2)
    - React-Core/Default (= 0.69.4)
    - React-cxxreact (= 0.69.4)
    - React-jsi (= 0.69.4)
    - React-jsiexecutor (= 0.69.4)
    - React-perflogger (= 0.69.4)
    - Yoga
  - React-CoreModules (0.69.4):
    - RCT-Folly (= 2021.06.28.00-v2)
    - RCTTypeSafety (= 0.69.4)
    - React-Codegen (= 0.69.4)
    - React-Core/CoreModulesHeaders (= 0.69.4)
    - React-jsi (= 0.69.4)
    - React-RCTImage (= 0.69.4)
    - ReactCommon/turbomodule/core (= 0.69.4)
  - React-cxxreact (0.69.4):
    - boost (= 1.76.0)
    - DoubleConversion
    - glog
    - RCT-Folly (= 2021.06.28.00-v2)
    - React-callinvoker (= 0.69.4)
    - React-jsi (= 0.69.4)
    - React-jsinspector (= 0.69.4)
    - React-logger (= 0.69.4)
    - React-perflogger (= 0.69.4)
    - React-runtimeexecutor (= 0.69.4)
  - React-jsi (0.69.4):
    - boost (= 1.76.0)
    - DoubleConversion
    - glog
    - RCT-Folly (= 2021.06.28.00-v2)
    - React-jsi/Default (= 0.69.4)
  - React-jsi/Default (0.69.4):
    - boost (= 1.76.0)
    - DoubleConversion
    - glog
    - RCT-Folly (= 2021.06.28.00-v2)
  - React-jsiexecutor (0.69.4):
    - DoubleConversion
    - glog
    - RCT-Folly (= 2021.06.28.00-v2)
    - React-cxxreact (= 0.69.4)
    - React-jsi (= 0.69.4)
    - React-perflogger (= 0.69.4)
  - React-jsinspector (0.69.4)
  - React-logger (0.69.4):
    - glog
  - react-native-actions-shortcuts (1.0.1):
    - React
  - react-native-background-actions (2.6.7):
    - React-Core
  - react-native-begin-background-task (0.1.0):
    - React
  - react-native-config (1.4.11):
    - react-native-config/App (= 1.4.11)
  - react-native-config/App (1.4.11):
    - React-Core
  - react-native-document-picker (7.1.3):
    - React-Core
  - react-native-fingerprint-scanner (5.0.0):
    - React-Core
  - react-native-get-random-values (1.8.0):
    - React-Core
  - react-native-html-to-pdf-lite (0.9.1):
    - React
  - react-native-image-picker (4.1.2):
    - React-Core
  - react-native-keep-awake (1.1.0):
    - React-Core
  - react-native-mmkv-storage (0.8.0):
    - MMKV (= 1.2.13)
    - React-Core
  - react-native-netinfo (6.2.1):
    - React-Core
  - react-native-orientation (3.1.3):
    - React
  - react-native-safe-area-context (4.4.1):
    - RCT-Folly
    - RCTRequired
    - RCTTypeSafety
    - React-Core
    - ReactCommon/turbomodule/core
  - react-native-sodium (1.0.0):
    - React
  - react-native-webview (11.23.1):
    - React-Core
  - React-perflogger (0.69.4)
  - React-RCTActionSheet (0.69.4):
    - React-Core/RCTActionSheetHeaders (= 0.69.4)
  - React-RCTAnimation (0.69.4):
    - RCT-Folly (= 2021.06.28.00-v2)
    - RCTTypeSafety (= 0.69.4)
    - React-Codegen (= 0.69.4)
    - React-Core/RCTAnimationHeaders (= 0.69.4)
    - React-jsi (= 0.69.4)
    - ReactCommon/turbomodule/core (= 0.69.4)
  - React-RCTBlob (0.69.4):
    - RCT-Folly (= 2021.06.28.00-v2)
    - React-Codegen (= 0.69.4)
    - React-Core/RCTBlobHeaders (= 0.69.4)
    - React-Core/RCTWebSocket (= 0.69.4)
    - React-jsi (= 0.69.4)
    - React-RCTNetwork (= 0.69.4)
    - ReactCommon/turbomodule/core (= 0.69.4)
  - React-RCTImage (0.69.4):
    - RCT-Folly (= 2021.06.28.00-v2)
    - RCTTypeSafety (= 0.69.4)
    - React-Codegen (= 0.69.4)
    - React-Core/RCTImageHeaders (= 0.69.4)
    - React-jsi (= 0.69.4)
    - React-RCTNetwork (= 0.69.4)
    - ReactCommon/turbomodule/core (= 0.69.4)
  - React-RCTLinking (0.69.4):
    - React-Codegen (= 0.69.4)
    - React-Core/RCTLinkingHeaders (= 0.69.4)
    - React-jsi (= 0.69.4)
    - ReactCommon/turbomodule/core (= 0.69.4)
  - React-RCTNetwork (0.69.4):
    - RCT-Folly (= 2021.06.28.00-v2)
    - RCTTypeSafety (= 0.69.4)
    - React-Codegen (= 0.69.4)
    - React-Core/RCTNetworkHeaders (= 0.69.4)
    - React-jsi (= 0.69.4)
    - ReactCommon/turbomodule/core (= 0.69.4)
  - React-RCTSettings (0.69.4):
    - RCT-Folly (= 2021.06.28.00-v2)
    - RCTTypeSafety (= 0.69.4)
    - React-Codegen (= 0.69.4)
    - React-Core/RCTSettingsHeaders (= 0.69.4)
    - React-jsi (= 0.69.4)
    - ReactCommon/turbomodule/core (= 0.69.4)
  - React-RCTText (0.69.4):
    - React-Core/RCTTextHeaders (= 0.69.4)
  - React-RCTVibration (0.69.4):
    - RCT-Folly (= 2021.06.28.00-v2)
    - React-Codegen (= 0.69.4)
    - React-Core/RCTVibrationHeaders (= 0.69.4)
    - React-jsi (= 0.69.4)
    - ReactCommon/turbomodule/core (= 0.69.4)
  - React-runtimeexecutor (0.69.4):
    - React-jsi (= 0.69.4)
  - ReactCommon/turbomodule/core (0.69.4):
    - DoubleConversion
    - glog
    - RCT-Folly (= 2021.06.28.00-v2)
    - React-bridging (= 0.69.4)
    - React-callinvoker (= 0.69.4)
    - React-Core (= 0.69.4)
    - React-cxxreact (= 0.69.4)
    - React-jsi (= 0.69.4)
    - React-logger (= 0.69.4)
    - React-perflogger (= 0.69.4)
  - ReactNativeExceptionHandler (2.10.10):
    - React-Core
  - rn-extensions-share (2.4.0):
    - React-Core
  - rn-fetch-blob (0.12.0):
    - React-Core
  - RNBootSplash (4.3.2):
    - React-Core
  - RNCCheckbox (0.5.12):
    - React-Core
  - RNCClipboard (1.11.1):
    - React-Core
  - RNCMaskedView (0.2.8):
    - React-Core
  - RNCPushNotificationIOS (1.10.1):
    - React-Core
  - RNDeviceInfo (8.7.1):
    - React-Core
  - RNExitApp (1.1.0):
    - React
  - RNFileViewer (2.1.5):
    - React-Core
  - RNGestureHandler (2.7.1):
    - React-Core
  - RNIap (5.2.14):
    - React-Core
  - RNKeychain (4.0.5):
    - React
  - RNPrivacySnapshot (1.0.0):
    - React-Core
  - RNReanimated (2.9.1):
    - DoubleConversion
    - FBLazyVector
    - FBReactNativeSpec
    - glog
    - RCT-Folly
    - RCTRequired
    - RCTTypeSafety
    - React-callinvoker
    - React-Core
    - React-Core/DevSupport
    - React-Core/RCTWebSocket
    - React-CoreModules
    - React-cxxreact
    - React-jsi
    - React-jsiexecutor
    - React-jsinspector
    - React-RCTActionSheet
    - React-RCTAnimation
    - React-RCTBlob
    - React-RCTImage
    - React-RCTLinking
    - React-RCTNetwork
    - React-RCTSettings
    - React-RCTText
    - ReactCommon/turbomodule/core
    - Yoga
  - RNScreens (3.18.2):
    - React-Core
    - React-RCTImage
  - RNSecureRandom (1.0.1):
    - React
  - RNShare (7.9.1):
    - React-Core
  - RNSVG (12.4.4):
    - React-Core
  - RNTooltips (1.0.3):
    - pop (~> 1.0)
    - React
    - SexyTooltip
  - RNVectorIcons (9.2.0):
    - React-Core
  - RNZipArchive (6.0.8):
    - React-Core
    - RNZipArchive/Core (= 6.0.8)
    - SSZipArchive (= 2.2.3)
  - RNZipArchive/Core (6.0.8):
    - React-Core
    - SSZipArchive (= 2.2.3)
  - SexyTooltip (1.2.5):
    - pop (~> 1.0)
  - SSZipArchive (2.2.3)
  - toolbar-android (0.2.1):
    - React
  - Yoga (1.14.0)

DEPENDENCIES:
  - Base64
  - boost (from `../../node_modules/react-native/third-party-podspecs/boost.podspec`)
  - "callstack-repack (from `../../node_modules/@callstack/repack`)"
  - DoubleConversion (from `../../node_modules/react-native/third-party-podspecs/DoubleConversion.podspec`)
  - FBLazyVector (from `../../node_modules/react-native/Libraries/FBLazyVector`)
  - FBReactNativeSpec (from `../../node_modules/react-native/React/FBReactNativeSpec`)
  - glog (from `../../node_modules/react-native/third-party-podspecs/glog.podspec`)
  - MMKV
  - RCT-Folly (from `../../node_modules/react-native/third-party-podspecs/RCT-Folly.podspec`)
  - RCTRequired (from `../../node_modules/react-native/Libraries/RCTRequired`)
  - RCTTypeSafety (from `../../node_modules/react-native/Libraries/TypeSafety`)
  - React (from `../../node_modules/react-native/`)
  - React-bridging (from `../../node_modules/react-native/ReactCommon`)
  - React-callinvoker (from `../../node_modules/react-native/ReactCommon/callinvoker`)
  - React-Codegen (from `build/generated/ios`)
  - React-Core (from `../../node_modules/react-native/`)
  - React-Core/RCTWebSocket (from `../../node_modules/react-native/`)
  - React-CoreModules (from `../../node_modules/react-native/React/CoreModules`)
  - React-cxxreact (from `../../node_modules/react-native/ReactCommon/cxxreact`)
  - React-jsi (from `../../node_modules/react-native/ReactCommon/jsi`)
  - React-jsiexecutor (from `../../node_modules/react-native/ReactCommon/jsiexecutor`)
  - React-jsinspector (from `../../node_modules/react-native/ReactCommon/jsinspector`)
  - React-logger (from `../../node_modules/react-native/ReactCommon/logger`)
  - react-native-actions-shortcuts (from `../../node_modules/react-native-actions-shortcuts`)
  - react-native-background-actions (from `../../node_modules/react-native-background-actions`)
  - react-native-begin-background-task (from `../../node_modules/react-native-begin-background-task`)
  - react-native-config (from `../../node_modules/react-native-config`)
  - react-native-document-picker (from `../../node_modules/react-native-document-picker`)
  - react-native-fingerprint-scanner (from `../../node_modules/react-native-fingerprint-scanner`)
  - react-native-get-random-values (from `../../node_modules/react-native-get-random-values`)
  - react-native-html-to-pdf-lite (from `../../node_modules/react-native-html-to-pdf-lite`)
  - react-native-image-picker (from `../../node_modules/react-native-image-picker`)
  - "react-native-keep-awake (from `../../node_modules/@sayem314/react-native-keep-awake`)"
  - react-native-mmkv-storage (from `../../node_modules/react-native-mmkv-storage`)
  - "react-native-netinfo (from `../../node_modules/@react-native-community/netinfo`)"
  - react-native-orientation (from `../../node_modules/react-native-orientation`)
  - react-native-safe-area-context (from `../../node_modules/react-native-safe-area-context`)
  - react-native-sodium (from `../../node_modules/react-native-sodium`)
  - react-native-webview (from `../../node_modules/react-native-webview`)
  - React-perflogger (from `../../node_modules/react-native/ReactCommon/reactperflogger`)
  - React-RCTActionSheet (from `../../node_modules/react-native/Libraries/ActionSheetIOS`)
  - React-RCTAnimation (from `../../node_modules/react-native/Libraries/NativeAnimation`)
  - React-RCTBlob (from `../../node_modules/react-native/Libraries/Blob`)
  - React-RCTImage (from `../../node_modules/react-native/Libraries/Image`)
  - React-RCTLinking (from `../../node_modules/react-native/Libraries/LinkingIOS`)
  - React-RCTNetwork (from `../../node_modules/react-native/Libraries/Network`)
  - React-RCTSettings (from `../../node_modules/react-native/Libraries/Settings`)
  - React-RCTText (from `../../node_modules/react-native/Libraries/Text`)
  - React-RCTVibration (from `../../node_modules/react-native/Libraries/Vibration`)
  - React-runtimeexecutor (from `../../node_modules/react-native/ReactCommon/runtimeexecutor`)
  - ReactCommon/turbomodule/core (from `../../node_modules/react-native/ReactCommon`)
  - ReactNativeExceptionHandler (from `../../node_modules/react-native-exception-handler`)
  - rn-extensions-share (from `../../node_modules/rn-extensions-share`)
  - rn-fetch-blob (from `../../node_modules/rn-fetch-blob`)
  - RNBootSplash (from `../../node_modules/react-native-bootsplash`)
  - "RNCCheckbox (from `../../node_modules/@react-native-community/checkbox`)"
  - "RNCClipboard (from `../../node_modules/@react-native-clipboard/clipboard`)"
  - "RNCMaskedView (from `../../node_modules/@react-native-masked-view/masked-view`)"
  - "RNCPushNotificationIOS (from `../../node_modules/@react-native-community/push-notification-ios`)"
  - RNDeviceInfo (from `../../node_modules/react-native-device-info`)
  - RNExitApp (from `../../node_modules/react-native-exit-app`)
  - RNFileViewer (from `../../node_modules/react-native-file-viewer`)
  - RNGestureHandler (from `../../node_modules/react-native-gesture-handler`)
  - RNIap (from `../../node_modules/react-native-iap`)
  - RNKeychain (from `../../node_modules/react-native-keychain`)
  - RNPrivacySnapshot (from `../../node_modules/react-native-privacy-snapshot`)
  - RNReanimated (from `../../node_modules/react-native-reanimated`)
  - RNScreens (from `../../node_modules/react-native-screens`)
  - RNSecureRandom (from `../../node_modules/react-native-securerandom`)
  - RNShare (from `../../node_modules/react-native-share`)
  - RNSVG (from `../../node_modules/react-native-svg`)
  - RNTooltips (from `../../node_modules/react-native-tooltips`)
  - RNVectorIcons (from `../../node_modules/react-native-vector-icons`)
  - RNZipArchive (from `../../node_modules/react-native-zip-archive`)
  - SexyTooltip (from `https://github.com/ammarahm-ed/SexyTooltip.git`)
  - "toolbar-android (from `../../node_modules/@react-native-community/toolbar-android`)"
  - Yoga (from `../../node_modules/react-native/ReactCommon/yoga`)

SPEC REPOS:
  trunk:
    - Base64
    - fmt
    - MMKV
    - MMKVCore
    - pop
    - SSZipArchive

EXTERNAL SOURCES:
  boost:
    :podspec: "../../node_modules/react-native/third-party-podspecs/boost.podspec"
  callstack-repack:
    :path: "../../node_modules/@callstack/repack"
  DoubleConversion:
    :podspec: "../../node_modules/react-native/third-party-podspecs/DoubleConversion.podspec"
  FBLazyVector:
    :path: "../../node_modules/react-native/Libraries/FBLazyVector"
  FBReactNativeSpec:
    :path: "../../node_modules/react-native/React/FBReactNativeSpec"
  glog:
    :podspec: "../../node_modules/react-native/third-party-podspecs/glog.podspec"
  RCT-Folly:
    :podspec: "../../node_modules/react-native/third-party-podspecs/RCT-Folly.podspec"
  RCTRequired:
    :path: "../../node_modules/react-native/Libraries/RCTRequired"
  RCTTypeSafety:
    :path: "../../node_modules/react-native/Libraries/TypeSafety"
  React:
    :path: "../../node_modules/react-native/"
  React-bridging:
    :path: "../../node_modules/react-native/ReactCommon"
  React-callinvoker:
    :path: "../../node_modules/react-native/ReactCommon/callinvoker"
  React-Codegen:
    :path: build/generated/ios
  React-Core:
    :path: "../../node_modules/react-native/"
  React-CoreModules:
    :path: "../../node_modules/react-native/React/CoreModules"
  React-cxxreact:
    :path: "../../node_modules/react-native/ReactCommon/cxxreact"
  React-jsi:
    :path: "../../node_modules/react-native/ReactCommon/jsi"
  React-jsiexecutor:
    :path: "../../node_modules/react-native/ReactCommon/jsiexecutor"
  React-jsinspector:
    :path: "../../node_modules/react-native/ReactCommon/jsinspector"
  React-logger:
    :path: "../../node_modules/react-native/ReactCommon/logger"
  react-native-actions-shortcuts:
    :path: "../../node_modules/react-native-actions-shortcuts"
  react-native-background-actions:
    :path: "../../node_modules/react-native-background-actions"
  react-native-begin-background-task:
    :path: "../../node_modules/react-native-begin-background-task"
  react-native-config:
    :path: "../../node_modules/react-native-config"
  react-native-document-picker:
    :path: "../../node_modules/react-native-document-picker"
  react-native-fingerprint-scanner:
    :path: "../../node_modules/react-native-fingerprint-scanner"
  react-native-get-random-values:
    :path: "../../node_modules/react-native-get-random-values"
  react-native-html-to-pdf-lite:
    :path: "../../node_modules/react-native-html-to-pdf-lite"
  react-native-image-picker:
    :path: "../../node_modules/react-native-image-picker"
  react-native-keep-awake:
    :path: "../../node_modules/@sayem314/react-native-keep-awake"
  react-native-mmkv-storage:
    :path: "../../node_modules/react-native-mmkv-storage"
  react-native-netinfo:
    :path: "../../node_modules/@react-native-community/netinfo"
  react-native-orientation:
    :path: "../../node_modules/react-native-orientation"
  react-native-safe-area-context:
    :path: "../../node_modules/react-native-safe-area-context"
  react-native-sodium:
    :path: "../../node_modules/react-native-sodium"
  react-native-webview:
    :path: "../../node_modules/react-native-webview"
  React-perflogger:
    :path: "../../node_modules/react-native/ReactCommon/reactperflogger"
  React-RCTActionSheet:
    :path: "../../node_modules/react-native/Libraries/ActionSheetIOS"
  React-RCTAnimation:
    :path: "../../node_modules/react-native/Libraries/NativeAnimation"
  React-RCTBlob:
    :path: "../../node_modules/react-native/Libraries/Blob"
  React-RCTImage:
    :path: "../../node_modules/react-native/Libraries/Image"
  React-RCTLinking:
    :path: "../../node_modules/react-native/Libraries/LinkingIOS"
  React-RCTNetwork:
    :path: "../../node_modules/react-native/Libraries/Network"
  React-RCTSettings:
    :path: "../../node_modules/react-native/Libraries/Settings"
  React-RCTText:
    :path: "../../node_modules/react-native/Libraries/Text"
  React-RCTVibration:
    :path: "../../node_modules/react-native/Libraries/Vibration"
  React-runtimeexecutor:
    :path: "../../node_modules/react-native/ReactCommon/runtimeexecutor"
  ReactCommon:
    :path: "../../node_modules/react-native/ReactCommon"
  ReactNativeExceptionHandler:
    :path: "../../node_modules/react-native-exception-handler"
  rn-extensions-share:
    :path: "../../node_modules/rn-extensions-share"
  rn-fetch-blob:
    :path: "../../node_modules/rn-fetch-blob"
  RNBootSplash:
    :path: "../../node_modules/react-native-bootsplash"
  RNCCheckbox:
    :path: "../../node_modules/@react-native-community/checkbox"
  RNCClipboard:
    :path: "../../node_modules/@react-native-clipboard/clipboard"
  RNCMaskedView:
    :path: "../../node_modules/@react-native-masked-view/masked-view"
  RNCPushNotificationIOS:
    :path: "../../node_modules/@react-native-community/push-notification-ios"
  RNDeviceInfo:
    :path: "../../node_modules/react-native-device-info"
  RNExitApp:
    :path: "../../node_modules/react-native-exit-app"
  RNFileViewer:
    :path: "../../node_modules/react-native-file-viewer"
  RNGestureHandler:
    :path: "../../node_modules/react-native-gesture-handler"
  RNIap:
    :path: "../../node_modules/react-native-iap"
  RNKeychain:
    :path: "../../node_modules/react-native-keychain"
  RNPrivacySnapshot:
    :path: "../../node_modules/react-native-privacy-snapshot"
  RNReanimated:
    :path: "../../node_modules/react-native-reanimated"
  RNScreens:
    :path: "../../node_modules/react-native-screens"
  RNSecureRandom:
    :path: "../../node_modules/react-native-securerandom"
  RNShare:
    :path: "../../node_modules/react-native-share"
  RNSVG:
    :path: "../../node_modules/react-native-svg"
  RNTooltips:
    :path: "../../node_modules/react-native-tooltips"
  RNVectorIcons:
    :path: "../../node_modules/react-native-vector-icons"
  RNZipArchive:
    :path: "../../node_modules/react-native-zip-archive"
  SexyTooltip:
    :git: https://github.com/ammarahm-ed/SexyTooltip.git
  toolbar-android:
    :path: "../../node_modules/@react-native-community/toolbar-android"
  Yoga:
    :path: "../../node_modules/react-native/ReactCommon/yoga"

CHECKOUT OPTIONS:
  SexyTooltip:
    :commit: bb13cf11a7c19b635f10047fc04d857dd6cb6553
    :git: https://github.com/ammarahm-ed/SexyTooltip.git

SPEC CHECKSUMS:
  Base64: cecfb41a004124895a7bcee567a89bae5a89d49b
  boost: a7c83b31436843459a1961bfd74b96033dc77234
  callstack-repack: 9e5425dfffeda7ea87b71729c4097141c7d8ce1c
  DoubleConversion: 5189b271737e1565bdce30deb4a08d647e3f5f54
  FBLazyVector: c71b8c429a8af2aff1013934a7152e9d9d0c937d
  FBReactNativeSpec: 27afe40d1013e4eb78dbac657709f851163c7c7e
  fmt: ff9d55029c625d3757ed641535fd4a75fedc7ce9
  glog: 3d02b25ca00c2d456734d0bcff864cbc62f6ae1a
  MMKV: aac95d817a100479445633f2b3ed8961b4ac5043
  MMKVCore: 3388952ded307e41b3ed8a05892736a236ed1b8e
  pop: d582054913807fd11fd50bfe6a539d91c7e1a55a
  RCT-Folly: b9d9fe1fc70114b751c076104e52f3b1b5e5a95a
  RCTRequired: bd9d2ab0fda10171fcbcf9ba61a7df4dc15a28f4
  RCTTypeSafety: e44e139bf6ec8042db396201834fc2372f6a21cd
  React: 482cd1ba23c471be1aed3800180be2427418d7be
  React-bridging: c2ea4fed6fe4ed27c12fd71e88b5d5d3da107fde
  React-callinvoker: d4d1f98163fb5e35545e910415ef6c04796bb188
  React-Codegen: 9cb8451d5b81b95b961e7ba7188efa09c3fbfc83
  React-Core: 4d3443a45b67c71d74d7243ddde9569d1e4f4fad
  React-CoreModules: 70be25399366b5632ab18ecf6fe444a8165a7bea
  React-cxxreact: 822d3794fc0bf206f4691592f90e086dd4f92228
  React-jsi: ffa51cbc9a78cc156cf61f79ed52ecb76dc6013b
  React-jsiexecutor: a27badbbdbc0ff781813370736a2d1c7261181d4
  React-jsinspector: 8a3d3f5dcd23a91e8c80b1bf0e96902cd1dca999
  React-logger: 1088859f145b8f6dd0d3ed051a647ef0e3e80fad
  react-native-actions-shortcuts: 5d9cf0c9c308333dfcc1e05c3f9afa8c428e2533
  react-native-background-actions: 2c251c986f23347f9c1722f05fd296938f60edb1
  react-native-begin-background-task: 3b889e07458afc5822a7277cf9cbc7cd077e39ee
  react-native-config: bcafda5b4c51491ee1b0e1d0c4e3905bc7b56c1b
  react-native-document-picker: ec07866a30707f23660c0f3ae591d669d3e89096
  react-native-fingerprint-scanner: be63e626b31fb951780a5fac5328b065a61a3d6e
  react-native-get-random-values: a6ea6a8a65dc93e96e24a11105b1a9c8cfe1d72a
  react-native-html-to-pdf-lite: 21bfb169bf4cbcd7bec9f736975ee1b3f5292d4a
  react-native-image-picker: 9c8a2687b69300ad9e95cec5d38f35ab9d32467d
  react-native-keep-awake: acbee258db16483744910f0da3ace39eb9ab47fd
  react-native-mmkv-storage: 8ba3c0216a6df283ece11205b442a3e435aec4e5
  react-native-netinfo: 3d3769f0d65de15c83a9bf1346f8be71de5a24bf
  react-native-orientation: f1caf84d65f1a4fd4511a18f2b924e634ad7a628
  react-native-safe-area-context: 99b24a0c5acd0d5dcac2b1a7f18c49ea317be99a
  react-native-sodium: 5d17851375e399a532d3c571d0703de4312da31c
  react-native-webview: d33e2db8925d090871ffeb232dfa50cb3a727581
  React-perflogger: cb386fd44c97ec7f8199c04c12b22066b0f2e1e0
  React-RCTActionSheet: f803a85e46cf5b4066c2ac5e122447f918e9c6e5
  React-RCTAnimation: 19c80fa950ccce7f4db76a2a7f2cf79baae07fc7
  React-RCTBlob: f36ab97e2d515c36df14a1571e50056be80413d5
  React-RCTImage: 2c8f0a329a116248e82f8972ffe806e47c6d1cfa
  React-RCTLinking: 670f0223075aff33be3b89714f1da4f5343fc4af
  React-RCTNetwork: 09385b73f4ff1f46bd5d749540fb33f69a7e5908
  React-RCTSettings: 33b12d3ac7a1f2eba069ec7bd1b84345263b3bbe
  React-RCTText: a1a3ea902403bd9ae4cf6f7960551dc1d25711b5
  React-RCTVibration: 9adb4a3cbb598d1bbd46a05256f445e4b8c70603
  React-runtimeexecutor: 61ee22a8cdf8b6bb2a7fb7b4ba2cc763e5285196
  ReactCommon: 8f67bd7e0a6afade0f20718f859dc8c2275f2e83
  ReactNativeExceptionHandler: b11ff67c78802b2f62eed0e10e75cb1ef7947c60
  rn-extensions-share: 3f0ecce20dfbca1f0358deb4ebfb9ee121a6d92a
  rn-fetch-blob: f065bb7ab7fb48dd002629f8bdcb0336602d3cba
  RNBootSplash: 5f346163977573d6b2aeba1b25df9d2245c0d73c
  RNCCheckbox: ed1b4ca295475b41e7251ebae046360a703b6eb5
  RNCClipboard: 2834e1c4af68697089cdd455ee4a4cdd198fa7dd
  RNCMaskedView: bc0170f389056201c82a55e242e5d90070e18e5a
  RNCPushNotificationIOS: 87b8d16d3ede4532745e05b03c42cff33a36cc45
  RNDeviceInfo: aad3c663b25752a52bf8fce93f2354001dd185aa
  RNExitApp: c4e052df2568b43bec8a37c7cd61194d4cfee2c3
  RNFileViewer: ce7ca3ac370e18554d35d6355cffd7c30437c592
  RNGestureHandler: b7a872907ee289ada902127f2554fa1d2c076122
  RNIap: f00befe6581a5953191108cb97d9b3872473337b
  RNKeychain: 840f8e6f13be0576202aefcdffd26a4f54bfe7b5
  RNPrivacySnapshot: 8eaf571478a353f2e5184f5c803164f22428b023
  RNReanimated: 2cf7451318bb9cc430abeec8d67693f9cf4e039c
  RNScreens: 34cc502acf1b916c582c60003dc3089fa01dc66d
  RNSecureRandom: 07efbdf2cd99efe13497433668e54acd7df49fef
  RNShare: a5dc3b9c53ddc73e155b8cd9a94c70c91913c43c
  RNSVG: ecd661f380a07ba690c9c5929c475a44f432d674
  RNTooltips: 5424d4bf0b3d441104127943b1115cc7f0616b1f
  RNVectorIcons: fcc2f6cb32f5735b586e66d14103a74ce6ad61f8
  RNZipArchive: 3f89b114cfeb89dac027fc5c7afd7e58d3dc4ebf
  SexyTooltip: 5c9b4dec52bfb317938cb0488efd9da3717bb6fd
  SSZipArchive: 62d4947b08730e4cda640473b0066d209ff033c9
  toolbar-android: 2a73856e98b750d7e71ce4644d3f41cc98211719
  Yoga: ff994563b2fd98c982ca58e8cd9db2cdaf4dda74

PODFILE CHECKSUM: ea431d42176787211e07fa94076836be481c8bb8

COCOAPODS: 1.11.3
