PODS:
  - Base64 (1.1.2)
  - boost (1.76.0)
  - callstack-repack (3.0.0):
    - React-Core
  - DoubleConversion (1.1.6)
  - FBLazyVector (0.69.7)
  - FBReactNativeSpec (0.69.7):
    - RCT-Folly (= 2021.06.28.00-v2)
    - RCTRequired (= 0.69.7)
    - RCTTypeSafety (= 0.69.7)
    - React-Core (= 0.69.7)
    - React-jsi (= 0.69.7)
    - ReactCommon/turbomodule/core (= 0.69.7)
  - fmt (6.2.1)
  - glog (0.3.5)
  - GZIP (1.3.0)
  - MMKV (1.2.13):
    - MMKVCore (~> 1.2.13)
  - MMKVCore (1.2.13)
  - pop (1.0.12)
  - RCT-Folly (2021.06.28.00-v2):
    - boost
    - DoubleConversion
    - fmt (~> 6.2.1)
    - glog
    - RCT-Folly/Default (= 2021.06.28.00-v2)
  - RCT-Folly/Default (2021.06.28.00-v2):
    - boost
    - DoubleConversion
    - fmt (~> 6.2.1)
    - glog
  - RCTRequired (0.69.7)
  - RCTTypeSafety (0.69.7):
    - FBLazyVector (= 0.69.7)
    - RCTRequired (= 0.69.7)
    - React-Core (= 0.69.7)
  - React (0.69.7):
    - React-Core (= 0.69.7)
    - React-Core/DevSupport (= 0.69.7)
    - React-Core/RCTWebSocket (= 0.69.7)
    - React-RCTActionSheet (= 0.69.7)
    - React-RCTAnimation (= 0.69.7)
    - React-RCTBlob (= 0.69.7)
    - React-RCTImage (= 0.69.7)
    - React-RCTLinking (= 0.69.7)
    - React-RCTNetwork (= 0.69.7)
    - React-RCTSettings (= 0.69.7)
    - React-RCTText (= 0.69.7)
    - React-RCTVibration (= 0.69.7)
  - React-bridging (0.69.7):
    - RCT-Folly (= 2021.06.28.00-v2)
    - React-jsi (= 0.69.7)
  - React-callinvoker (0.69.7)
  - React-Codegen (0.69.7):
    - FBReactNativeSpec (= 0.69.7)
    - RCT-Folly (= 2021.06.28.00-v2)
    - RCTRequired (= 0.69.7)
    - RCTTypeSafety (= 0.69.7)
    - React-Core (= 0.69.7)
    - React-jsi (= 0.69.7)
    - React-jsiexecutor (= 0.69.7)
    - ReactCommon/turbomodule/core (= 0.69.7)
  - React-Core (0.69.7):
    - glog
    - RCT-Folly (= 2021.06.28.00-v2)
    - React-Core/Default (= 0.69.7)
    - React-cxxreact (= 0.69.7)
    - React-jsi (= 0.69.7)
    - React-jsiexecutor (= 0.69.7)
    - React-perflogger (= 0.69.7)
    - Yoga
  - React-Core/CoreModulesHeaders (0.69.7):
    - glog
    - RCT-Folly (= 2021.06.28.00-v2)
    - React-Core/Default
    - React-cxxreact (= 0.69.7)
    - React-jsi (= 0.69.7)
    - React-jsiexecutor (= 0.69.7)
    - React-perflogger (= 0.69.7)
    - Yoga
  - React-Core/Default (0.69.7):
    - glog
    - RCT-Folly (= 2021.06.28.00-v2)
    - React-cxxreact (= 0.69.7)
    - React-jsi (= 0.69.7)
    - React-jsiexecutor (= 0.69.7)
    - React-perflogger (= 0.69.7)
    - Yoga
  - React-Core/DevSupport (0.69.7):
    - glog
    - RCT-Folly (= 2021.06.28.00-v2)
    - React-Core/Default (= 0.69.7)
    - React-Core/RCTWebSocket (= 0.69.7)
    - React-cxxreact (= 0.69.7)
    - React-jsi (= 0.69.7)
    - React-jsiexecutor (= 0.69.7)
    - React-jsinspector (= 0.69.7)
    - React-perflogger (= 0.69.7)
    - Yoga
  - React-Core/RCTActionSheetHeaders (0.69.7):
    - glog
    - RCT-Folly (= 2021.06.28.00-v2)
    - React-Core/Default
    - React-cxxreact (= 0.69.7)
    - React-jsi (= 0.69.7)
    - React-jsiexecutor (= 0.69.7)
    - React-perflogger (= 0.69.7)
    - Yoga
  - React-Core/RCTAnimationHeaders (0.69.7):
    - glog
    - RCT-Folly (= 2021.06.28.00-v2)
    - React-Core/Default
    - React-cxxreact (= 0.69.7)
    - React-jsi (= 0.69.7)
    - React-jsiexecutor (= 0.69.7)
    - React-perflogger (= 0.69.7)
    - Yoga
  - React-Core/RCTBlobHeaders (0.69.7):
    - glog
    - RCT-Folly (= 2021.06.28.00-v2)
    - React-Core/Default
    - React-cxxreact (= 0.69.7)
    - React-jsi (= 0.69.7)
    - React-jsiexecutor (= 0.69.7)
    - React-perflogger (= 0.69.7)
    - Yoga
  - React-Core/RCTImageHeaders (0.69.7):
    - glog
    - RCT-Folly (= 2021.06.28.00-v2)
    - React-Core/Default
    - React-cxxreact (= 0.69.7)
    - React-jsi (= 0.69.7)
    - React-jsiexecutor (= 0.69.7)
    - React-perflogger (= 0.69.7)
    - Yoga
  - React-Core/RCTLinkingHeaders (0.69.7):
    - glog
    - RCT-Folly (= 2021.06.28.00-v2)
    - React-Core/Default
    - React-cxxreact (= 0.69.7)
    - React-jsi (= 0.69.7)
    - React-jsiexecutor (= 0.69.7)
    - React-perflogger (= 0.69.7)
    - Yoga
  - React-Core/RCTNetworkHeaders (0.69.7):
    - glog
    - RCT-Folly (= 2021.06.28.00-v2)
    - React-Core/Default
    - React-cxxreact (= 0.69.7)
    - React-jsi (= 0.69.7)
    - React-jsiexecutor (= 0.69.7)
    - React-perflogger (= 0.69.7)
    - Yoga
  - React-Core/RCTSettingsHeaders (0.69.7):
    - glog
    - RCT-Folly (= 2021.06.28.00-v2)
    - React-Core/Default
    - React-cxxreact (= 0.69.7)
    - React-jsi (= 0.69.7)
    - React-jsiexecutor (= 0.69.7)
    - React-perflogger (= 0.69.7)
    - Yoga
  - React-Core/RCTTextHeaders (0.69.7):
    - glog
    - RCT-Folly (= 2021.06.28.00-v2)
    - React-Core/Default
    - React-cxxreact (= 0.69.7)
    - React-jsi (= 0.69.7)
    - React-jsiexecutor (= 0.69.7)
    - React-perflogger (= 0.69.7)
    - Yoga
  - React-Core/RCTVibrationHeaders (0.69.7):
    - glog
    - RCT-Folly (= 2021.06.28.00-v2)
    - React-Core/Default
    - React-cxxreact (= 0.69.7)
    - React-jsi (= 0.69.7)
    - React-jsiexecutor (= 0.69.7)
    - React-perflogger (= 0.69.7)
    - Yoga
  - React-Core/RCTWebSocket (0.69.7):
    - glog
    - RCT-Folly (= 2021.06.28.00-v2)
    - React-Core/Default (= 0.69.7)
    - React-cxxreact (= 0.69.7)
    - React-jsi (= 0.69.7)
    - React-jsiexecutor (= 0.69.7)
    - React-perflogger (= 0.69.7)
    - Yoga
  - React-CoreModules (0.69.7):
    - RCT-Folly (= 2021.06.28.00-v2)
    - RCTTypeSafety (= 0.69.7)
    - React-Codegen (= 0.69.7)
    - React-Core/CoreModulesHeaders (= 0.69.7)
    - React-jsi (= 0.69.7)
    - React-RCTImage (= 0.69.7)
    - ReactCommon/turbomodule/core (= 0.69.7)
  - React-cxxreact (0.69.7):
    - boost (= 1.76.0)
    - DoubleConversion
    - glog
    - RCT-Folly (= 2021.06.28.00-v2)
    - React-callinvoker (= 0.69.7)
    - React-jsi (= 0.69.7)
    - React-jsinspector (= 0.69.7)
    - React-logger (= 0.69.7)
    - React-perflogger (= 0.69.7)
    - React-runtimeexecutor (= 0.69.7)
  - React-jsi (0.69.7):
    - boost (= 1.76.0)
    - DoubleConversion
    - glog
    - RCT-Folly (= 2021.06.28.00-v2)
    - React-jsi/Default (= 0.69.7)
  - React-jsi/Default (0.69.7):
    - boost (= 1.76.0)
    - DoubleConversion
    - glog
    - RCT-Folly (= 2021.06.28.00-v2)
  - React-jsiexecutor (0.69.7):
    - DoubleConversion
    - glog
    - RCT-Folly (= 2021.06.28.00-v2)
    - React-cxxreact (= 0.69.7)
    - React-jsi (= 0.69.7)
    - React-perflogger (= 0.69.7)
  - React-jsinspector (0.69.7)
  - React-logger (0.69.7):
    - glog
  - react-native-actions-shortcuts (1.0.1):
    - React
  - react-native-background-actions (2.6.7):
    - React-Core
  - react-native-begin-background-task (0.1.0):
    - React
  - react-native-config (1.4.11):
    - react-native-config/App (= 1.4.11)
  - react-native-config/App (1.4.11):
    - React-Core
  - react-native-date-picker (4.2.6):
    - React-Core
  - react-native-document-picker (7.1.3):
    - React-Core
  - react-native-fingerprint-scanner (5.0.0):
    - React-Core
  - react-native-get-random-values (1.8.0):
    - React-Core
  - react-native-gzip (1.0.0):
    - Base64
    - GZIP
    - React-Core
  - react-native-html-to-pdf-lite (0.9.1):
    - React
  - react-native-image-picker (4.1.2):
    - React-Core
  - react-native-image-resizer (3.0.5):
    - React-Core
  - react-native-keep-awake (1.1.0):
    - React-Core
  - react-native-mmkv-storage (0.8.0):
    - MMKV (= 1.2.13)
    - React-Core
  - react-native-netinfo (9.3.7):
    - React-Core
  - react-native-notification-sounds (0.5.5):
    - React
  - react-native-orientation (3.1.3):
    - React
  - react-native-safe-area-context (4.4.1):
    - RCT-Folly
    - RCTRequired
    - RCTTypeSafety
    - React-Core
    - ReactCommon/turbomodule/core
  - react-native-sodium (1.3.0):
    - React
  - react-native-webview (11.23.1):
    - React-Core
  - React-perflogger (0.69.7)
  - React-RCTActionSheet (0.69.7):
    - React-Core/RCTActionSheetHeaders (= 0.69.7)
  - React-RCTAnimation (0.69.7):
    - RCT-Folly (= 2021.06.28.00-v2)
    - RCTTypeSafety (= 0.69.7)
    - React-Codegen (= 0.69.7)
    - React-Core/RCTAnimationHeaders (= 0.69.7)
    - React-jsi (= 0.69.7)
    - ReactCommon/turbomodule/core (= 0.69.7)
  - React-RCTBlob (0.69.7):
    - RCT-Folly (= 2021.06.28.00-v2)
    - React-Codegen (= 0.69.7)
    - React-Core/RCTBlobHeaders (= 0.69.7)
    - React-Core/RCTWebSocket (= 0.69.7)
    - React-jsi (= 0.69.7)
    - React-RCTNetwork (= 0.69.7)
    - ReactCommon/turbomodule/core (= 0.69.7)
  - React-RCTImage (0.69.7):
    - RCT-Folly (= 2021.06.28.00-v2)
    - RCTTypeSafety (= 0.69.7)
    - React-Codegen (= 0.69.7)
    - React-Core/RCTImageHeaders (= 0.69.7)
    - React-jsi (= 0.69.7)
    - React-RCTNetwork (= 0.69.7)
    - ReactCommon/turbomodule/core (= 0.69.7)
  - React-RCTLinking (0.69.7):
    - React-Codegen (= 0.69.7)
    - React-Core/RCTLinkingHeaders (= 0.69.7)
    - React-jsi (= 0.69.7)
    - ReactCommon/turbomodule/core (= 0.69.7)
  - React-RCTNetwork (0.69.7):
    - RCT-Folly (= 2021.06.28.00-v2)
    - RCTTypeSafety (= 0.69.7)
    - React-Codegen (= 0.69.7)
    - React-Core/RCTNetworkHeaders (= 0.69.7)
    - React-jsi (= 0.69.7)
    - ReactCommon/turbomodule/core (= 0.69.7)
  - React-RCTSettings (0.69.7):
    - RCT-Folly (= 2021.06.28.00-v2)
    - RCTTypeSafety (= 0.69.7)
    - React-Codegen (= 0.69.7)
    - React-Core/RCTSettingsHeaders (= 0.69.7)
    - React-jsi (= 0.69.7)
    - ReactCommon/turbomodule/core (= 0.69.7)
  - React-RCTText (0.69.7):
    - React-Core/RCTTextHeaders (= 0.69.7)
  - React-RCTVibration (0.69.7):
    - RCT-Folly (= 2021.06.28.00-v2)
    - React-Codegen (= 0.69.7)
    - React-Core/RCTVibrationHeaders (= 0.69.7)
    - React-jsi (= 0.69.7)
    - ReactCommon/turbomodule/core (= 0.69.7)
  - React-runtimeexecutor (0.69.7):
    - React-jsi (= 0.69.7)
  - ReactCommon/turbomodule/core (0.69.7):
    - DoubleConversion
    - glog
    - RCT-Folly (= 2021.06.28.00-v2)
    - React-bridging (= 0.69.7)
    - React-callinvoker (= 0.69.7)
    - React-Core (= 0.69.7)
    - React-cxxreact (= 0.69.7)
    - React-jsi (= 0.69.7)
    - React-logger (= 0.69.7)
    - React-perflogger (= 0.69.7)
  - rn-extensions-share (2.4.0):
    - React-Core
  - rn-fetch-blob (0.12.0):
    - React-Core
  - RNBootSplash (4.3.2):
    - React-Core
  - RNCCheckbox (0.5.12):
    - React-Core
  - RNCClipboard (1.11.1):
    - React-Core
  - RNCMaskedView (0.2.8):
    - React-Core
  - RNDateTimePicker (6.6.0):
    - React-Core
  - RNDeviceInfo (8.7.1):
    - React-Core
  - RNExitApp (1.1.0):
    - React
  - RNFileViewer (2.1.5):
    - React-Core
  - RNFlashList (1.4.0):
    - React-Core
  - RNGestureHandler (2.7.1):
    - React-Core
  - RNIap (7.5.6):
    - React-Core
  - RNKeychain (4.0.5):
    - React
  - RNNotifee (7.4.4):
    - React-Core
    - RNNotifee/NotifeeCore (= 7.4.4)
  - RNNotifee/NotifeeCore (7.4.4):
    - React-Core
  - RNPrivacySnapshot (1.0.0):
    - React-Core
  - RNReanimated (2.13.0):
    - DoubleConversion
    - FBLazyVector
    - FBReactNativeSpec
    - glog
    - RCT-Folly
    - RCTRequired
    - RCTTypeSafety
    - React-callinvoker
    - React-Core
    - React-Core/DevSupport
    - React-Core/RCTWebSocket
    - React-CoreModules
    - React-cxxreact
    - React-jsi
    - React-jsiexecutor
    - React-jsinspector
    - React-RCTActionSheet
    - React-RCTAnimation
    - React-RCTBlob
    - React-RCTImage
    - React-RCTLinking
    - React-RCTNetwork
    - React-RCTSettings
    - React-RCTText
    - ReactCommon/turbomodule/core
    - Yoga
  - RNScreens (3.18.2):
    - React-Core
    - React-RCTImage
  - RNSecureRandom (1.0.1):
    - React
  - RNShare (7.9.1):
    - React-Core
  - RNSVG (12.4.4):
    - React-Core
  - RNTooltips (1.0.3):
    - pop (~> 1.0)
    - React
    - SexyTooltip
  - RNVectorIcons (9.2.0):
    - React-Core
  - SexyTooltip (1.2.5):
    - pop (~> 1.0)
  - toolbar-android (0.2.1):
    - React
  - Yoga (1.14.0)

DEPENDENCIES:
  - Base64
  - boost (from `../../node_modules/react-native/third-party-podspecs/boost.podspec`)
  - "callstack-repack (from `../../node_modules/@callstack/repack`)"
  - DoubleConversion (from `../../node_modules/react-native/third-party-podspecs/DoubleConversion.podspec`)
  - FBLazyVector (from `../../node_modules/react-native/Libraries/FBLazyVector`)
  - FBReactNativeSpec (from `../../node_modules/react-native/React/FBReactNativeSpec`)
  - glog (from `../../node_modules/react-native/third-party-podspecs/glog.podspec`)
  - MMKV
  - RCT-Folly (from `../../node_modules/react-native/third-party-podspecs/RCT-Folly.podspec`)
  - RCTRequired (from `../../node_modules/react-native/Libraries/RCTRequired`)
  - RCTTypeSafety (from `../../node_modules/react-native/Libraries/TypeSafety`)
  - React (from `../../node_modules/react-native/`)
  - React-bridging (from `../../node_modules/react-native/ReactCommon`)
  - React-callinvoker (from `../../node_modules/react-native/ReactCommon/callinvoker`)
  - React-Codegen (from `build/generated/ios`)
  - React-Core (from `../../node_modules/react-native/`)
  - React-Core/RCTWebSocket (from `../../node_modules/react-native/`)
  - React-CoreModules (from `../../node_modules/react-native/React/CoreModules`)
  - React-cxxreact (from `../../node_modules/react-native/ReactCommon/cxxreact`)
  - React-jsi (from `../../node_modules/react-native/ReactCommon/jsi`)
  - React-jsiexecutor (from `../../node_modules/react-native/ReactCommon/jsiexecutor`)
  - React-jsinspector (from `../../node_modules/react-native/ReactCommon/jsinspector`)
  - React-logger (from `../../node_modules/react-native/ReactCommon/logger`)
  - react-native-actions-shortcuts (from `../../node_modules/react-native-actions-shortcuts`)
  - react-native-background-actions (from `../../node_modules/react-native-background-actions`)
  - react-native-begin-background-task (from `../../node_modules/react-native-begin-background-task`)
  - react-native-config (from `../../node_modules/react-native-config`)
  - react-native-date-picker (from `../../node_modules/react-native-date-picker`)
  - react-native-document-picker (from `../../node_modules/react-native-document-picker`)
  - react-native-fingerprint-scanner (from `../../node_modules/react-native-fingerprint-scanner`)
  - react-native-get-random-values (from `../../node_modules/react-native-get-random-values`)
  - react-native-gzip (from `../../node_modules/react-native-gzip`)
  - react-native-html-to-pdf-lite (from `../../node_modules/react-native-html-to-pdf-lite`)
  - react-native-image-picker (from `../../node_modules/react-native-image-picker`)
  - "react-native-image-resizer (from `../../node_modules/@bam.tech/react-native-image-resizer`)"
  - "react-native-keep-awake (from `../../node_modules/@sayem314/react-native-keep-awake`)"
  - react-native-mmkv-storage (from `../../node_modules/react-native-mmkv-storage`)
  - "react-native-netinfo (from `../../node_modules/@react-native-community/netinfo`)"
  - react-native-notification-sounds (from `../../node_modules/react-native-notification-sounds`)
  - react-native-orientation (from `../../node_modules/react-native-orientation`)
  - react-native-safe-area-context (from `../../node_modules/react-native-safe-area-context`)
  - "react-native-sodium (from `../../node_modules/@ammarahmed/react-native-sodium`)"
  - react-native-webview (from `../../node_modules/react-native-webview`)
  - React-perflogger (from `../../node_modules/react-native/ReactCommon/reactperflogger`)
  - React-RCTActionSheet (from `../../node_modules/react-native/Libraries/ActionSheetIOS`)
  - React-RCTAnimation (from `../../node_modules/react-native/Libraries/NativeAnimation`)
  - React-RCTBlob (from `../../node_modules/react-native/Libraries/Blob`)
  - React-RCTImage (from `../../node_modules/react-native/Libraries/Image`)
  - React-RCTLinking (from `../../node_modules/react-native/Libraries/LinkingIOS`)
  - React-RCTNetwork (from `../../node_modules/react-native/Libraries/Network`)
  - React-RCTSettings (from `../../node_modules/react-native/Libraries/Settings`)
  - React-RCTText (from `../../node_modules/react-native/Libraries/Text`)
  - React-RCTVibration (from `../../node_modules/react-native/Libraries/Vibration`)
  - React-runtimeexecutor (from `../../node_modules/react-native/ReactCommon/runtimeexecutor`)
  - ReactCommon/turbomodule/core (from `../../node_modules/react-native/ReactCommon`)
  - rn-extensions-share (from `../../node_modules/rn-extensions-share`)
  - rn-fetch-blob (from `../../node_modules/rn-fetch-blob`)
  - RNBootSplash (from `../../node_modules/react-native-bootsplash`)
  - "RNCCheckbox (from `../../node_modules/@react-native-community/checkbox`)"
  - "RNCClipboard (from `../../node_modules/@react-native-clipboard/clipboard`)"
  - "RNCMaskedView (from `../../node_modules/@react-native-masked-view/masked-view`)"
  - "RNDateTimePicker (from `../../node_modules/@react-native-community/datetimepicker`)"
  - RNDeviceInfo (from `../../node_modules/react-native-device-info`)
  - RNExitApp (from `../../node_modules/react-native-exit-app`)
  - RNFileViewer (from `../../node_modules/react-native-file-viewer`)
  - "RNFlashList (from `../../node_modules/@shopify/flash-list`)"
  - RNGestureHandler (from `../../node_modules/react-native-gesture-handler`)
  - RNIap (from `../../node_modules/react-native-iap`)
  - RNKeychain (from `../../node_modules/react-native-keychain`)
  - "RNNotifee (from `../../node_modules/@ammarahmed/notifee-react-native`)"
  - RNPrivacySnapshot (from `../../node_modules/react-native-privacy-snapshot`)
  - RNReanimated (from `../../node_modules/react-native-reanimated`)
  - RNScreens (from `../../node_modules/react-native-screens`)
  - RNSecureRandom (from `../../node_modules/react-native-securerandom`)
  - RNShare (from `../../node_modules/react-native-share`)
  - RNSVG (from `../../node_modules/react-native-svg`)
  - RNTooltips (from `../../node_modules/react-native-tooltips`)
  - RNVectorIcons (from `../../node_modules/react-native-vector-icons`)
  - SexyTooltip (from `https://github.com/ammarahm-ed/SexyTooltip.git`)
  - "toolbar-android (from `../../node_modules/@react-native-community/toolbar-android`)"
  - Yoga (from `../../node_modules/react-native/ReactCommon/yoga`)

SPEC REPOS:
  trunk:
    - Base64
    - fmt
    - GZIP
    - MMKV
    - MMKVCore
    - pop

EXTERNAL SOURCES:
  boost:
    :podspec: "../../node_modules/react-native/third-party-podspecs/boost.podspec"
  callstack-repack:
    :path: "../../node_modules/@callstack/repack"
  DoubleConversion:
    :podspec: "../../node_modules/react-native/third-party-podspecs/DoubleConversion.podspec"
  FBLazyVector:
    :path: "../../node_modules/react-native/Libraries/FBLazyVector"
  FBReactNativeSpec:
    :path: "../../node_modules/react-native/React/FBReactNativeSpec"
  glog:
    :podspec: "../../node_modules/react-native/third-party-podspecs/glog.podspec"
  RCT-Folly:
    :podspec: "../../node_modules/react-native/third-party-podspecs/RCT-Folly.podspec"
  RCTRequired:
    :path: "../../node_modules/react-native/Libraries/RCTRequired"
  RCTTypeSafety:
    :path: "../../node_modules/react-native/Libraries/TypeSafety"
  React:
    :path: "../../node_modules/react-native/"
  React-bridging:
    :path: "../../node_modules/react-native/ReactCommon"
  React-callinvoker:
    :path: "../../node_modules/react-native/ReactCommon/callinvoker"
  React-Codegen:
    :path: build/generated/ios
  React-Core:
    :path: "../../node_modules/react-native/"
  React-CoreModules:
    :path: "../../node_modules/react-native/React/CoreModules"
  React-cxxreact:
    :path: "../../node_modules/react-native/ReactCommon/cxxreact"
  React-jsi:
    :path: "../../node_modules/react-native/ReactCommon/jsi"
  React-jsiexecutor:
    :path: "../../node_modules/react-native/ReactCommon/jsiexecutor"
  React-jsinspector:
    :path: "../../node_modules/react-native/ReactCommon/jsinspector"
  React-logger:
    :path: "../../node_modules/react-native/ReactCommon/logger"
  react-native-actions-shortcuts:
    :path: "../../node_modules/react-native-actions-shortcuts"
  react-native-background-actions:
    :path: "../../node_modules/react-native-background-actions"
  react-native-begin-background-task:
    :path: "../../node_modules/react-native-begin-background-task"
  react-native-config:
    :path: "../../node_modules/react-native-config"
  react-native-date-picker:
    :path: "../../node_modules/react-native-date-picker"
  react-native-document-picker:
    :path: "../../node_modules/react-native-document-picker"
  react-native-fingerprint-scanner:
    :path: "../../node_modules/react-native-fingerprint-scanner"
  react-native-get-random-values:
    :path: "../../node_modules/react-native-get-random-values"
  react-native-gzip:
    :path: "../../node_modules/react-native-gzip"
  react-native-html-to-pdf-lite:
    :path: "../../node_modules/react-native-html-to-pdf-lite"
  react-native-image-picker:
    :path: "../../node_modules/react-native-image-picker"
  react-native-image-resizer:
    :path: "../../node_modules/@bam.tech/react-native-image-resizer"
  react-native-keep-awake:
    :path: "../../node_modules/@sayem314/react-native-keep-awake"
  react-native-mmkv-storage:
    :path: "../../node_modules/react-native-mmkv-storage"
  react-native-netinfo:
    :path: "../../node_modules/@react-native-community/netinfo"
  react-native-notification-sounds:
    :path: "../../node_modules/react-native-notification-sounds"
  react-native-orientation:
    :path: "../../node_modules/react-native-orientation"
  react-native-safe-area-context:
    :path: "../../node_modules/react-native-safe-area-context"
  react-native-sodium:
    :path: "../../node_modules/@ammarahmed/react-native-sodium"
  react-native-webview:
    :path: "../../node_modules/react-native-webview"
  React-perflogger:
    :path: "../../node_modules/react-native/ReactCommon/reactperflogger"
  React-RCTActionSheet:
    :path: "../../node_modules/react-native/Libraries/ActionSheetIOS"
  React-RCTAnimation:
    :path: "../../node_modules/react-native/Libraries/NativeAnimation"
  React-RCTBlob:
    :path: "../../node_modules/react-native/Libraries/Blob"
  React-RCTImage:
    :path: "../../node_modules/react-native/Libraries/Image"
  React-RCTLinking:
    :path: "../../node_modules/react-native/Libraries/LinkingIOS"
  React-RCTNetwork:
    :path: "../../node_modules/react-native/Libraries/Network"
  React-RCTSettings:
    :path: "../../node_modules/react-native/Libraries/Settings"
  React-RCTText:
    :path: "../../node_modules/react-native/Libraries/Text"
  React-RCTVibration:
    :path: "../../node_modules/react-native/Libraries/Vibration"
  React-runtimeexecutor:
    :path: "../../node_modules/react-native/ReactCommon/runtimeexecutor"
  ReactCommon:
    :path: "../../node_modules/react-native/ReactCommon"
  rn-extensions-share:
    :path: "../../node_modules/rn-extensions-share"
  rn-fetch-blob:
    :path: "../../node_modules/rn-fetch-blob"
  RNBootSplash:
    :path: "../../node_modules/react-native-bootsplash"
  RNCCheckbox:
    :path: "../../node_modules/@react-native-community/checkbox"
  RNCClipboard:
    :path: "../../node_modules/@react-native-clipboard/clipboard"
  RNCMaskedView:
    :path: "../../node_modules/@react-native-masked-view/masked-view"
  RNDateTimePicker:
    :path: "../../node_modules/@react-native-community/datetimepicker"
  RNDeviceInfo:
    :path: "../../node_modules/react-native-device-info"
  RNExitApp:
    :path: "../../node_modules/react-native-exit-app"
  RNFileViewer:
    :path: "../../node_modules/react-native-file-viewer"
  RNFlashList:
    :path: "../../node_modules/@shopify/flash-list"
  RNGestureHandler:
    :path: "../../node_modules/react-native-gesture-handler"
  RNIap:
    :path: "../../node_modules/react-native-iap"
  RNKeychain:
    :path: "../../node_modules/react-native-keychain"
  RNNotifee:
    :path: "../../node_modules/@ammarahmed/notifee-react-native"
  RNPrivacySnapshot:
    :path: "../../node_modules/react-native-privacy-snapshot"
  RNReanimated:
    :path: "../../node_modules/react-native-reanimated"
  RNScreens:
    :path: "../../node_modules/react-native-screens"
  RNSecureRandom:
    :path: "../../node_modules/react-native-securerandom"
  RNShare:
    :path: "../../node_modules/react-native-share"
  RNSVG:
    :path: "../../node_modules/react-native-svg"
  RNTooltips:
    :path: "../../node_modules/react-native-tooltips"
  RNVectorIcons:
    :path: "../../node_modules/react-native-vector-icons"
  SexyTooltip:
    :git: https://github.com/ammarahm-ed/SexyTooltip.git
  toolbar-android:
    :path: "../../node_modules/@react-native-community/toolbar-android"
  Yoga:
    :path: "../../node_modules/react-native/ReactCommon/yoga"

CHECKOUT OPTIONS:
  SexyTooltip:
    :commit: bb13cf11a7c19b635f10047fc04d857dd6cb6553
    :git: https://github.com/ammarahm-ed/SexyTooltip.git

SPEC CHECKSUMS:
  Base64: cecfb41a004124895a7bcee567a89bae5a89d49b
  boost: a7c83b31436843459a1961bfd74b96033dc77234
  callstack-repack: 9e5425dfffeda7ea87b71729c4097141c7d8ce1c
  DoubleConversion: 5189b271737e1565bdce30deb4a08d647e3f5f54
  FBLazyVector: 6b7f5692909b4300d50e7359cdefbcd09dd30faa
  FBReactNativeSpec: f53cf57758c70c6bfba5230b739cd1071e7a6824
  fmt: ff9d55029c625d3757ed641535fd4a75fedc7ce9
  glog: 3d02b25ca00c2d456734d0bcff864cbc62f6ae1a
  GZIP: 416858efbe66b41b206895ac6dfd5493200d95b3
  MMKV: aac95d817a100479445633f2b3ed8961b4ac5043
  MMKVCore: 3388952ded307e41b3ed8a05892736a236ed1b8e
  pop: d582054913807fd11fd50bfe6a539d91c7e1a55a
  RCT-Folly: b9d9fe1fc70114b751c076104e52f3b1b5e5a95a
  RCTRequired: 54bff6aa61efd9598ab59d2a823c382b4fe13d27
  RCTTypeSafety: 47632bfa768df7befde08e339a9847e6cff6ff78
  React: 72a676de573cc5ee0e375e5535238af9a4bd435c
  React-bridging: 12b6677a30fbd46555a35aa6096331737a9af598
  React-callinvoker: bb574a923c2281d01be23ed3b5d405caa583f56d
  React-Codegen: d714637fe411291f96f933a535eaf03a774a21c9
  React-Core: 138385d05068622b2b1873eee7dc5be9762f5383
  React-CoreModules: 3a9be624998677db102b19090b1c33c7564ead6d
  React-cxxreact: eb24a767b0b811259947f3d538e7c999467e7131
  React-jsi: 9c1cc1173fc8a24b094e01c54d8e3b567fed7edc
  React-jsiexecutor: a73bec0218ba959fc92f811b581ad6c2270c6b6f
  React-jsinspector: 8134ee22182b8dd98dc0973db6266c398103ce6c
  React-logger: 1e7ac909607ee65fd5c4d8bea8c6e644f66b8843
  react-native-actions-shortcuts: 5d9cf0c9c308333dfcc1e05c3f9afa8c428e2533
  react-native-background-actions: 2c251c986f23347f9c1722f05fd296938f60edb1
  react-native-begin-background-task: 3b889e07458afc5822a7277cf9cbc7cd077e39ee
  react-native-config: bcafda5b4c51491ee1b0e1d0c4e3905bc7b56c1b
  react-native-date-picker: 93e43b3084cea595b4d68b1405d6d99849663bd6
  react-native-document-picker: ec07866a30707f23660c0f3ae591d669d3e89096
  react-native-fingerprint-scanner: be63e626b31fb951780a5fac5328b065a61a3d6e
  react-native-get-random-values: a6ea6a8a65dc93e96e24a11105b1a9c8cfe1d72a
  react-native-gzip: 02f9968afa759e189f0414d41f8f4a951a86b4f1
  react-native-html-to-pdf-lite: 21bfb169bf4cbcd7bec9f736975ee1b3f5292d4a
  react-native-image-picker: 9c8a2687b69300ad9e95cec5d38f35ab9d32467d
  react-native-image-resizer: 00ceb0e05586c7aadf061eea676957a6c2ec60fa
  react-native-keep-awake: acbee258db16483744910f0da3ace39eb9ab47fd
  react-native-mmkv-storage: 8ba3c0216a6df283ece11205b442a3e435aec4e5
  react-native-netinfo: 2517ad504b3d303e90d7a431b0fcaef76d207983
  react-native-notification-sounds: da78c828fe1bcbb92d8b505d5261890ed315ff39
  react-native-orientation: f1caf84d65f1a4fd4511a18f2b924e634ad7a628
  react-native-safe-area-context: 99b24a0c5acd0d5dcac2b1a7f18c49ea317be99a
  react-native-sodium: 1681828855ec18fa952f4557cd595bf048cf5c32
  react-native-webview: d33e2db8925d090871ffeb232dfa50cb3a727581
  React-perflogger: 8e832d4e21fdfa613033c76d58d7e617341e804b
  React-RCTActionSheet: 9ca778182a9523991bff6381045885b6e808bb73
  React-RCTAnimation: 9ced26ad20b96e532ac791a8ab92a7b1ce2266b8
  React-RCTBlob: 2ca3402386d6ab8e9a9a39117305c7601ba2a7f8
  React-RCTImage: 7be51899367082a49e7a7560247ab3961e4dd248
  React-RCTLinking: 262229106f181d8187a5a041fa0dffe6e9726347
  React-RCTNetwork: 428b6f17bf4684ede387422eb789ca89365e33d3
  React-RCTSettings: eaef83489b80045528f1fe1ea5daefaa586ed763
  React-RCTText: d197cff9d5d7f68bdb88468d94617bbf2aa6a48d
  React-RCTVibration: 600a9f8b3537db360563d50fab3d040c262567d4
  React-runtimeexecutor: 65cd2782a57e1d59a68aa5d504edf94278578e41
  ReactCommon: 1e783348b9aa73ae68236271df972ba898560a95
  rn-extensions-share: 3f0ecce20dfbca1f0358deb4ebfb9ee121a6d92a
  rn-fetch-blob: f065bb7ab7fb48dd002629f8bdcb0336602d3cba
  RNBootSplash: 5f346163977573d6b2aeba1b25df9d2245c0d73c
  RNCCheckbox: ed1b4ca295475b41e7251ebae046360a703b6eb5
  RNCClipboard: 2834e1c4af68697089cdd455ee4a4cdd198fa7dd
  RNCMaskedView: bc0170f389056201c82a55e242e5d90070e18e5a
  RNDateTimePicker: 818672afa85519722533d017b832ed09539d9ddb
  RNDeviceInfo: aad3c663b25752a52bf8fce93f2354001dd185aa
  RNExitApp: c4e052df2568b43bec8a37c7cd61194d4cfee2c3
  RNFileViewer: ce7ca3ac370e18554d35d6355cffd7c30437c592
  RNFlashList: 399bf6a0db68f594ad2c86aaff3ea39564f39f8a
  RNGestureHandler: b7a872907ee289ada902127f2554fa1d2c076122
  RNIap: d248609d1b8937e63bd904e865c318e9b1457eff
  RNKeychain: 840f8e6f13be0576202aefcdffd26a4f54bfe7b5
  RNNotifee: 2ae3c18196e6f307fa62ae5c8e5305dea03ff147
  RNPrivacySnapshot: 8eaf571478a353f2e5184f5c803164f22428b023
  RNReanimated: f1b109fb8341505ace9d7d2eedd150da1686716b
  RNScreens: 34cc502acf1b916c582c60003dc3089fa01dc66d
  RNSecureRandom: 07efbdf2cd99efe13497433668e54acd7df49fef
  RNShare: a5dc3b9c53ddc73e155b8cd9a94c70c91913c43c
  RNSVG: ecd661f380a07ba690c9c5929c475a44f432d674
  RNTooltips: 5424d4bf0b3d441104127943b1115cc7f0616b1f
  RNVectorIcons: fcc2f6cb32f5735b586e66d14103a74ce6ad61f8
  SexyTooltip: 5c9b4dec52bfb317938cb0488efd9da3717bb6fd
  toolbar-android: 2a73856e98b750d7e71ce4644d3f41cc98211719
  Yoga: 0b84a956f7393ef1f37f3bb213c516184e4a689d

PODFILE CHECKSUM: 5e50a51b68061d3da2f2af11cb058942f4ba26f7

COCOAPODS: 1.11.3
