{
  "lockfileVersion": 1,
  "workspaces": {
    "": {
      "name": "@notesnook/clipper",
      "dependencies": {
        "@mozilla/readability": "^0.4.2",
        "css-what": "6.1.0",
        "hyperapp": "^2.0.22",
        "specificity": "^0.4.1",
      },
      "devDependencies": {
        "@playwright/test": "1.48.2",
        "@rsbuild/core": "^1.5.13",
        "slugify": "1.6.6",
      },
    },
  },
  "packages": {
    "@emnapi/core": ["@emnapi/core@1.5.0", "", { "dependencies": { "@emnapi/wasi-threads": "1.1.0", "tslib": "^2.4.0" } }, "sha512-sbP8GzB1WDzacS8fgNPpHlp6C9VZe+SJP3F90W9rLemaQj2PzIuTEl1qDOYQf58YIpyjViI24y9aPWCjEzY2cg=="],

    "@emnapi/runtime": ["@emnapi/runtime@1.5.0", "", { "dependencies": { "tslib": "^2.4.0" } }, "sha512-97/BJ3iXHww3djw6hYIfErCZFee7qCtrneuLa20UXFCOTCfBM2cvQHjWJ2EG0s0MtdNwInarqCTz35i4wWXHsQ=="],

    "@emnapi/wasi-threads": ["@emnapi/wasi-threads@1.1.0", "", { "dependencies": { "tslib": "^2.4.0" } }, "sha512-WI0DdZ8xFSbgMjR1sFsKABJ/C5OnRrjT06JXbZKexJGrDuPTzZdDYfFlsgcCXCyf+suG5QU2e/y1Wo2V/OapLQ=="],

    "@module-federation/error-codes": ["@module-federation/error-codes@0.18.0", "", {}, "sha512-Woonm8ehyVIUPXChmbu80Zj6uJkC0dD9SJUZ/wOPtO8iiz/m+dkrOugAuKgoiR6qH4F+yorWila954tBz4uKsQ=="],

    "@module-federation/runtime": ["@module-federation/runtime@0.18.0", "", { "dependencies": { "@module-federation/error-codes": "0.18.0", "@module-federation/runtime-core": "0.18.0", "@module-federation/sdk": "0.18.0" } }, "sha512-+C4YtoSztM7nHwNyZl6dQKGUVJdsPrUdaf3HIKReg/GQbrt9uvOlUWo2NXMZ8vDAnf/QRrpSYAwXHmWDn9Obaw=="],

    "@module-federation/runtime-core": ["@module-federation/runtime-core@0.18.0", "", { "dependencies": { "@module-federation/error-codes": "0.18.0", "@module-federation/sdk": "0.18.0" } }, "sha512-ZyYhrDyVAhUzriOsVfgL6vwd+5ebYm595Y13KeMf6TKDRoUHBMTLGQ8WM4TDj8JNsy7LigncK8C03fn97of0QQ=="],

    "@module-federation/runtime-tools": ["@module-federation/runtime-tools@0.18.0", "", { "dependencies": { "@module-federation/runtime": "0.18.0", "@module-federation/webpack-bundler-runtime": "0.18.0" } }, "sha512-fSga9o4t1UfXNV/Kh6qFvRyZpPp3EHSPRISNeyT8ZoTpzDNiYzhtw0BPUSSD8m6C6XQh2s/11rI4g80UY+d+hA=="],

    "@module-federation/sdk": ["@module-federation/sdk@0.18.0", "", {}, "sha512-Lo/Feq73tO2unjmpRfyyoUkTVoejhItXOk/h5C+4cistnHbTV8XHrW/13fD5e1Iu60heVdAhhelJd6F898Ve9A=="],

    "@module-federation/webpack-bundler-runtime": ["@module-federation/webpack-bundler-runtime@0.18.0", "", { "dependencies": { "@module-federation/runtime": "0.18.0", "@module-federation/sdk": "0.18.0" } }, "sha512-TEvErbF+YQ+6IFimhUYKK3a5wapD90d90sLsNpcu2kB3QGT7t4nIluE25duXuZDVUKLz86tEPrza/oaaCWTpvQ=="],

    "@mozilla/readability": ["@mozilla/readability@0.4.4", "", {}, "sha512-MCgZyANpJ6msfvVMi6+A0UAsvZj//4OHREYUB9f2087uXHVoU+H+SWhuihvb1beKpM323bReQPRio0WNk2+V6g=="],

    "@napi-rs/wasm-runtime": ["@napi-rs/wasm-runtime@1.0.7", "", { "dependencies": { "@emnapi/core": "^1.5.0", "@emnapi/runtime": "^1.5.0", "@tybys/wasm-util": "^0.10.1" } }, "sha512-SeDnOO0Tk7Okiq6DbXmmBODgOAb9dp9gjlphokTUxmt8U3liIP1ZsozBahH69j/RJv+Rfs6IwUKHTgQYJ/HBAw=="],

    "@playwright/test": ["@playwright/test@1.48.2", "", { "dependencies": { "playwright": "1.48.2" }, "bin": { "playwright": "cli.js" } }, "sha512-54w1xCWfXuax7dz4W2M9uw0gDyh+ti/0K/MxcCUxChFh37kkdxPdfZDw5QBbuPUJHr1CiHJ1hXgSs+GgeQc5Zw=="],

    "@rsbuild/core": ["@rsbuild/core@1.5.16", "", { "dependencies": { "@rspack/core": "1.5.8", "@rspack/lite-tapable": "~1.0.1", "@swc/helpers": "^0.5.17", "core-js": "~3.45.1", "jiti": "^2.6.1" }, "bin": { "rsbuild": "bin/rsbuild.js" } }, "sha512-AMvyPmpyAF5RfSY70oWiByP/h0mbi3KOgHUsuYapWXtfPTYM/fpvfuEgqc4DZI5YCzZsY5JcEAfG1EmR7I0AXw=="],

    "@rspack/binding": ["@rspack/binding@1.5.8", "", { "optionalDependencies": { "@rspack/binding-darwin-arm64": "1.5.8", "@rspack/binding-darwin-x64": "1.5.8", "@rspack/binding-linux-arm64-gnu": "1.5.8", "@rspack/binding-linux-arm64-musl": "1.5.8", "@rspack/binding-linux-x64-gnu": "1.5.8", "@rspack/binding-linux-x64-musl": "1.5.8", "@rspack/binding-wasm32-wasi": "1.5.8", "@rspack/binding-win32-arm64-msvc": "1.5.8", "@rspack/binding-win32-ia32-msvc": "1.5.8", "@rspack/binding-win32-x64-msvc": "1.5.8" } }, "sha512-/91CzhRl9r5BIQCgGsS7jA6MDbw1I2BQpbfcUUdkdKl2P79K3Zo/Mw/TvKzS86catwLaUQEgkGRmYawOfPg7ow=="],

    "@rspack/binding-darwin-arm64": ["@rspack/binding-darwin-arm64@1.5.8", "", { "os": "darwin", "cpu": "arm64" }, "sha512-spJfpOSN3f7V90ic45/ET2NKB2ujAViCNmqb0iGurMNQtFRq+7Kd+jvVKKGXKBHBbsQrFhidSWbbqy2PBPGK8g=="],

    "@rspack/binding-darwin-x64": ["@rspack/binding-darwin-x64@1.5.8", "", { "os": "darwin", "cpu": "x64" }, "sha512-YFOzeL1IBknBcri8vjUp43dfUBylCeQnD+9O9p0wZmLAw7DtpN5JEOe2AkGo8kdTqJjYKI+cczJPKIw6lu1LWw=="],

    "@rspack/binding-linux-arm64-gnu": ["@rspack/binding-linux-arm64-gnu@1.5.8", "", { "os": "linux", "cpu": "arm64" }, "sha512-UAWCsOnpkvy8eAVRo0uipbHXDhnoDq5zmqWTMhpga0/a3yzCp2e+fnjZb/qnFNYb5MeL0O1mwMOYgn1M3oHILQ=="],

    "@rspack/binding-linux-arm64-musl": ["@rspack/binding-linux-arm64-musl@1.5.8", "", { "os": "linux", "cpu": "arm64" }, "sha512-GnSvGT4GjokPSD45cTtE+g7LgghuxSP1MRmvd+Vp/I8pnxTVSTsebRod4TAqyiv+l11nuS8yqNveK9qiOkBLWw=="],

    "@rspack/binding-linux-x64-gnu": ["@rspack/binding-linux-x64-gnu@1.5.8", "", { "os": "linux", "cpu": "x64" }, "sha512-XLxh5n/pzUfxsugz/8rVBv+Tx2nqEM+9rharK69kfooDsQNKyz7PANllBQ/v4svJ+W0BRHnDL4qXSGdteZeEjA=="],

    "@rspack/binding-linux-x64-musl": ["@rspack/binding-linux-x64-musl@1.5.8", "", { "os": "linux", "cpu": "x64" }, "sha512-gE0+MZmwF+01p9/svpEESkzkLpBkVUG2o03YMpwXYC/maeRRhWvF8BJ7R3i/Ls/jFGSE87dKX5NbRLVzqksq/w=="],

    "@rspack/binding-wasm32-wasi": ["@rspack/binding-wasm32-wasi@1.5.8", "", { "dependencies": { "@napi-rs/wasm-runtime": "^1.0.5" }, "cpu": "none" }, "sha512-cfg3niNHeJuxuml1Vy9VvaJrI/5TakzoaZvKX2g5S24wfzR50Eyy4JAsZ+L2voWQQp1yMJbmPYPmnTCTxdJQBQ=="],

    "@rspack/binding-win32-arm64-msvc": ["@rspack/binding-win32-arm64-msvc@1.5.8", "", { "os": "win32", "cpu": "arm64" }, "sha512-7i3ZTHFXKfU/9Jm9XhpMkrdkxO7lfeYMNVEGkuU5dyBfRMQj69dRgPL7zJwc2plXiqu9LUOl+TwDNTjap7Q36g=="],

    "@rspack/binding-win32-ia32-msvc": ["@rspack/binding-win32-ia32-msvc@1.5.8", "", { "os": "win32", "cpu": "ia32" }, "sha512-7ZPPWO11J+soea1+mnfaPpQt7GIodBM7A86dx6PbXgVEoZmetcWPrCF2NBfXxQWOKJ9L3RYltC4z+ZyXRgMOrw=="],

    "@rspack/binding-win32-x64-msvc": ["@rspack/binding-win32-x64-msvc@1.5.8", "", { "os": "win32", "cpu": "x64" }, "sha512-N/zXQgzIxME3YUzXT8qnyzxjqcnXudWOeDh8CAG9zqTCnCiy16SFfQ/cQgEoLlD9geQntV6jx2GbDDI5kpDGMQ=="],

    "@rspack/core": ["@rspack/core@1.5.8", "", { "dependencies": { "@module-federation/runtime-tools": "0.18.0", "@rspack/binding": "1.5.8", "@rspack/lite-tapable": "1.0.1" }, "peerDependencies": { "@swc/helpers": ">=0.5.1" }, "optionalPeers": ["@swc/helpers"] }, "sha512-sUd2LfiDhqYVfvknuoz0+/c+wSpn693xotnG5g1CSWKZArbtwiYzBIVnNlcHGmuoBRsnj/TkSq8dTQ7gwfBroQ=="],

    "@rspack/lite-tapable": ["@rspack/lite-tapable@1.0.1", "", {}, "sha512-VynGOEsVw2s8TAlLf/uESfrgfrq2+rcXB1muPJYBWbsm1Oa6r5qVQhjA5ggM6z/coYPrsVMgovl3Ff7Q7OCp1w=="],

    "@swc/helpers": ["@swc/helpers@0.5.17", "", { "dependencies": { "tslib": "^2.8.0" } }, "sha512-5IKx/Y13RsYd+sauPb2x+U/xZikHjolzfuDgTAl/Tdf3Q8rslRvC19NKDLgAJQ6wsqADk10ntlv08nPFw/gO/A=="],

    "@tybys/wasm-util": ["@tybys/wasm-util@0.10.1", "", { "dependencies": { "tslib": "^2.4.0" } }, "sha512-9tTaPJLSiejZKx+Bmog4uSubteqTvFrVrURwkmHixBo0G4seD0zUxp98E1DzUBJxLQ3NPwXrGKDiVjwx/DpPsg=="],

    "core-js": ["core-js@3.45.1", "", {}, "sha512-L4NPsJlCfZsPeXukyzHFlg/i7IIVwHSItR0wg0FLNqYClJ4MQYTYLbC7EkjKYRLZF2iof2MUgN0EGy7MdQFChg=="],

    "css-what": ["css-what@6.1.0", "", {}, "sha512-HTUrgRJ7r4dsZKU6GjmpfRK1O76h97Z8MfS1G0FozR+oF2kG6Vfe8JE6zwrkbxigziPHinCJ+gCPjA9EaBDtRw=="],

    "fsevents": ["fsevents@2.3.2", "", { "os": "darwin" }, "sha512-xiqMQR4xAeHTuB9uWm+fFRcIOgKBMiOBP+eXiyT7jsgVCq1bkVygt00oASowB7EdtpOHaaPgKt812P9ab+DDKA=="],

    "hyperapp": ["hyperapp@2.0.22", "", {}, "sha512-3uf9HjnjrhbfykowFNEObZewBEo4DXJIM+9FnGkiR9E4H2eh2f921SzMCMS69X5nN3A7KFfmZc9KCKh/7TQBFA=="],

    "jiti": ["jiti@2.6.1", "", { "bin": { "jiti": "lib/jiti-cli.mjs" } }, "sha512-ekilCSN1jwRvIbgeg/57YFh8qQDNbwDb9xT/qu2DAHbFFZUicIl4ygVaAvzveMhMVr3LnpSKTNnwt8PoOfmKhQ=="],

    "playwright": ["playwright@1.48.2", "", { "dependencies": { "playwright-core": "1.48.2" }, "optionalDependencies": { "fsevents": "2.3.2" }, "bin": { "playwright": "cli.js" } }, "sha512-NjYvYgp4BPmiwfe31j4gHLa3J7bD2WiBz8Lk2RoSsmX38SVIARZ18VYjxLjAcDsAhA+F4iSEXTSGgjua0rrlgQ=="],

    "playwright-core": ["playwright-core@1.48.2", "", { "bin": { "playwright-core": "cli.js" } }, "sha512-sjjw+qrLFlriJo64du+EK0kJgZzoQPsabGF4lBvsid+3CNIZIYLgnMj9V6JY5VhM2Peh20DJWIVpVljLLnlawA=="],

    "slugify": ["slugify@1.6.6", "", {}, "sha512-h+z7HKHYXj6wJU+AnS/+IH8Uh9fdcX1Lrhg1/VMdf9PwoBQXFcXiAdsy2tSK0P6gKwJLXp02r90ahUCqHk9rrw=="],

    "specificity": ["specificity@0.4.1", "", { "bin": { "specificity": "./bin/specificity" } }, "sha512-1klA3Gi5PD1Wv9Q0wUoOQN1IWAuPu0D1U03ThXTr0cJ20+/iq2tHSDnK7Kk/0LXJ1ztUB2/1Os0wKmfyNgUQfg=="],

    "tslib": ["tslib@2.8.1", "", {}, "sha512-oJFu94HQb+KVduSUQL7wnpmqnfmLsOA/nAh6b6EH0wCEoK0/mPeXU6c3wKDV83MkOuHPRHtSXKKU99IBazS/2w=="],
  }
}
