{
  "name": "@notesnook/clipper",
  "version": "2.1.3",
  "lockfileVersion": 3,
  "requires": true,
  "packages": {
    "": {
      "name": "@notesnook/clipper",
      "version": "2.1.3",
      "hasInstallScript": true,
      "license": "GPL-3.0-or-later",
      "dependencies": {
        "@mozilla/readability": "^0.4.2",
        "hyperapp": "^2.0.22"
      },
      "devDependencies": {
        "@playwright/test": "1.48.2",
        "@rsbuild/core": "^1.5.13",
        "slugify": "1.6.6"
      }
    },
    "node_modules/@emnapi/core": {
      "version": "1.6.0",
      "dev": true,
      "license": "MIT",
      "optional": true,
      "dependencies": {
        "@emnapi/wasi-threads": "1.1.0",
        "tslib": "^2.4.0"
      }
    },
    "node_modules/@emnapi/runtime": {
      "version": "1.6.0",
      "dev": true,
      "license": "MIT",
      "optional": true,
      "dependencies": {
        "tslib": "^2.4.0"
      }
    },
    "node_modules/@emnapi/wasi-threads": {
      "version": "1.1.0",
      "dev": true,
      "license": "MIT",
      "optional": true,
      "dependencies": {
        "tslib": "^2.4.0"
      }
    },
    "node_modules/@module-federation/error-codes": {
      "version": "0.18.0",
      "dev": true,
      "license": "MIT"
    },
    "node_modules/@module-federation/runtime": {
      "version": "0.18.0",
      "dev": true,
      "license": "MIT",
      "dependencies": {
        "@module-federation/error-codes": "0.18.0",
        "@module-federation/runtime-core": "0.18.0",
        "@module-federation/sdk": "0.18.0"
      }
    },
    "node_modules/@module-federation/runtime-core": {
      "version": "0.18.0",
      "dev": true,
      "license": "MIT",
      "dependencies": {
        "@module-federation/error-codes": "0.18.0",
        "@module-federation/sdk": "0.18.0"
      }
    },
    "node_modules/@module-federation/runtime-tools": {
      "version": "0.18.0",
      "dev": true,
      "license": "MIT",
      "dependencies": {
        "@module-federation/runtime": "0.18.0",
        "@module-federation/webpack-bundler-runtime": "0.18.0"
      }
    },
    "node_modules/@module-federation/sdk": {
      "version": "0.18.0",
      "dev": true,
      "license": "MIT"
    },
    "node_modules/@module-federation/webpack-bundler-runtime": {
      "version": "0.18.0",
      "dev": true,
      "license": "MIT",
      "dependencies": {
        "@module-federation/runtime": "0.18.0",
        "@module-federation/sdk": "0.18.0"
      }
    },
    "node_modules/@mozilla/readability": {
      "version": "0.4.2",
      "license": "Apache-2.0",
      "engines": {
        "node": ">=10.0.0"
      }
    },
    "node_modules/@napi-rs/wasm-runtime": {
      "version": "1.0.7",
      "dev": true,
      "license": "MIT",
      "optional": true,
      "dependencies": {
        "@emnapi/core": "^1.5.0",
        "@emnapi/runtime": "^1.5.0",
        "@tybys/wasm-util": "^0.10.1"
      }
    },
    "node_modules/@playwright/test": {
      "version": "1.48.2",
      "dev": true,
      "license": "Apache-2.0",
      "dependencies": {
        "playwright": "1.48.2"
      },
      "bin": {
        "playwright": "cli.js"
      },
      "engines": {
        "node": ">=18"
      }
    },
    "node_modules/@rsbuild/core": {
      "version": "1.5.17",
      "dev": true,
      "license": "MIT",
      "dependencies": {
        "@rspack/core": "1.5.8",
        "@rspack/lite-tapable": "~1.0.1",
        "@swc/helpers": "^0.5.17",
        "core-js": "~3.46.0",
        "jiti": "^2.6.1"
      },
      "bin": {
        "rsbuild": "bin/rsbuild.js"
      },
      "engines": {
        "node": ">=18.12.0"
      }
    },
    "node_modules/@rspack/binding": {
      "version": "1.5.8",
      "dev": true,
      "license": "MIT",
      "optionalDependencies": {
        "@rspack/binding-darwin-arm64": "1.5.8",
        "@rspack/binding-darwin-x64": "1.5.8",
        "@rspack/binding-linux-arm64-gnu": "1.5.8",
        "@rspack/binding-linux-arm64-musl": "1.5.8",
        "@rspack/binding-linux-x64-gnu": "1.5.8",
        "@rspack/binding-linux-x64-musl": "1.5.8",
        "@rspack/binding-wasm32-wasi": "1.5.8",
        "@rspack/binding-win32-arm64-msvc": "1.5.8",
        "@rspack/binding-win32-ia32-msvc": "1.5.8",
        "@rspack/binding-win32-x64-msvc": "1.5.8"
      }
    },
    "node_modules/@rspack/binding-win32-x64-msvc": {
      "version": "1.5.8",
      "cpu": [
        "x64"
      ],
      "dev": true,
      "license": "MIT",
      "optional": true,
      "os": [
        "win32"
      ]
    },
    "node_modules/@rspack/binding/node_modules/@rspack/binding-darwin-arm64": {
      "version": "1.5.8",
      "resolved": "https://registry.npmjs.org/@rspack/binding-darwin-arm64/-/binding-darwin-arm64-1.5.8.tgz",
      "integrity": "sha512-spJfpOSN3f7V90ic45/ET2NKB2ujAViCNmqb0iGurMNQtFRq+7Kd+jvVKKGXKBHBbsQrFhidSWbbqy2PBPGK8g==",
      "cpu": [
        "arm64"
      ],
      "dev": true,
      "license": "MIT",
      "optional": true,
      "os": [
        "darwin"
      ]
    },
    "node_modules/@rspack/binding/node_modules/@rspack/binding-darwin-x64": {
      "version": "1.5.8",
      "resolved": "https://registry.npmjs.org/@rspack/binding-darwin-x64/-/binding-darwin-x64-1.5.8.tgz",
      "integrity": "sha512-YFOzeL1IBknBcri8vjUp43dfUBylCeQnD+9O9p0wZmLAw7DtpN5JEOe2AkGo8kdTqJjYKI+cczJPKIw6lu1LWw==",
      "cpu": [
        "x64"
      ],
      "dev": true,
      "license": "MIT",
      "optional": true,
      "os": [
        "darwin"
      ]
    },
    "node_modules/@rspack/binding/node_modules/@rspack/binding-linux-arm64-gnu": {
      "version": "1.5.8",
      "resolved": "https://registry.npmjs.org/@rspack/binding-linux-arm64-gnu/-/binding-linux-arm64-gnu-1.5.8.tgz",
      "integrity": "sha512-UAWCsOnpkvy8eAVRo0uipbHXDhnoDq5zmqWTMhpga0/a3yzCp2e+fnjZb/qnFNYb5MeL0O1mwMOYgn1M3oHILQ==",
      "cpu": [
        "arm64"
      ],
      "dev": true,
      "license": "MIT",
      "optional": true,
      "os": [
        "linux"
      ]
    },
    "node_modules/@rspack/binding/node_modules/@rspack/binding-linux-arm64-musl": {
      "version": "1.5.8",
      "resolved": "https://registry.npmjs.org/@rspack/binding-linux-arm64-musl/-/binding-linux-arm64-musl-1.5.8.tgz",
      "integrity": "sha512-GnSvGT4GjokPSD45cTtE+g7LgghuxSP1MRmvd+Vp/I8pnxTVSTsebRod4TAqyiv+l11nuS8yqNveK9qiOkBLWw==",
      "cpu": [
        "arm64"
      ],
      "dev": true,
      "license": "MIT",
      "optional": true,
      "os": [
        "linux"
      ]
    },
    "node_modules/@rspack/binding/node_modules/@rspack/binding-linux-x64-gnu": {
      "version": "1.5.8",
      "resolved": "https://registry.npmjs.org/@rspack/binding-linux-x64-gnu/-/binding-linux-x64-gnu-1.5.8.tgz",
      "integrity": "sha512-XLxh5n/pzUfxsugz/8rVBv+Tx2nqEM+9rharK69kfooDsQNKyz7PANllBQ/v4svJ+W0BRHnDL4qXSGdteZeEjA==",
      "cpu": [
        "x64"
      ],
      "dev": true,
      "license": "MIT",
      "optional": true,
      "os": [
        "linux"
      ]
    },
    "node_modules/@rspack/binding/node_modules/@rspack/binding-linux-x64-musl": {
      "version": "1.5.8",
      "resolved": "https://registry.npmjs.org/@rspack/binding-linux-x64-musl/-/binding-linux-x64-musl-1.5.8.tgz",
      "integrity": "sha512-gE0+MZmwF+01p9/svpEESkzkLpBkVUG2o03YMpwXYC/maeRRhWvF8BJ7R3i/Ls/jFGSE87dKX5NbRLVzqksq/w==",
      "cpu": [
        "x64"
      ],
      "dev": true,
      "license": "MIT",
      "optional": true,
      "os": [
        "linux"
      ]
    },
    "node_modules/@rspack/binding/node_modules/@rspack/binding-wasm32-wasi": {
      "version": "1.5.8",
      "resolved": "https://registry.npmjs.org/@rspack/binding-wasm32-wasi/-/binding-wasm32-wasi-1.5.8.tgz",
      "integrity": "sha512-cfg3niNHeJuxuml1Vy9VvaJrI/5TakzoaZvKX2g5S24wfzR50Eyy4JAsZ+L2voWQQp1yMJbmPYPmnTCTxdJQBQ==",
      "cpu": [
        "wasm32"
      ],
      "dev": true,
      "license": "MIT",
      "optional": true,
      "dependencies": {
        "@napi-rs/wasm-runtime": "^1.0.5"
      }
    },
    "node_modules/@rspack/binding/node_modules/@rspack/binding-win32-arm64-msvc": {
      "version": "1.5.8",
      "resolved": "https://registry.npmjs.org/@rspack/binding-win32-arm64-msvc/-/binding-win32-arm64-msvc-1.5.8.tgz",
      "integrity": "sha512-7i3ZTHFXKfU/9Jm9XhpMkrdkxO7lfeYMNVEGkuU5dyBfRMQj69dRgPL7zJwc2plXiqu9LUOl+TwDNTjap7Q36g==",
      "cpu": [
        "arm64"
      ],
      "dev": true,
      "license": "MIT",
      "optional": true,
      "os": [
        "win32"
      ]
    },
    "node_modules/@rspack/binding/node_modules/@rspack/binding-win32-ia32-msvc": {
      "version": "1.5.8",
      "resolved": "https://registry.npmjs.org/@rspack/binding-win32-ia32-msvc/-/binding-win32-ia32-msvc-1.5.8.tgz",
      "integrity": "sha512-7ZPPWO11J+soea1+mnfaPpQt7GIodBM7A86dx6PbXgVEoZmetcWPrCF2NBfXxQWOKJ9L3RYltC4z+ZyXRgMOrw==",
      "cpu": [
        "ia32"
      ],
      "dev": true,
      "license": "MIT",
      "optional": true,
      "os": [
        "win32"
      ]
    },
    "node_modules/@rspack/core": {
      "version": "1.5.8",
      "dev": true,
      "license": "MIT",
      "dependencies": {
        "@module-federation/runtime-tools": "0.18.0",
        "@rspack/binding": "1.5.8",
        "@rspack/lite-tapable": "1.0.1"
      },
      "engines": {
        "node": ">=18.12.0"
      },
      "peerDependencies": {
        "@swc/helpers": ">=0.5.1"
      },
      "peerDependenciesMeta": {
        "@swc/helpers": {
          "optional": true
        }
      }
    },
    "node_modules/@rspack/lite-tapable": {
      "version": "1.0.1",
      "dev": true,
      "license": "MIT",
      "engines": {
        "node": ">=16.0.0"
      }
    },
    "node_modules/@swc/helpers": {
      "version": "0.5.17",
      "dev": true,
      "license": "Apache-2.0",
      "dependencies": {
        "tslib": "^2.8.0"
      }
    },
    "node_modules/@tybys/wasm-util": {
      "version": "0.10.1",
      "dev": true,
      "license": "MIT",
      "optional": true,
      "dependencies": {
        "tslib": "^2.4.0"
      }
    },
    "node_modules/core-js": {
      "version": "3.46.0",
      "dev": true,
      "hasInstallScript": true,
      "license": "MIT",
      "funding": {
        "type": "opencollective",
        "url": "https://opencollective.com/core-js"
      }
    },
    "node_modules/hyperapp": {
      "version": "2.0.22",
      "license": "MIT"
    },
    "node_modules/jiti": {
      "version": "2.6.1",
      "dev": true,
      "license": "MIT",
      "bin": {
        "jiti": "lib/jiti-cli.mjs"
      }
    },
    "node_modules/playwright": {
      "version": "1.48.2",
      "dev": true,
      "license": "Apache-2.0",
      "dependencies": {
        "playwright-core": "1.48.2"
      },
      "bin": {
        "playwright": "cli.js"
      },
      "engines": {
        "node": ">=18"
      },
      "optionalDependencies": {
        "fsevents": "2.3.2"
      }
    },
    "node_modules/playwright-core": {
      "version": "1.48.2",
      "dev": true,
      "license": "Apache-2.0",
      "bin": {
        "playwright-core": "cli.js"
      },
      "engines": {
        "node": ">=18"
      }
    },
    "node_modules/slugify": {
      "version": "1.6.6",
      "dev": true,
      "license": "MIT",
      "engines": {
        "node": ">=8.0.0"
      }
    },
    "node_modules/tslib": {
      "version": "2.8.1",
      "dev": true,
      "license": "0BSD"
    }
  }
}
