PODS:
  - Base64 (1.1.2)
  - boost (1.76.0)
  - callstack-repack (3.0.0-next.2):
    - React-Core
  - DoubleConversion (1.1.6)
  - FBLazyVector (0.69.0)
  - FBReactNativeSpec (0.69.0):
    - RCT-Folly (= 2021.06.28.00-v2)
    - RCTRequired (= 0.69.0)
    - RCTTypeSafety (= 0.69.0)
    - React-Core (= 0.69.0)
    - React-jsi (= 0.69.0)
    - ReactCommon/turbomodule/core (= 0.69.0)
  - fmt (6.2.1)
  - glog (0.3.5)
  - MMKV (1.2.10):
    - MMKVCore (~> 1.2.10)
  - MMKVCore (1.2.13)
  - pop (1.0.12)
  - RCT-Folly (2021.06.28.00-v2):
    - boost
    - DoubleConversion
    - fmt (~> 6.2.1)
    - glog
    - RCT-Folly/Default (= 2021.06.28.00-v2)
  - RCT-Folly/Default (2021.06.28.00-v2):
    - boost
    - DoubleConversion
    - fmt (~> 6.2.1)
    - glog
  - RCTRequired (0.69.0)
  - RCTTypeSafety (0.69.0):
    - FBLazyVector (= 0.69.0)
    - RCTRequired (= 0.69.0)
    - React-Core (= 0.69.0)
  - React (0.69.0):
    - React-Core (= 0.69.0)
    - React-Core/DevSupport (= 0.69.0)
    - React-Core/RCTWebSocket (= 0.69.0)
    - React-RCTActionSheet (= 0.69.0)
    - React-RCTAnimation (= 0.69.0)
    - React-RCTBlob (= 0.69.0)
    - React-RCTImage (= 0.69.0)
    - React-RCTLinking (= 0.69.0)
    - React-RCTNetwork (= 0.69.0)
    - React-RCTSettings (= 0.69.0)
    - React-RCTText (= 0.69.0)
    - React-RCTVibration (= 0.69.0)
  - React-bridging (0.69.0):
    - RCT-Folly (= 2021.06.28.00-v2)
    - React-jsi (= 0.69.0)
  - React-callinvoker (0.69.0)
  - React-Codegen (0.69.0):
    - FBReactNativeSpec (= 0.69.0)
    - RCT-Folly (= 2021.06.28.00-v2)
    - RCTRequired (= 0.69.0)
    - RCTTypeSafety (= 0.69.0)
    - React-Core (= 0.69.0)
    - React-jsi (= 0.69.0)
    - React-jsiexecutor (= 0.69.0)
    - ReactCommon/turbomodule/core (= 0.69.0)
  - React-Core (0.69.0):
    - glog
    - RCT-Folly (= 2021.06.28.00-v2)
    - React-Core/Default (= 0.69.0)
    - React-cxxreact (= 0.69.0)
    - React-jsi (= 0.69.0)
    - React-jsiexecutor (= 0.69.0)
    - React-perflogger (= 0.69.0)
    - Yoga
  - React-Core/CoreModulesHeaders (0.69.0):
    - glog
    - RCT-Folly (= 2021.06.28.00-v2)
    - React-Core/Default
    - React-cxxreact (= 0.69.0)
    - React-jsi (= 0.69.0)
    - React-jsiexecutor (= 0.69.0)
    - React-perflogger (= 0.69.0)
    - Yoga
  - React-Core/Default (0.69.0):
    - glog
    - RCT-Folly (= 2021.06.28.00-v2)
    - React-cxxreact (= 0.69.0)
    - React-jsi (= 0.69.0)
    - React-jsiexecutor (= 0.69.0)
    - React-perflogger (= 0.69.0)
    - Yoga
  - React-Core/DevSupport (0.69.0):
    - glog
    - RCT-Folly (= 2021.06.28.00-v2)
    - React-Core/Default (= 0.69.0)
    - React-Core/RCTWebSocket (= 0.69.0)
    - React-cxxreact (= 0.69.0)
    - React-jsi (= 0.69.0)
    - React-jsiexecutor (= 0.69.0)
    - React-jsinspector (= 0.69.0)
    - React-perflogger (= 0.69.0)
    - Yoga
  - React-Core/RCTActionSheetHeaders (0.69.0):
    - glog
    - RCT-Folly (= 2021.06.28.00-v2)
    - React-Core/Default
    - React-cxxreact (= 0.69.0)
    - React-jsi (= 0.69.0)
    - React-jsiexecutor (= 0.69.0)
    - React-perflogger (= 0.69.0)
    - Yoga
  - React-Core/RCTAnimationHeaders (0.69.0):
    - glog
    - RCT-Folly (= 2021.06.28.00-v2)
    - React-Core/Default
    - React-cxxreact (= 0.69.0)
    - React-jsi (= 0.69.0)
    - React-jsiexecutor (= 0.69.0)
    - React-perflogger (= 0.69.0)
    - Yoga
  - React-Core/RCTBlobHeaders (0.69.0):
    - glog
    - RCT-Folly (= 2021.06.28.00-v2)
    - React-Core/Default
    - React-cxxreact (= 0.69.0)
    - React-jsi (= 0.69.0)
    - React-jsiexecutor (= 0.69.0)
    - React-perflogger (= 0.69.0)
    - Yoga
  - React-Core/RCTImageHeaders (0.69.0):
    - glog
    - RCT-Folly (= 2021.06.28.00-v2)
    - React-Core/Default
    - React-cxxreact (= 0.69.0)
    - React-jsi (= 0.69.0)
    - React-jsiexecutor (= 0.69.0)
    - React-perflogger (= 0.69.0)
    - Yoga
  - React-Core/RCTLinkingHeaders (0.69.0):
    - glog
    - RCT-Folly (= 2021.06.28.00-v2)
    - React-Core/Default
    - React-cxxreact (= 0.69.0)
    - React-jsi (= 0.69.0)
    - React-jsiexecutor (= 0.69.0)
    - React-perflogger (= 0.69.0)
    - Yoga
  - React-Core/RCTNetworkHeaders (0.69.0):
    - glog
    - RCT-Folly (= 2021.06.28.00-v2)
    - React-Core/Default
    - React-cxxreact (= 0.69.0)
    - React-jsi (= 0.69.0)
    - React-jsiexecutor (= 0.69.0)
    - React-perflogger (= 0.69.0)
    - Yoga
  - React-Core/RCTSettingsHeaders (0.69.0):
    - glog
    - RCT-Folly (= 2021.06.28.00-v2)
    - React-Core/Default
    - React-cxxreact (= 0.69.0)
    - React-jsi (= 0.69.0)
    - React-jsiexecutor (= 0.69.0)
    - React-perflogger (= 0.69.0)
    - Yoga
  - React-Core/RCTTextHeaders (0.69.0):
    - glog
    - RCT-Folly (= 2021.06.28.00-v2)
    - React-Core/Default
    - React-cxxreact (= 0.69.0)
    - React-jsi (= 0.69.0)
    - React-jsiexecutor (= 0.69.0)
    - React-perflogger (= 0.69.0)
    - Yoga
  - React-Core/RCTVibrationHeaders (0.69.0):
    - glog
    - RCT-Folly (= 2021.06.28.00-v2)
    - React-Core/Default
    - React-cxxreact (= 0.69.0)
    - React-jsi (= 0.69.0)
    - React-jsiexecutor (= 0.69.0)
    - React-perflogger (= 0.69.0)
    - Yoga
  - React-Core/RCTWebSocket (0.69.0):
    - glog
    - RCT-Folly (= 2021.06.28.00-v2)
    - React-Core/Default (= 0.69.0)
    - React-cxxreact (= 0.69.0)
    - React-jsi (= 0.69.0)
    - React-jsiexecutor (= 0.69.0)
    - React-perflogger (= 0.69.0)
    - Yoga
  - React-CoreModules (0.69.0):
    - RCT-Folly (= 2021.06.28.00-v2)
    - RCTTypeSafety (= 0.69.0)
    - React-Codegen (= 0.69.0)
    - React-Core/CoreModulesHeaders (= 0.69.0)
    - React-jsi (= 0.69.0)
    - React-RCTImage (= 0.69.0)
    - ReactCommon/turbomodule/core (= 0.69.0)
  - React-cxxreact (0.69.0):
    - boost (= 1.76.0)
    - DoubleConversion
    - glog
    - RCT-Folly (= 2021.06.28.00-v2)
    - React-callinvoker (= 0.69.0)
    - React-jsi (= 0.69.0)
    - React-jsinspector (= 0.69.0)
    - React-logger (= 0.69.0)
    - React-perflogger (= 0.69.0)
    - React-runtimeexecutor (= 0.69.0)
  - React-jsi (0.69.0):
    - boost (= 1.76.0)
    - DoubleConversion
    - glog
    - RCT-Folly (= 2021.06.28.00-v2)
    - React-jsi/Default (= 0.69.0)
  - React-jsi/Default (0.69.0):
    - boost (= 1.76.0)
    - DoubleConversion
    - glog
    - RCT-Folly (= 2021.06.28.00-v2)
  - React-jsiexecutor (0.69.0):
    - DoubleConversion
    - glog
    - RCT-Folly (= 2021.06.28.00-v2)
    - React-cxxreact (= 0.69.0)
    - React-jsi (= 0.69.0)
    - React-perflogger (= 0.69.0)
  - React-jsinspector (0.69.0)
  - React-logger (0.69.0):
    - glog
  - react-native-background-actions (2.6.7):
    - React-Core
  - react-native-begin-background-task (0.1.0):
    - React
  - react-native-config (1.4.6):
    - react-native-config/App (= 1.4.6)
  - react-native-config/App (1.4.6):
    - React-Core
  - react-native-document-picker (7.1.3):
    - React-Core
  - react-native-get-random-values (1.8.0):
    - React-Core
  - react-native-html-to-pdf-lite (0.9.1):
    - React
  - react-native-image-picker (4.1.2):
    - React-Core
  - react-native-keep-awake (1.1.0):
    - React-Core
  - react-native-mmkv-storage (0.7.6):
    - MMKV (= 1.2.10)
    - React-Core
  - react-native-netinfo (6.2.1):
    - React-Core
  - react-native-orientation (3.1.3):
    - React
  - react-native-safe-area-context (4.3.1):
    - RCT-Folly
    - RCTRequired
    - RCTTypeSafety
    - React
    - ReactCommon/turbomodule/core
  - react-native-sodium (1.0.0):
    - React
  - react-native-webview (11.22.4):
    - React-Core
  - React-perflogger (0.69.0)
  - React-RCTActionSheet (0.69.0):
    - React-Core/RCTActionSheetHeaders (= 0.69.0)
  - React-RCTAnimation (0.69.0):
    - RCT-Folly (= 2021.06.28.00-v2)
    - RCTTypeSafety (= 0.69.0)
    - React-Codegen (= 0.69.0)
    - React-Core/RCTAnimationHeaders (= 0.69.0)
    - React-jsi (= 0.69.0)
    - ReactCommon/turbomodule/core (= 0.69.0)
  - React-RCTBlob (0.69.0):
    - RCT-Folly (= 2021.06.28.00-v2)
    - React-Codegen (= 0.69.0)
    - React-Core/RCTBlobHeaders (= 0.69.0)
    - React-Core/RCTWebSocket (= 0.69.0)
    - React-jsi (= 0.69.0)
    - React-RCTNetwork (= 0.69.0)
    - ReactCommon/turbomodule/core (= 0.69.0)
  - React-RCTImage (0.69.0):
    - RCT-Folly (= 2021.06.28.00-v2)
    - RCTTypeSafety (= 0.69.0)
    - React-Codegen (= 0.69.0)
    - React-Core/RCTImageHeaders (= 0.69.0)
    - React-jsi (= 0.69.0)
    - React-RCTNetwork (= 0.69.0)
    - ReactCommon/turbomodule/core (= 0.69.0)
  - React-RCTLinking (0.69.0):
    - React-Codegen (= 0.69.0)
    - React-Core/RCTLinkingHeaders (= 0.69.0)
    - React-jsi (= 0.69.0)
    - ReactCommon/turbomodule/core (= 0.69.0)
  - React-RCTNetwork (0.69.0):
    - RCT-Folly (= 2021.06.28.00-v2)
    - RCTTypeSafety (= 0.69.0)
    - React-Codegen (= 0.69.0)
    - React-Core/RCTNetworkHeaders (= 0.69.0)
    - React-jsi (= 0.69.0)
    - ReactCommon/turbomodule/core (= 0.69.0)
  - React-RCTSettings (0.69.0):
    - RCT-Folly (= 2021.06.28.00-v2)
    - RCTTypeSafety (= 0.69.0)
    - React-Codegen (= 0.69.0)
    - React-Core/RCTSettingsHeaders (= 0.69.0)
    - React-jsi (= 0.69.0)
    - ReactCommon/turbomodule/core (= 0.69.0)
  - React-RCTText (0.69.0):
    - React-Core/RCTTextHeaders (= 0.69.0)
  - React-RCTVibration (0.69.0):
    - RCT-Folly (= 2021.06.28.00-v2)
    - React-Codegen (= 0.69.0)
    - React-Core/RCTVibrationHeaders (= 0.69.0)
    - React-jsi (= 0.69.0)
    - ReactCommon/turbomodule/core (= 0.69.0)
  - React-runtimeexecutor (0.69.0):
    - React-jsi (= 0.69.0)
  - ReactCommon/turbomodule/core (0.69.0):
    - DoubleConversion
    - glog
    - RCT-Folly (= 2021.06.28.00-v2)
    - React-bridging (= 0.69.0)
    - React-callinvoker (= 0.69.0)
    - React-Core (= 0.69.0)
    - React-cxxreact (= 0.69.0)
    - React-jsi (= 0.69.0)
    - React-logger (= 0.69.0)
    - React-perflogger (= 0.69.0)
  - rn-extensions-share (2.4.0):
    - React-Core
  - rn-fetch-blob (0.12.0):
    - React-Core
  - RNBootSplash (4.2.3):
    - React-Core
  - RNCCheckbox (0.5.12):
    - React-Core
  - RNCClipboard (1.10.0):
    - React-Core
  - RNCMaskedView (0.2.6):
    - React-Core
  - RNCPushNotificationIOS (1.10.1):
    - React-Core
  - RNDeviceInfo (8.7.1):
    - React-Core
  - RNExitApp (1.1.0):
    - React
  - RNFileViewer (2.1.5):
    - React-Core
  - RNGestureHandler (2.5.0):
    - React-Core
  - RNIap (5.2.14):
    - React-Core
  - RNKeychain (4.0.5):
    - React
  - RNPrivacySnapshot (1.0.0):
    - React-Core
  - RNReanimated (2.9.1):
    - DoubleConversion
    - FBLazyVector
    - FBReactNativeSpec
    - glog
    - RCT-Folly
    - RCTRequired
    - RCTTypeSafety
    - React-callinvoker
    - React-Core
    - React-Core/DevSupport
    - React-Core/RCTWebSocket
    - React-CoreModules
    - React-cxxreact
    - React-jsi
    - React-jsiexecutor
    - React-jsinspector
    - React-RCTActionSheet
    - React-RCTAnimation
    - React-RCTBlob
    - React-RCTImage
    - React-RCTLinking
    - React-RCTNetwork
    - React-RCTSettings
    - React-RCTText
    - ReactCommon/turbomodule/core
    - Yoga
  - RNScreens (3.14.0):
    - React-Core
    - React-RCTImage
  - RNSecureRandom (1.0.0):
    - React
  - RNShare (7.6.4):
    - React-Core
  - RNSVG (12.3.0):
    - React-Core
  - RNTooltips (1.0.3):
    - pop (~> 1.0)
    - React
    - SexyTooltip
  - RNVectorIcons (9.2.0):
    - React-Core
  - SexyTooltip (1.2.5):
    - pop (~> 1.0)
  - toolbar-android (0.2.1):
    - React
  - Yoga (1.14.0)

DEPENDENCIES:
  - Base64
  - boost (from `../node_modules/react-native/third-party-podspecs/boost.podspec`)
  - "callstack-repack (from `../node_modules/@callstack/repack`)"
  - DoubleConversion (from `../node_modules/react-native/third-party-podspecs/DoubleConversion.podspec`)
  - FBLazyVector (from `../node_modules/react-native/Libraries/FBLazyVector`)
  - FBReactNativeSpec (from `../node_modules/react-native/React/FBReactNativeSpec`)
  - glog (from `../node_modules/react-native/third-party-podspecs/glog.podspec`)
  - MMKV
  - RCT-Folly (from `../node_modules/react-native/third-party-podspecs/RCT-Folly.podspec`)
  - RCTRequired (from `../node_modules/react-native/Libraries/RCTRequired`)
  - RCTTypeSafety (from `../node_modules/react-native/Libraries/TypeSafety`)
  - React (from `../node_modules/react-native/`)
  - React-bridging (from `../node_modules/react-native/ReactCommon/react/bridging`)
  - React-callinvoker (from `../node_modules/react-native/ReactCommon/callinvoker`)
  - React-Codegen (from `build/generated/ios`)
  - React-Core (from `../node_modules/react-native/`)
  - React-Core/DevSupport (from `../node_modules/react-native/`)
  - React-Core/RCTWebSocket (from `../node_modules/react-native/`)
  - React-CoreModules (from `../node_modules/react-native/React/CoreModules`)
  - React-cxxreact (from `../node_modules/react-native/ReactCommon/cxxreact`)
  - React-jsi (from `../node_modules/react-native/ReactCommon/jsi`)
  - React-jsiexecutor (from `../node_modules/react-native/ReactCommon/jsiexecutor`)
  - React-jsinspector (from `../node_modules/react-native/ReactCommon/jsinspector`)
  - React-logger (from `../node_modules/react-native/ReactCommon/logger`)
  - react-native-background-actions (from `../node_modules/react-native-background-actions`)
  - react-native-begin-background-task (from `../node_modules/react-native-begin-background-task`)
  - react-native-config (from `../node_modules/react-native-config`)
  - react-native-document-picker (from `../node_modules/react-native-document-picker`)
  - react-native-get-random-values (from `../node_modules/react-native-get-random-values`)
  - react-native-html-to-pdf-lite (from `../node_modules/react-native-html-to-pdf-lite`)
  - react-native-image-picker (from `../node_modules/react-native-image-picker`)
  - "react-native-keep-awake (from `../node_modules/@sayem314/react-native-keep-awake`)"
  - react-native-mmkv-storage (from `../node_modules/react-native-mmkv-storage`)
  - "react-native-netinfo (from `../node_modules/@react-native-community/netinfo`)"
  - react-native-orientation (from `../node_modules/react-native-orientation`)
  - react-native-safe-area-context (from `../node_modules/react-native-safe-area-context`)
  - react-native-sodium (from `../node_modules/react-native-sodium`)
  - react-native-webview (from `../node_modules/react-native-webview`)
  - React-perflogger (from `../node_modules/react-native/ReactCommon/reactperflogger`)
  - React-RCTActionSheet (from `../node_modules/react-native/Libraries/ActionSheetIOS`)
  - React-RCTAnimation (from `../node_modules/react-native/Libraries/NativeAnimation`)
  - React-RCTBlob (from `../node_modules/react-native/Libraries/Blob`)
  - React-RCTImage (from `../node_modules/react-native/Libraries/Image`)
  - React-RCTLinking (from `../node_modules/react-native/Libraries/LinkingIOS`)
  - React-RCTNetwork (from `../node_modules/react-native/Libraries/Network`)
  - React-RCTSettings (from `../node_modules/react-native/Libraries/Settings`)
  - React-RCTText (from `../node_modules/react-native/Libraries/Text`)
  - React-RCTVibration (from `../node_modules/react-native/Libraries/Vibration`)
  - React-runtimeexecutor (from `../node_modules/react-native/ReactCommon/runtimeexecutor`)
  - ReactCommon/turbomodule/core (from `../node_modules/react-native/ReactCommon`)
  - rn-extensions-share (from `../node_modules/rn-extensions-share`)
  - rn-fetch-blob (from `../node_modules/rn-fetch-blob`)
  - RNBootSplash (from `../node_modules/react-native-bootsplash`)
  - "RNCCheckbox (from `../node_modules/@react-native-community/checkbox`)"
  - "RNCClipboard (from `../node_modules/@react-native-clipboard/clipboard`)"
  - "RNCMaskedView (from `../node_modules/@react-native-masked-view/masked-view`)"
  - "RNCPushNotificationIOS (from `../node_modules/@react-native-community/push-notification-ios`)"
  - RNDeviceInfo (from `../node_modules/react-native-device-info`)
  - RNExitApp (from `../node_modules/react-native-exit-app`)
  - RNFileViewer (from `../node_modules/react-native-file-viewer`)
  - RNGestureHandler (from `../node_modules/react-native-gesture-handler`)
  - RNIap (from `../node_modules/react-native-iap`)
  - RNKeychain (from `../node_modules/react-native-keychain`)
  - RNPrivacySnapshot (from `../node_modules/react-native-privacy-snapshot`)
  - RNReanimated (from `../node_modules/react-native-reanimated`)
  - RNScreens (from `../node_modules/react-native-screens`)
  - RNSecureRandom (from `../node_modules/react-native-securerandom`)
  - RNShare (from `../node_modules/react-native-share`)
  - RNSVG (from `../node_modules/react-native-svg`)
  - RNTooltips (from `../node_modules/react-native-tooltips`)
  - RNVectorIcons (from `../node_modules/react-native-vector-icons`)
  - SexyTooltip (from `https://github.com/ammarahm-ed/SexyTooltip.git`)
  - "toolbar-android (from `../node_modules/@react-native-community/toolbar-android`)"
  - Yoga (from `../node_modules/react-native/ReactCommon/yoga`)

SPEC REPOS:
  trunk:
    - Base64
    - fmt
    - MMKV
    - MMKVCore
    - pop

EXTERNAL SOURCES:
  boost:
    :podspec: "../node_modules/react-native/third-party-podspecs/boost.podspec"
  callstack-repack:
    :path: "../node_modules/@callstack/repack"
  DoubleConversion:
    :podspec: "../node_modules/react-native/third-party-podspecs/DoubleConversion.podspec"
  FBLazyVector:
    :path: "../node_modules/react-native/Libraries/FBLazyVector"
  FBReactNativeSpec:
    :path: "../node_modules/react-native/React/FBReactNativeSpec"
  glog:
    :podspec: "../node_modules/react-native/third-party-podspecs/glog.podspec"
  RCT-Folly:
    :podspec: "../node_modules/react-native/third-party-podspecs/RCT-Folly.podspec"
  RCTRequired:
    :path: "../node_modules/react-native/Libraries/RCTRequired"
  RCTTypeSafety:
    :path: "../node_modules/react-native/Libraries/TypeSafety"
  React:
    :path: "../node_modules/react-native/"
  React-bridging:
    :path: "../node_modules/react-native/ReactCommon/react/bridging"
  React-callinvoker:
    :path: "../node_modules/react-native/ReactCommon/callinvoker"
  React-Codegen:
    :path: build/generated/ios
  React-Core:
    :path: "../node_modules/react-native/"
  React-CoreModules:
    :path: "../node_modules/react-native/React/CoreModules"
  React-cxxreact:
    :path: "../node_modules/react-native/ReactCommon/cxxreact"
  React-jsi:
    :path: "../node_modules/react-native/ReactCommon/jsi"
  React-jsiexecutor:
    :path: "../node_modules/react-native/ReactCommon/jsiexecutor"
  React-jsinspector:
    :path: "../node_modules/react-native/ReactCommon/jsinspector"
  React-logger:
    :path: "../node_modules/react-native/ReactCommon/logger"
  react-native-background-actions:
    :path: "../node_modules/react-native-background-actions"
  react-native-begin-background-task:
    :path: "../node_modules/react-native-begin-background-task"
  react-native-config:
    :path: "../node_modules/react-native-config"
  react-native-document-picker:
    :path: "../node_modules/react-native-document-picker"
  react-native-get-random-values:
    :path: "../node_modules/react-native-get-random-values"
  react-native-html-to-pdf-lite:
    :path: "../node_modules/react-native-html-to-pdf-lite"
  react-native-image-picker:
    :path: "../node_modules/react-native-image-picker"
  react-native-keep-awake:
    :path: "../node_modules/@sayem314/react-native-keep-awake"
  react-native-mmkv-storage:
    :path: "../node_modules/react-native-mmkv-storage"
  react-native-netinfo:
    :path: "../node_modules/@react-native-community/netinfo"
  react-native-orientation:
    :path: "../node_modules/react-native-orientation"
  react-native-safe-area-context:
    :path: "../node_modules/react-native-safe-area-context"
  react-native-sodium:
    :path: "../node_modules/react-native-sodium"
  react-native-webview:
    :path: "../node_modules/react-native-webview"
  React-perflogger:
    :path: "../node_modules/react-native/ReactCommon/reactperflogger"
  React-RCTActionSheet:
    :path: "../node_modules/react-native/Libraries/ActionSheetIOS"
  React-RCTAnimation:
    :path: "../node_modules/react-native/Libraries/NativeAnimation"
  React-RCTBlob:
    :path: "../node_modules/react-native/Libraries/Blob"
  React-RCTImage:
    :path: "../node_modules/react-native/Libraries/Image"
  React-RCTLinking:
    :path: "../node_modules/react-native/Libraries/LinkingIOS"
  React-RCTNetwork:
    :path: "../node_modules/react-native/Libraries/Network"
  React-RCTSettings:
    :path: "../node_modules/react-native/Libraries/Settings"
  React-RCTText:
    :path: "../node_modules/react-native/Libraries/Text"
  React-RCTVibration:
    :path: "../node_modules/react-native/Libraries/Vibration"
  React-runtimeexecutor:
    :path: "../node_modules/react-native/ReactCommon/runtimeexecutor"
  ReactCommon:
    :path: "../node_modules/react-native/ReactCommon"
  rn-extensions-share:
    :path: "../node_modules/rn-extensions-share"
  rn-fetch-blob:
    :path: "../node_modules/rn-fetch-blob"
  RNBootSplash:
    :path: "../node_modules/react-native-bootsplash"
  RNCCheckbox:
    :path: "../node_modules/@react-native-community/checkbox"
  RNCClipboard:
    :path: "../node_modules/@react-native-clipboard/clipboard"
  RNCMaskedView:
    :path: "../node_modules/@react-native-masked-view/masked-view"
  RNCPushNotificationIOS:
    :path: "../node_modules/@react-native-community/push-notification-ios"
  RNDeviceInfo:
    :path: "../node_modules/react-native-device-info"
  RNExitApp:
    :path: "../node_modules/react-native-exit-app"
  RNFileViewer:
    :path: "../node_modules/react-native-file-viewer"
  RNGestureHandler:
    :path: "../node_modules/react-native-gesture-handler"
  RNIap:
    :path: "../node_modules/react-native-iap"
  RNKeychain:
    :path: "../node_modules/react-native-keychain"
  RNPrivacySnapshot:
    :path: "../node_modules/react-native-privacy-snapshot"
  RNReanimated:
    :path: "../node_modules/react-native-reanimated"
  RNScreens:
    :path: "../node_modules/react-native-screens"
  RNSecureRandom:
    :path: "../node_modules/react-native-securerandom"
  RNShare:
    :path: "../node_modules/react-native-share"
  RNSVG:
    :path: "../node_modules/react-native-svg"
  RNTooltips:
    :path: "../node_modules/react-native-tooltips"
  RNVectorIcons:
    :path: "../node_modules/react-native-vector-icons"
  SexyTooltip:
    :git: https://github.com/ammarahm-ed/SexyTooltip.git
  toolbar-android:
    :path: "../node_modules/@react-native-community/toolbar-android"
  Yoga:
    :path: "../node_modules/react-native/ReactCommon/yoga"

CHECKOUT OPTIONS:
  SexyTooltip:
    :commit: bb13cf11a7c19b635f10047fc04d857dd6cb6553
    :git: https://github.com/ammarahm-ed/SexyTooltip.git

SPEC CHECKSUMS:
  Base64: cecfb41a004124895a7bcee567a89bae5a89d49b
  boost: a7c83b31436843459a1961bfd74b96033dc77234
  callstack-repack: 4751b72e8e2bb6ec236d5b8b6f33ce8cc808387f
  DoubleConversion: 5189b271737e1565bdce30deb4a08d647e3f5f54
  FBLazyVector: f98dec9f199b7b51db586fe0140f509fabd5cc54
  FBReactNativeSpec: 56c4cf7cce9f95fd386001dba21437b7d6b33993
  fmt: ff9d55029c625d3757ed641535fd4a75fedc7ce9
  glog: 3d02b25ca00c2d456734d0bcff864cbc62f6ae1a
  MMKV: 76033b9ace2006623308910a3afcc0e25eba3140
  MMKVCore: 3388952ded307e41b3ed8a05892736a236ed1b8e
  pop: d582054913807fd11fd50bfe6a539d91c7e1a55a
  RCT-Folly: 4d8508a426467c48885f1151029bc15fa5d7b3b8
  RCTRequired: eff60a46da0f496a6c76c8f60108c20626860d27
  RCTTypeSafety: 8cc8a45d0e2f93f1b42b5b2bbf23c4143f19935a
  React: 8a8fc19196a41141ecb5bde33c97091cdc25ccd8
  React-bridging: 543858c1fc01ed8264585c5a2646305d20225840
  React-callinvoker: cc62aa541f261cee6f990f870dbf6aff38f97eef
  React-Codegen: a80f7ec979174e44dcaecc9d5639ac84a7077a71
  React-Core: 7faa8679c6f38b5462a71d55b399483f46365e44
  React-CoreModules: 3a51e8d50928a8593ea44606c00ffa60db95222f
  React-cxxreact: 51a2239091bc13a3c0b5b1cb445b1585a483df2d
  React-jsi: 80aef7359ddaacd86f7247fec6a8dff4db099dc6
  React-jsiexecutor: b2a049b9f156342f6037ccb0c8acf69f923d3089
  React-jsinspector: 6aced68014b275b7abd073c9598b0affd0e1669c
  React-logger: bcf33ce10afa135158c72635e621ddb94126c610
  react-native-background-actions: 2c251c986f23347f9c1722f05fd296938f60edb1
  react-native-begin-background-task: 3b889e07458afc5822a7277cf9cbc7cd077e39ee
  react-native-config: 7cd105e71d903104e8919261480858940a6b9c0e
  react-native-document-picker: ec07866a30707f23660c0f3ae591d669d3e89096
  react-native-get-random-values: a6ea6a8a65dc93e96e24a11105b1a9c8cfe1d72a
  react-native-html-to-pdf-lite: 21bfb169bf4cbcd7bec9f736975ee1b3f5292d4a
  react-native-image-picker: 9c8a2687b69300ad9e95cec5d38f35ab9d32467d
  react-native-keep-awake: acbee258db16483744910f0da3ace39eb9ab47fd
  react-native-mmkv-storage: ba38e5e813ea3d5d37af834a9d867b1ce10aa96d
  react-native-netinfo: 3d3769f0d65de15c83a9bf1346f8be71de5a24bf
  react-native-orientation: f1caf84d65f1a4fd4511a18f2b924e634ad7a628
  react-native-safe-area-context: 6c12e3859b6f27b25de4fee8201cfb858432d8de
  react-native-sodium: 5d17851375e399a532d3c571d0703de4312da31c
  react-native-webview: a1ed211d50a5047a4fe54e07140991e277cd66e6
  React-perflogger: aa48956d87bae67fc847acc196fae97928b96cd3
  React-RCTActionSheet: 4eaab2b885130ce9a88c8fdac5f1992315da80f6
  React-RCTAnimation: 5e91e3ceb988838fa43615bb602181be30d2b26e
  React-RCTBlob: 4fc8f15c018635668dec9b577f46acf75f604a68
  React-RCTImage: 53ece22415c499ea18f0acafc2bc7ea89517a78c
  React-RCTLinking: 0211dd109987c22d9b51d187498cac55a43fe24e
  React-RCTNetwork: 540c0087fd0382c9b959169eb0e3727306f5d812
  React-RCTSettings: d1e584c83392d1babbe5e731af10c2726d2545e2
  React-RCTText: 9c5de1f593a548a2dbeb991ee01c88bef86f0659
  React-RCTVibration: 7549ef7b07aad1cc629f4c6d88c325366f26423c
  React-runtimeexecutor: 7ad268dee53d001697e13264c6bc8e95a902352e
  ReactCommon: 74a3b8ee497c6d50ce86ef57e15c4c5bf654b83d
  rn-extensions-share: 3f0ecce20dfbca1f0358deb4ebfb9ee121a6d92a
  rn-fetch-blob: f065bb7ab7fb48dd002629f8bdcb0336602d3cba
  RNBootSplash: e8a36a88f8c868769ec998c5afe3082032e82fc2
  RNCCheckbox: ed1b4ca295475b41e7251ebae046360a703b6eb5
  RNCClipboard: f1736c75ab85b627a4d57587edb4b60999c4dd80
  RNCMaskedView: c298b644a10c0c142055b3ae24d83879ecb13ccd
  RNCPushNotificationIOS: 87b8d16d3ede4532745e05b03c42cff33a36cc45
  RNDeviceInfo: aad3c663b25752a52bf8fce93f2354001dd185aa
  RNExitApp: c4e052df2568b43bec8a37c7cd61194d4cfee2c3
  RNFileViewer: ce7ca3ac370e18554d35d6355cffd7c30437c592
  RNGestureHandler: bad495418bcbd3ab47017a38d93d290ebd406f50
  RNIap: f00befe6581a5953191108cb97d9b3872473337b
  RNKeychain: 840f8e6f13be0576202aefcdffd26a4f54bfe7b5
  RNPrivacySnapshot: 8eaf571478a353f2e5184f5c803164f22428b023
  RNReanimated: 2cf7451318bb9cc430abeec8d67693f9cf4e039c
  RNScreens: 4830eb40e0793b38849965cd27f4f3a7d7bc65c1
  RNSecureRandom: 0dcee021fdb3d50cd5cee5db0ebf583c42f5af0e
  RNShare: 4406f61af043027b695c3a0b8f39e2c2bdacde12
  RNSVG: 302bfc9905bd8122f08966dc2ce2d07b7b52b9f8
  RNTooltips: 5424d4bf0b3d441104127943b1115cc7f0616b1f
  RNVectorIcons: fcc2f6cb32f5735b586e66d14103a74ce6ad61f8
  SexyTooltip: 5c9b4dec52bfb317938cb0488efd9da3717bb6fd
  toolbar-android: 2a73856e98b750d7e71ce4644d3f41cc98211719
  Yoga: 4935173923cabaa830e195be3e8e4cac045a8f90

PODFILE CHECKSUM: f574b9a0250a838a097f44b31cfa74b8181b22e8

COCOAPODS: 1.11.3
