PODS:
  - boost-for-react-native (1.63.0)
  - DoubleConversion (1.1.6)
  - FBLazyVector (0.61.4)
  - FBReactNativeSpec (0.61.4):
    - Folly (= 2018.10.22.00)
    - RCTRequired (= 0.61.4)
    - RCTTypeSafety (= 0.61.4)
    - React-Core (= 0.61.4)
    - React-jsi (= 0.61.4)
    - ReactCommon/turbomodule/core (= 0.61.4)
  - Folly (2018.10.22.00):
    - boost-for-react-native
    - DoubleConversion
    - Folly/Default (= 2018.10.22.00)
    - glog
  - Folly/Default (2018.10.22.00):
    - boost-for-react-native
    - DoubleConversion
    - glog
  - glog (0.3.5)
  - RCTRequired (0.61.4)
  - RCTTypeSafety (0.61.4):
    - FBLazyVector (= 0.61.4)
    - Folly (= 2018.10.22.00)
    - RCTRequired (= 0.61.4)
    - React-Core (= 0.61.4)
  - React (0.61.4):
    - React-Core (= 0.61.4)
    - React-Core/DevSupport (= 0.61.4)
    - React-Core/RCTWebSocket (= 0.61.4)
    - React-RCTActionSheet (= 0.61.4)
    - React-RCTAnimation (= 0.61.4)
    - React-RCTBlob (= 0.61.4)
    - React-RCTImage (= 0.61.4)
    - React-RCTLinking (= 0.61.4)
    - React-RCTNetwork (= 0.61.4)
    - React-RCTSettings (= 0.61.4)
    - React-RCTText (= 0.61.4)
    - React-RCTVibration (= 0.61.4)
  - React-Core (0.61.4):
    - Folly (= 2018.10.22.00)
    - glog
    - React-Core/Default (= 0.61.4)
    - React-cxxreact (= 0.61.4)
    - React-jsi (= 0.61.4)
    - React-jsiexecutor (= 0.61.4)
    - Yoga
  - React-Core/CoreModulesHeaders (0.61.4):
    - Folly (= 2018.10.22.00)
    - glog
    - React-Core/Default
    - React-cxxreact (= 0.61.4)
    - React-jsi (= 0.61.4)
    - React-jsiexecutor (= 0.61.4)
    - Yoga
  - React-Core/Default (0.61.4):
    - Folly (= 2018.10.22.00)
    - glog
    - React-cxxreact (= 0.61.4)
    - React-jsi (= 0.61.4)
    - React-jsiexecutor (= 0.61.4)
    - Yoga
  - React-Core/DevSupport (0.61.4):
    - Folly (= 2018.10.22.00)
    - glog
    - React-Core/Default (= 0.61.4)
    - React-Core/RCTWebSocket (= 0.61.4)
    - React-cxxreact (= 0.61.4)
    - React-jsi (= 0.61.4)
    - React-jsiexecutor (= 0.61.4)
    - React-jsinspector (= 0.61.4)
    - Yoga
  - React-Core/RCTActionSheetHeaders (0.61.4):
    - Folly (= 2018.10.22.00)
    - glog
    - React-Core/Default
    - React-cxxreact (= 0.61.4)
    - React-jsi (= 0.61.4)
    - React-jsiexecutor (= 0.61.4)
    - Yoga
  - React-Core/RCTAnimationHeaders (0.61.4):
    - Folly (= 2018.10.22.00)
    - glog
    - React-Core/Default
    - React-cxxreact (= 0.61.4)
    - React-jsi (= 0.61.4)
    - React-jsiexecutor (= 0.61.4)
    - Yoga
  - React-Core/RCTBlobHeaders (0.61.4):
    - Folly (= 2018.10.22.00)
    - glog
    - React-Core/Default
    - React-cxxreact (= 0.61.4)
    - React-jsi (= 0.61.4)
    - React-jsiexecutor (= 0.61.4)
    - Yoga
  - React-Core/RCTImageHeaders (0.61.4):
    - Folly (= 2018.10.22.00)
    - glog
    - React-Core/Default
    - React-cxxreact (= 0.61.4)
    - React-jsi (= 0.61.4)
    - React-jsiexecutor (= 0.61.4)
    - Yoga
  - React-Core/RCTLinkingHeaders (0.61.4):
    - Folly (= 2018.10.22.00)
    - glog
    - React-Core/Default
    - React-cxxreact (= 0.61.4)
    - React-jsi (= 0.61.4)
    - React-jsiexecutor (= 0.61.4)
    - Yoga
  - React-Core/RCTNetworkHeaders (0.61.4):
    - Folly (= 2018.10.22.00)
    - glog
    - React-Core/Default
    - React-cxxreact (= 0.61.4)
    - React-jsi (= 0.61.4)
    - React-jsiexecutor (= 0.61.4)
    - Yoga
  - React-Core/RCTSettingsHeaders (0.61.4):
    - Folly (= 2018.10.22.00)
    - glog
    - React-Core/Default
    - React-cxxreact (= 0.61.4)
    - React-jsi (= 0.61.4)
    - React-jsiexecutor (= 0.61.4)
    - Yoga
  - React-Core/RCTTextHeaders (0.61.4):
    - Folly (= 2018.10.22.00)
    - glog
    - React-Core/Default
    - React-cxxreact (= 0.61.4)
    - React-jsi (= 0.61.4)
    - React-jsiexecutor (= 0.61.4)
    - Yoga
  - React-Core/RCTVibrationHeaders (0.61.4):
    - Folly (= 2018.10.22.00)
    - glog
    - React-Core/Default
    - React-cxxreact (= 0.61.4)
    - React-jsi (= 0.61.4)
    - React-jsiexecutor (= 0.61.4)
    - Yoga
  - React-Core/RCTWebSocket (0.61.4):
    - Folly (= 2018.10.22.00)
    - glog
    - React-Core/Default (= 0.61.4)
    - React-cxxreact (= 0.61.4)
    - React-jsi (= 0.61.4)
    - React-jsiexecutor (= 0.61.4)
    - Yoga
  - React-CoreModules (0.61.4):
    - FBReactNativeSpec (= 0.61.4)
    - Folly (= 2018.10.22.00)
    - RCTTypeSafety (= 0.61.4)
    - React-Core/CoreModulesHeaders (= 0.61.4)
    - React-RCTImage (= 0.61.4)
    - ReactCommon/turbomodule/core (= 0.61.4)
  - React-cxxreact (0.61.4):
    - boost-for-react-native (= 1.63.0)
    - DoubleConversion
    - Folly (= 2018.10.22.00)
    - glog
    - React-jsinspector (= 0.61.4)
  - React-jsi (0.61.4):
    - boost-for-react-native (= 1.63.0)
    - DoubleConversion
    - Folly (= 2018.10.22.00)
    - glog
    - React-jsi/Default (= 0.61.4)
  - React-jsi/Default (0.61.4):
    - boost-for-react-native (= 1.63.0)
    - DoubleConversion
    - Folly (= 2018.10.22.00)
    - glog
  - React-jsiexecutor (0.61.4):
    - DoubleConversion
    - Folly (= 2018.10.22.00)
    - glog
    - React-cxxreact (= 0.61.4)
    - React-jsi (= 0.61.4)
  - React-jsinspector (0.61.4)
  - React-RCTActionSheet (0.61.4):
    - React-Core/RCTActionSheetHeaders (= 0.61.4)
  - React-RCTAnimation (0.61.4):
    - React-Core/RCTAnimationHeaders (= 0.61.4)
  - React-RCTBlob (0.61.4):
    - React-Core/RCTBlobHeaders (= 0.61.4)
    - React-Core/RCTWebSocket (= 0.61.4)
    - React-jsi (= 0.61.4)
    - React-RCTNetwork (= 0.61.4)
  - React-RCTImage (0.61.4):
    - React-Core/RCTImageHeaders (= 0.61.4)
    - React-RCTNetwork (= 0.61.4)
  - React-RCTLinking (0.61.4):
    - React-Core/RCTLinkingHeaders (= 0.61.4)
  - React-RCTNetwork (0.61.4):
    - React-Core/RCTNetworkHeaders (= 0.61.4)
  - React-RCTSettings (0.61.4):
    - React-Core/RCTSettingsHeaders (= 0.61.4)
  - React-RCTText (0.61.4):
    - React-Core/RCTTextHeaders (= 0.61.4)
  - React-RCTVibration (0.61.4):
    - React-Core/RCTVibrationHeaders (= 0.61.4)
  - ReactCommon/jscallinvoker (0.61.4):
    - DoubleConversion
    - Folly (= 2018.10.22.00)
    - glog
    - React-cxxreact (= 0.61.4)
  - ReactCommon/turbomodule/core (0.61.4):
    - DoubleConversion
    - Folly (= 2018.10.22.00)
    - glog
    - React-Core (= 0.61.4)
    - React-cxxreact (= 0.61.4)
    - React-jsi (= 0.61.4)
    - ReactCommon/jscallinvoker (= 0.61.4)
  - RNGestureHandler (1.5.0):
    - React
  - RNReanimated (1.4.0):
    - React
  - RNScreens (1.0.0-alpha.23):
    - React
  - Yoga (1.14.0)

DEPENDENCIES:
  - DoubleConversion (from `../node_modules/react-native/third-party-podspecs/DoubleConversion.podspec`)
  - FBLazyVector (from `../node_modules/react-native/Libraries/FBLazyVector`)
  - FBReactNativeSpec (from `../node_modules/react-native/Libraries/FBReactNativeSpec`)
  - Folly (from `../node_modules/react-native/third-party-podspecs/Folly.podspec`)
  - glog (from `../node_modules/react-native/third-party-podspecs/glog.podspec`)
  - RCTRequired (from `../node_modules/react-native/Libraries/RCTRequired`)
  - RCTTypeSafety (from `../node_modules/react-native/Libraries/TypeSafety`)
  - React (from `../node_modules/react-native/`)
  - React-Core (from `../node_modules/react-native/`)
  - React-Core/DevSupport (from `../node_modules/react-native/`)
  - React-Core/RCTWebSocket (from `../node_modules/react-native/`)
  - React-CoreModules (from `../node_modules/react-native/React/CoreModules`)
  - React-cxxreact (from `../node_modules/react-native/ReactCommon/cxxreact`)
  - React-jsi (from `../node_modules/react-native/ReactCommon/jsi`)
  - React-jsiexecutor (from `../node_modules/react-native/ReactCommon/jsiexecutor`)
  - React-jsinspector (from `../node_modules/react-native/ReactCommon/jsinspector`)
  - React-RCTActionSheet (from `../node_modules/react-native/Libraries/ActionSheetIOS`)
  - React-RCTAnimation (from `../node_modules/react-native/Libraries/NativeAnimation`)
  - React-RCTBlob (from `../node_modules/react-native/Libraries/Blob`)
  - React-RCTImage (from `../node_modules/react-native/Libraries/Image`)
  - React-RCTLinking (from `../node_modules/react-native/Libraries/LinkingIOS`)
  - React-RCTNetwork (from `../node_modules/react-native/Libraries/Network`)
  - React-RCTSettings (from `../node_modules/react-native/Libraries/Settings`)
  - React-RCTText (from `../node_modules/react-native/Libraries/Text`)
  - React-RCTVibration (from `../node_modules/react-native/Libraries/Vibration`)
  - ReactCommon/jscallinvoker (from `../node_modules/react-native/ReactCommon`)
  - ReactCommon/turbomodule/core (from `../node_modules/react-native/ReactCommon`)
  - RNGestureHandler (from `../node_modules/react-native-gesture-handler`)
  - RNReanimated (from `../node_modules/react-native-reanimated`)
  - RNScreens (from `../node_modules/react-native-screens`)
  - Yoga (from `../node_modules/react-native/ReactCommon/yoga`)

SPEC REPOS:
  trunk:
    - boost-for-react-native

EXTERNAL SOURCES:
  DoubleConversion:
    :podspec: "../node_modules/react-native/third-party-podspecs/DoubleConversion.podspec"
  FBLazyVector:
    :path: "../node_modules/react-native/Libraries/FBLazyVector"
  FBReactNativeSpec:
    :path: "../node_modules/react-native/Libraries/FBReactNativeSpec"
  Folly:
    :podspec: "../node_modules/react-native/third-party-podspecs/Folly.podspec"
  glog:
    :podspec: "../node_modules/react-native/third-party-podspecs/glog.podspec"
  RCTRequired:
    :path: "../node_modules/react-native/Libraries/RCTRequired"
  RCTTypeSafety:
    :path: "../node_modules/react-native/Libraries/TypeSafety"
  React:
    :path: "../node_modules/react-native/"
  React-Core:
    :path: "../node_modules/react-native/"
  React-CoreModules:
    :path: "../node_modules/react-native/React/CoreModules"
  React-cxxreact:
    :path: "../node_modules/react-native/ReactCommon/cxxreact"
  React-jsi:
    :path: "../node_modules/react-native/ReactCommon/jsi"
  React-jsiexecutor:
    :path: "../node_modules/react-native/ReactCommon/jsiexecutor"
  React-jsinspector:
    :path: "../node_modules/react-native/ReactCommon/jsinspector"
  React-RCTActionSheet:
    :path: "../node_modules/react-native/Libraries/ActionSheetIOS"
  React-RCTAnimation:
    :path: "../node_modules/react-native/Libraries/NativeAnimation"
  React-RCTBlob:
    :path: "../node_modules/react-native/Libraries/Blob"
  React-RCTImage:
    :path: "../node_modules/react-native/Libraries/Image"
  React-RCTLinking:
    :path: "../node_modules/react-native/Libraries/LinkingIOS"
  React-RCTNetwork:
    :path: "../node_modules/react-native/Libraries/Network"
  React-RCTSettings:
    :path: "../node_modules/react-native/Libraries/Settings"
  React-RCTText:
    :path: "../node_modules/react-native/Libraries/Text"
  React-RCTVibration:
    :path: "../node_modules/react-native/Libraries/Vibration"
  ReactCommon:
    :path: "../node_modules/react-native/ReactCommon"
  RNGestureHandler:
    :path: "../node_modules/react-native-gesture-handler"
  RNReanimated:
    :path: "../node_modules/react-native-reanimated"
  RNScreens:
    :path: "../node_modules/react-native-screens"
  Yoga:
    :path: "../node_modules/react-native/ReactCommon/yoga"

SPEC CHECKSUMS:
  boost-for-react-native: 39c7adb57c4e60d6c5479dd8623128eb5b3f0f2c
  DoubleConversion: 5805e889d232975c086db112ece9ed034df7a0b2
  FBLazyVector: feb35a6b7f7b50f367be07f34012f34a79282fa3
  FBReactNativeSpec: 51477b84b1bf7ab6f9ef307c24e3dd675391be44
  Folly: 30e7936e1c45c08d884aa59369ed951a8e68cf51
  glog: 1f3da668190260b06b429bb211bfbee5cd790c28
  RCTRequired: f3b3fb6f4723e8e52facb229d0c75fdc76773849
  RCTTypeSafety: 2ec60de6abb1db050b56ecc4b60188026078fd10
  React: 10e0130b57e55a7cd8c3dee37c1261102ce295f4
  React-Core: 636212410772d05f3a1eb79d965df2962ca1c70b
  React-CoreModules: 6f70d5e41919289c582f88c9ad9923fe5c87400a
  React-cxxreact: ddecbe9157ec1743f52ea17bf8d95debc0d6e846
  React-jsi: ca921f4041505f9d5197139b2d09eeb020bb12e8
  React-jsiexecutor: 8dfb73b987afa9324e4009bdce62a18ce23d983c
  React-jsinspector: d15478d0a8ada19864aa4d1cc1c697b41b3fa92f
  React-RCTActionSheet: 7369b7c85f99b6299491333affd9f01f5a130c22
  React-RCTAnimation: d07be15b2bd1d06d89417eb0343f98ffd2b099a7
  React-RCTBlob: 8e0b23d95c9baa98f6b0e127e07666aaafd96c34
  React-RCTImage: 443050d14a66e8c2332e9c055f45689d23e15cc7
  React-RCTLinking: ce9a90ba155aec41be49e75ec721bbae2d48a47e
  React-RCTNetwork: 41fe54bacc67dd00e6e4c4d30dd98a13e4beabc8
  React-RCTSettings: 45e3e0a6470310b2dab2ccc6d1d73121ba3ea936
  React-RCTText: 21934e0a51d522abcd0a275407e80af45d6fd9ec
  React-RCTVibration: 0f76400ee3cec6edb9c125da49fed279340d145a
  ReactCommon: a6a294e7028ed67b926d29551aa9394fd989c24c
  RNGestureHandler: a4ddde1ffc6e590c8127b8b7eabfdade45475c74
  RNReanimated: b2ab0b693dddd2339bd2f300e770f6302d2e960c
  RNScreens: f28b48b8345f2f5f39ed6195518291515032a788
  Yoga: ba3d99dbee6c15ea6bbe3783d1f0cb1ffb79af0f

PODFILE CHECKSUM: c7f3c4928c6d0c850545a0a28079ac3abeed60a4

COCOAPODS: 1.8.1
