# THIS IS AN AUTOGENERATED FILE. DO NOT EDIT THIS FILE DIRECTLY.
# yarn lockfile v1


blueimp-canvas-to-blob@^3.28.0:
  version "3.28.0"
  resolved "https://registry.yarnpkg.com/blueimp-canvas-to-blob/-/blueimp-canvas-to-blob-3.28.0.tgz#c8ab4dc6bb08774a7f273798cdf94b0776adf6c8"
  integrity sha512-5q+YHzgGsuHQ01iouGgJaPJXod2AzTxJXmVv90PpGrRxU7G7IqgPqWXz+PBmt3520jKKi6irWbNV87DicEa7wg==

compressorjs@^1.0.7:
  version "1.0.7"
  resolved "https://registry.yarnpkg.com/compressorjs/-/compressorjs-1.0.7.tgz#67cd0b3b9ac97540515b22b334dc32eb92b730b1"
  integrity sha512-ca+H8CGrn0LG103//VQmXBbNdvzvHiW26LGdWncp4RmLNbNQjaaFWIUxMN9++hbhGobLtofkHoxzzXGisNyD3w==
  dependencies:
    blueimp-canvas-to-blob "^3.28.0"
    is-blob "^2.1.0"

highlight.js@^11.1.0:
  version "11.1.0"
  resolved "https://registry.yarnpkg.com/highlight.js/-/highlight.js-11.1.0.tgz#0198f7326e64ddfbea5f76b00e84ab542cf24ae8"
  integrity sha512-X9VVhYKHQPPuwffO8jk4bP/FVj+ibNCy3HxZZNDXFtJrq4O5FdcdCDRIkDis5MiMnjh7UwEdHgRZJcHFYdzDdA==

is-blob@^2.1.0:
  version "2.1.0"
  resolved "https://registry.yarnpkg.com/is-blob/-/is-blob-2.1.0.tgz#e36cd82c90653f1e1b930f11baf9c64216a05385"
  integrity sha512-SZ/fTft5eUhQM6oF/ZaASFDEdbFVe89Imltn9uZr03wdKMcWNVYSMjQPFtg05QuNkt5l5c135ElvXEQG0rk4tw==

rangy@^1.3.0:
  version "1.3.0"
  resolved "https://registry.yarnpkg.com/rangy/-/rangy-1.3.0.tgz#b7c9a70aea05e5d8cdc74a8d4c8273d697271904"
  integrity sha1-t8mnCuoF5djNx0qNTIJz1pcnGQQ=
