{
  "name": "@notesnook/common",
  "version": "1.0.0",
  "lockfileVersion": 2,
  "requires": true,
  "packages": {
    "": {
      "name": "@notesnook/common",
      "version": "1.0.0",
      "license": "GPL-3.0-or-later",
      "dependencies": {
        "@notesnook/core": "file:../core",
        "timeago.js": "4.0.2"
      },
      "devDependencies": {
        "@notesnook/core": "file:../core",
        "@types/react": "17.0.2",
        "react": "17.0.2",
        "typescript": "^4.8.2"
      },
      "peerDependencies": {
        "react": ">=17.0.2",
        "timeago.js": "4.0.2"
      }
    },
    "../core": {
      "name": "@notesnook/core",
      "version": "7.3.6",
      "dev": true,
      "license": "GPL-3.0-or-later",
      "dependencies": {
        "@microsoft/signalr": "^6.0.7",
        "@microsoft/signalr-protocol-msgpack": "^6.0.7",
        "@notesnook/logger": "file:../logger",
        "@streetwriters/showdown": "^3.0.1-alpha.2",
        "async-mutex": "^0.3.2",
        "dayjs": "^1.11.3",
        "entities": "^4.3.1",
        "html-to-text": "^9.0.5",
        "htmlparser2": "^8.0.1",
        "linkedom": "^0.14.17",
        "liqe": "^1.13.0",
        "mime-db": "1.52.0",
        "qclone": "^1.2.0",
        "spark-md5": "^3.0.2"
      },
      "devDependencies": {
        "@babel/core": "^7.18.9",
        "@babel/plugin-transform-runtime": "^7.18.9",
        "@babel/preset-env": "^7.18.9",
        "@babel/runtime": "^7.18.9",
        "@notesnook/crypto": "file:../crypto",
        "@types/html-to-text": "^9.0.0",
        "@types/jest": "^28.1.6",
        "@types/showdown": "^2.0.0",
        "abortcontroller-polyfill": "^1.7.3",
        "analyze-es6-modules": "^0.6.2",
        "babel-jest": "^28.1.3",
        "babel-plugin-syntax-object-rest-spread": "^6.13.0",
        "babel-polyfill": "^6.26.0",
        "babel-preset-env": "^1.7.0",
        "dotenv": "^16.0.1",
        "env-cmd": "^10.1.0",
        "eventsource": "^2.0.2",
        "jest": "^28.1.3",
        "jest-fetch-mock": "^3.0.3",
        "jsdom": "^20.0.0",
        "mockdate": "^3.0.5",
        "otplib": "^12.0.1"
      }
    },
    "node_modules/@notesnook/core": {
      "resolved": "../core",
      "link": true
    },
    "node_modules/@types/prop-types": {
      "version": "15.7.5",
      "resolved": "https://registry.npmjs.org/@types/prop-types/-/prop-types-15.7.5.tgz",
      "integrity": "sha512-JCB8C6SnDoQf0cNycqd/35A7MjcnK+ZTqE7judS6o7utxUCg6imJg3QK2qzHKszlTjcj2cn+NwMB2i96ubpj7w==",
      "dev": true
    },
    "node_modules/@types/react": {
      "version": "17.0.2",
      "resolved": "https://registry.npmjs.org/@types/react/-/react-17.0.2.tgz",
      "integrity": "sha512-Xt40xQsrkdvjn1EyWe1Bc0dJLcil/9x2vAuW7ya+PuQip4UYUaXyhzWmAbwRsdMgwOFHpfp7/FFZebDU6Y8VHA==",
      "dev": true,
      "dependencies": {
        "@types/prop-types": "*",
        "csstype": "^3.0.2"
      }
    },
    "node_modules/csstype": {
      "version": "3.1.2",
      "resolved": "https://registry.npmjs.org/csstype/-/csstype-3.1.2.tgz",
      "integrity": "sha512-I7K1Uu0MBPzaFKg4nI5Q7Vs2t+3gWWW648spaF+Rg7pI9ds18Ugn+lvg4SHczUdKlHI5LWBXyqfS8+DufyBsgQ==",
      "dev": true
    },
    "node_modules/js-tokens": {
      "version": "4.0.0",
      "resolved": "https://registry.npmjs.org/js-tokens/-/js-tokens-4.0.0.tgz",
      "integrity": "sha512-RdJUflcE3cUzKiMqQgsCu06FPu9UdIJO0beYbPhHN4k6apgJtifcoCtT9bcxOpYBtpD2kCM6Sbzg4CausW/PKQ==",
      "dev": true
    },
    "node_modules/loose-envify": {
      "version": "1.4.0",
      "resolved": "https://registry.npmjs.org/loose-envify/-/loose-envify-1.4.0.tgz",
      "integrity": "sha512-lyuxPGr/Wfhrlem2CL/UcnUc1zcqKAImBDzukY7Y5F/yQiNdko6+fRLevlw1HgMySw7f611UIY408EtxRSoK3Q==",
      "dev": true,
      "dependencies": {
        "js-tokens": "^3.0.0 || ^4.0.0"
      },
      "bin": {
        "loose-envify": "cli.js"
      }
    },
    "node_modules/object-assign": {
      "version": "4.1.1",
      "resolved": "https://registry.npmjs.org/object-assign/-/object-assign-4.1.1.tgz",
      "integrity": "sha512-rJgTQnkUnH1sFw8yT6VSU3zD3sWmu6sZhIseY8VX+GRu3P6F7Fu+JNDoXfklElbLJSnc3FUQHVe4cU5hj+BcUg==",
      "dev": true,
      "engines": {
        "node": ">=0.10.0"
      }
    },
    "node_modules/react": {
      "version": "17.0.2",
      "resolved": "https://registry.npmjs.org/react/-/react-17.0.2.tgz",
      "integrity": "sha512-gnhPt75i/dq/z3/6q/0asP78D0u592D5L1pd7M8P+dck6Fu/jJeL6iVVK23fptSUZj8Vjf++7wXA8UNclGQcbA==",
      "dev": true,
      "dependencies": {
        "loose-envify": "^1.1.0",
        "object-assign": "^4.1.1"
      },
      "engines": {
        "node": ">=0.10.0"
      }
    },
    "node_modules/timeago.js": {
      "version": "4.0.2",
      "resolved": "https://registry.npmjs.org/timeago.js/-/timeago.js-4.0.2.tgz",
      "integrity": "sha512-a7wPxPdVlQL7lqvitHGGRsofhdwtkoSXPGATFuSOA2i1ZNQEPLrGnj68vOp2sOJTCFAQVXPeNMX/GctBaO9L2w=="
    },
    "node_modules/typescript": {
      "version": "4.9.5",
      "resolved": "https://registry.npmjs.org/typescript/-/typescript-4.9.5.tgz",
      "integrity": "sha512-1FXk9E2Hm+QzZQ7z+McJiHL4NW1F2EzMu9Nq9i3zAaGqibafqYwCVU6WyWAuyQRRzOlxou8xZSyXLEN8oKj24g==",
      "dev": true,
      "bin": {
        "tsc": "bin/tsc",
        "tsserver": "bin/tsserver"
      },
      "engines": {
        "node": ">=4.2.0"
      }
    }
  },
  "dependencies": {
    "@notesnook/core": {
      "version": "file:../core",
      "requires": {
        "@babel/core": "^7.18.9",
        "@babel/plugin-transform-runtime": "^7.18.9",
        "@babel/preset-env": "^7.18.9",
        "@babel/runtime": "^7.18.9",
        "@microsoft/signalr": "^6.0.7",
        "@microsoft/signalr-protocol-msgpack": "^6.0.7",
        "@notesnook/crypto": "file:../crypto",
        "@notesnook/logger": "file:../logger",
        "@streetwriters/showdown": "^3.0.1-alpha.2",
        "@types/html-to-text": "^9.0.0",
        "@types/jest": "^28.1.6",
        "@types/showdown": "^2.0.0",
        "abortcontroller-polyfill": "^1.7.3",
        "analyze-es6-modules": "^0.6.2",
        "async-mutex": "^0.3.2",
        "babel-jest": "^28.1.3",
        "babel-plugin-syntax-object-rest-spread": "^6.13.0",
        "babel-polyfill": "^6.26.0",
        "babel-preset-env": "^1.7.0",
        "dayjs": "^1.11.3",
        "dotenv": "^16.0.1",
        "entities": "^4.3.1",
        "env-cmd": "^10.1.0",
        "eventsource": "^2.0.2",
        "html-to-text": "^9.0.5",
        "htmlparser2": "^8.0.1",
        "jest": "^28.1.3",
        "jest-fetch-mock": "^3.0.3",
        "jsdom": "^20.0.0",
        "linkedom": "^0.14.17",
        "liqe": "^1.13.0",
        "mime-db": "1.52.0",
        "mockdate": "^3.0.5",
        "otplib": "^12.0.1",
        "qclone": "^1.2.0",
        "spark-md5": "^3.0.2"
      }
    },
    "@types/prop-types": {
      "version": "15.7.5",
      "resolved": "https://registry.npmjs.org/@types/prop-types/-/prop-types-15.7.5.tgz",
      "integrity": "sha512-JCB8C6SnDoQf0cNycqd/35A7MjcnK+ZTqE7judS6o7utxUCg6imJg3QK2qzHKszlTjcj2cn+NwMB2i96ubpj7w==",
      "dev": true
    },
    "@types/react": {
      "version": "17.0.2",
      "resolved": "https://registry.npmjs.org/@types/react/-/react-17.0.2.tgz",
      "integrity": "sha512-Xt40xQsrkdvjn1EyWe1Bc0dJLcil/9x2vAuW7ya+PuQip4UYUaXyhzWmAbwRsdMgwOFHpfp7/FFZebDU6Y8VHA==",
      "dev": true,
      "requires": {
        "@types/prop-types": "*",
        "csstype": "^3.0.2"
      }
    },
    "csstype": {
      "version": "3.1.2",
      "resolved": "https://registry.npmjs.org/csstype/-/csstype-3.1.2.tgz",
      "integrity": "sha512-I7K1Uu0MBPzaFKg4nI5Q7Vs2t+3gWWW648spaF+Rg7pI9ds18Ugn+lvg4SHczUdKlHI5LWBXyqfS8+DufyBsgQ==",
      "dev": true
    },
    "js-tokens": {
      "version": "4.0.0",
      "resolved": "https://registry.npmjs.org/js-tokens/-/js-tokens-4.0.0.tgz",
      "integrity": "sha512-RdJUflcE3cUzKiMqQgsCu06FPu9UdIJO0beYbPhHN4k6apgJtifcoCtT9bcxOpYBtpD2kCM6Sbzg4CausW/PKQ==",
      "dev": true
    },
    "loose-envify": {
      "version": "1.4.0",
      "resolved": "https://registry.npmjs.org/loose-envify/-/loose-envify-1.4.0.tgz",
      "integrity": "sha512-lyuxPGr/Wfhrlem2CL/UcnUc1zcqKAImBDzukY7Y5F/yQiNdko6+fRLevlw1HgMySw7f611UIY408EtxRSoK3Q==",
      "dev": true,
      "requires": {
        "js-tokens": "^3.0.0 || ^4.0.0"
      }
    },
    "object-assign": {
      "version": "4.1.1",
      "resolved": "https://registry.npmjs.org/object-assign/-/object-assign-4.1.1.tgz",
      "integrity": "sha512-rJgTQnkUnH1sFw8yT6VSU3zD3sWmu6sZhIseY8VX+GRu3P6F7Fu+JNDoXfklElbLJSnc3FUQHVe4cU5hj+BcUg==",
      "dev": true
    },
    "react": {
      "version": "17.0.2",
      "resolved": "https://registry.npmjs.org/react/-/react-17.0.2.tgz",
      "integrity": "sha512-gnhPt75i/dq/z3/6q/0asP78D0u592D5L1pd7M8P+dck6Fu/jJeL6iVVK23fptSUZj8Vjf++7wXA8UNclGQcbA==",
      "dev": true,
      "requires": {
        "loose-envify": "^1.1.0",
        "object-assign": "^4.1.1"
      }
    },
    "timeago.js": {
      "version": "4.0.2",
      "resolved": "https://registry.npmjs.org/timeago.js/-/timeago.js-4.0.2.tgz",
      "integrity": "sha512-a7wPxPdVlQL7lqvitHGGRsofhdwtkoSXPGATFuSOA2i1ZNQEPLrGnj68vOp2sOJTCFAQVXPeNMX/GctBaO9L2w=="
    },
    "typescript": {
      "version": "4.9.5",
      "resolved": "https://registry.npmjs.org/typescript/-/typescript-4.9.5.tgz",
      "integrity": "sha512-1FXk9E2Hm+QzZQ7z+McJiHL4NW1F2EzMu9Nq9i3zAaGqibafqYwCVU6WyWAuyQRRzOlxou8xZSyXLEN8oKj24g==",
      "dev": true
    }
  }
}
