{
  "name": "@notesnook/ui",
  "version": "1.0.0",
  "lockfileVersion": 3,
  "requires": true,
  "packages": {
    "": {
      "name": "@notesnook/ui",
      "version": "1.0.0",
      "license": "GPL-3.0-or-later",
      "dependencies": {
        "@mdi/js": "^7.2.96",
        "@mdi/react": "^1.6.1",
        "@notesnook/theme": "file:../theme",
        "@theme-ui/components": "^0.14.7",
        "@theme-ui/core": "^0.14.7",
        "framer-motion": "^6.5.1",
        "mac-scrollbar": "^0.10.3",
        "react-modal": "^3.15.1"
      },
      "devDependencies": {
        "@types/react": "17.0.2",
        "@types/react-dom": "17.0.2",
        "@types/react-modal": "^3.15.1",
        "react": "17.0.2",
        "react-dom": "17.0.2"
      },
      "peerDependencies": {
        "@emotion/react": ">=11.0.0",
        "@mdi/js": ">=7.2.96",
        "@mdi/react": ">=1.6.1",
        "@theme-ui/components": ">=0.14.0",
        "@theme-ui/core": ">=0.14.0",
        "react": ">=17.0.0",
        "react-dom": ">=17.0.0"
      }
    },
    "../theme": {
      "name": "@notesnook/theme",
      "version": "1.1.0",
      "license": "GPL-3.0-or-later",
      "dependencies": {
        "@emotion/react": "^11.10.8",
        "@theme-ui/components": "0.14.7",
        "@theme-ui/core": "0.14.7",
        "tinycolor2": "^1.4.2"
      },
      "devDependencies": {
        "@types/react": "17.0.2",
        "@types/tinycolor2": "^1.4.3"
      },
      "peerDependencies": {
        "react": "17.0.2"
      }
    },
    "node_modules/@emotion/is-prop-valid": {
      "version": "0.8.8",
      "resolved": "https://registry.npmjs.org/@emotion/is-prop-valid/-/is-prop-valid-0.8.8.tgz",
      "integrity": "sha512-u5WtneEAr5IDG2Wv65yhunPSMLIpuKsbuOktRojfrEiEvRyC85LgPMZI63cr7NUqT8ZIGdSVg8ZKGxIug4lXcA==",
      "dependencies": {
        "@emotion/memoize": "0.7.4"
      }
    },
    "node_modules/@emotion/is-prop-valid/node_modules/@emotion/memoize": {
      "version": "0.7.4",
      "resolved": "https://registry.npmjs.org/@emotion/memoize/-/memoize-0.7.4.tgz",
      "integrity": "sha512-Ja/Vfqe3HpuzRsG1oBtWTHk2PGZ7GR+2Vz5iYGelAw8dx32K0y7PjVuxK6z1nMpZOqAFsRUPCkK1YjJ56qJlgw=="
    },
    "node_modules/@mdi/js": {
      "version": "7.2.96",
      "resolved": "https://registry.npmjs.org/@mdi/js/-/js-7.2.96.tgz",
      "integrity": "sha512-paR9M9ZT7rKbh2boksNUynuSZMHhqRYnEZOm/KrZTjQ4/FzyhjLHuvw/8XYzP+E7fS4+/Ms/82EN1pl/OFsiIA=="
    },
    "node_modules/@mdi/react": {
      "version": "1.6.1",
      "resolved": "https://registry.npmjs.org/@mdi/react/-/react-1.6.1.tgz",
      "integrity": "sha512-4qZeDcluDFGFTWkHs86VOlHkm6gnKaMql13/gpIcUQ8kzxHgpj31NuCkD8abECVfbULJ3shc7Yt4HJ6Wu6SN4w==",
      "dependencies": {
        "prop-types": "^15.7.2"
      }
    },
    "node_modules/@motionone/animation": {
      "version": "10.15.1",
      "resolved": "https://registry.npmjs.org/@motionone/animation/-/animation-10.15.1.tgz",
      "integrity": "sha512-mZcJxLjHor+bhcPuIFErMDNyrdb2vJur8lSfMCsuCB4UyV8ILZLvK+t+pg56erv8ud9xQGK/1OGPt10agPrCyQ==",
      "dependencies": {
        "@motionone/easing": "^10.15.1",
        "@motionone/types": "^10.15.1",
        "@motionone/utils": "^10.15.1",
        "tslib": "^2.3.1"
      }
    },
    "node_modules/@motionone/dom": {
      "version": "10.12.0",
      "resolved": "https://registry.npmjs.org/@motionone/dom/-/dom-10.12.0.tgz",
      "integrity": "sha512-UdPTtLMAktHiqV0atOczNYyDd/d8Cf5fFsd1tua03PqTwwCe/6lwhLSQ8a7TbnQ5SN0gm44N1slBfj+ORIhrqw==",
      "dependencies": {
        "@motionone/animation": "^10.12.0",
        "@motionone/generators": "^10.12.0",
        "@motionone/types": "^10.12.0",
        "@motionone/utils": "^10.12.0",
        "hey-listen": "^1.0.8",
        "tslib": "^2.3.1"
      }
    },
    "node_modules/@motionone/easing": {
      "version": "10.15.1",
      "resolved": "https://registry.npmjs.org/@motionone/easing/-/easing-10.15.1.tgz",
      "integrity": "sha512-6hIHBSV+ZVehf9dcKZLT7p5PEKHGhDwky2k8RKkmOvUoYP3S+dXsKupyZpqx5apjd9f+php4vXk4LuS+ADsrWw==",
      "dependencies": {
        "@motionone/utils": "^10.15.1",
        "tslib": "^2.3.1"
      }
    },
    "node_modules/@motionone/generators": {
      "version": "10.15.1",
      "resolved": "https://registry.npmjs.org/@motionone/generators/-/generators-10.15.1.tgz",
      "integrity": "sha512-67HLsvHJbw6cIbLA/o+gsm7h+6D4Sn7AUrB/GPxvujse1cGZ38F5H7DzoH7PhX+sjvtDnt2IhFYF2Zp1QTMKWQ==",
      "dependencies": {
        "@motionone/types": "^10.15.1",
        "@motionone/utils": "^10.15.1",
        "tslib": "^2.3.1"
      }
    },
    "node_modules/@motionone/types": {
      "version": "10.15.1",
      "resolved": "https://registry.npmjs.org/@motionone/types/-/types-10.15.1.tgz",
      "integrity": "sha512-iIUd/EgUsRZGrvW0jqdst8st7zKTzS9EsKkP+6c6n4MPZoQHwiHuVtTQLD6Kp0bsBLhNzKIBlHXponn/SDT4hA=="
    },
    "node_modules/@motionone/utils": {
      "version": "10.15.1",
      "resolved": "https://registry.npmjs.org/@motionone/utils/-/utils-10.15.1.tgz",
      "integrity": "sha512-p0YncgU+iklvYr/Dq4NobTRdAPv9PveRDUXabPEeOjBLSO/1FNB2phNTZxOxpi1/GZwYpAoECEa0Wam+nsmhSw==",
      "dependencies": {
        "@motionone/types": "^10.15.1",
        "hey-listen": "^1.0.8",
        "tslib": "^2.3.1"
      }
    },
    "node_modules/@notesnook/theme": {
      "resolved": "../theme",
      "link": true
    },
    "node_modules/@styled-system/background": {
      "version": "5.1.2",
      "resolved": "https://registry.npmjs.org/@styled-system/background/-/background-5.1.2.tgz",
      "integrity": "sha512-jtwH2C/U6ssuGSvwTN3ri/IyjdHb8W9X/g8Y0JLcrH02G+BW3OS8kZdHphF1/YyRklnrKrBT2ngwGUK6aqqV3A==",
      "dependencies": {
        "@styled-system/core": "^5.1.2"
      }
    },
    "node_modules/@styled-system/border": {
      "version": "5.1.5",
      "resolved": "https://registry.npmjs.org/@styled-system/border/-/border-5.1.5.tgz",
      "integrity": "sha512-JvddhNrnhGigtzWRCVuAHepniyVi6hBlimxWDVAdcTuk7aRn9BYJUwfHslURtwYFsF5FoEs8Zmr1oZq2M1AP0A==",
      "dependencies": {
        "@styled-system/core": "^5.1.2"
      }
    },
    "node_modules/@styled-system/color": {
      "version": "5.1.2",
      "resolved": "https://registry.npmjs.org/@styled-system/color/-/color-5.1.2.tgz",
      "integrity": "sha512-1kCkeKDZkt4GYkuFNKc7vJQMcOmTl3bJY3YBUs7fCNM6mMYJeT1pViQ2LwBSBJytj3AB0o4IdLBoepgSgGl5MA==",
      "dependencies": {
        "@styled-system/core": "^5.1.2"
      }
    },
    "node_modules/@styled-system/core": {
      "version": "5.1.2",
      "resolved": "https://registry.npmjs.org/@styled-system/core/-/core-5.1.2.tgz",
      "integrity": "sha512-XclBDdNIy7OPOsN4HBsawG2eiWfCcuFt6gxKn1x4QfMIgeO6TOlA2pZZ5GWZtIhCUqEPTgIBta6JXsGyCkLBYw==",
      "dependencies": {
        "object-assign": "^4.1.1"
      }
    },
    "node_modules/@styled-system/css": {
      "version": "5.1.5",
      "resolved": "https://registry.npmjs.org/@styled-system/css/-/css-5.1.5.tgz",
      "integrity": "sha512-XkORZdS5kypzcBotAMPBoeckDs9aSZVkvrAlq5K3xP8IMAUek+x2O4NtwoSgkYkWWzVBu6DGdFZLR790QWGG+A=="
    },
    "node_modules/@styled-system/flexbox": {
      "version": "5.1.2",
      "resolved": "https://registry.npmjs.org/@styled-system/flexbox/-/flexbox-5.1.2.tgz",
      "integrity": "sha512-6hHV52+eUk654Y1J2v77B8iLeBNtc+SA3R4necsu2VVinSD7+XY5PCCEzBFaWs42dtOEDIa2lMrgL0YBC01mDQ==",
      "dependencies": {
        "@styled-system/core": "^5.1.2"
      }
    },
    "node_modules/@styled-system/grid": {
      "version": "5.1.2",
      "resolved": "https://registry.npmjs.org/@styled-system/grid/-/grid-5.1.2.tgz",
      "integrity": "sha512-K3YiV1KyHHzgdNuNlaw8oW2ktMuGga99o1e/NAfTEi5Zsa7JXxzwEnVSDSBdJC+z6R8WYTCYRQC6bkVFcvdTeg==",
      "dependencies": {
        "@styled-system/core": "^5.1.2"
      }
    },
    "node_modules/@styled-system/layout": {
      "version": "5.1.2",
      "resolved": "https://registry.npmjs.org/@styled-system/layout/-/layout-5.1.2.tgz",
      "integrity": "sha512-wUhkMBqSeacPFhoE9S6UF3fsMEKFv91gF4AdDWp0Aym1yeMPpqz9l9qS/6vjSsDPF7zOb5cOKC3tcKKOMuDCPw==",
      "dependencies": {
        "@styled-system/core": "^5.1.2"
      }
    },
    "node_modules/@styled-system/position": {
      "version": "5.1.2",
      "resolved": "https://registry.npmjs.org/@styled-system/position/-/position-5.1.2.tgz",
      "integrity": "sha512-60IZfMXEOOZe3l1mCu6sj/2NAyUmES2kR9Kzp7s2D3P4qKsZWxD1Se1+wJvevb+1TP+ZMkGPEYYXRyU8M1aF5A==",
      "dependencies": {
        "@styled-system/core": "^5.1.2"
      }
    },
    "node_modules/@styled-system/shadow": {
      "version": "5.1.2",
      "resolved": "https://registry.npmjs.org/@styled-system/shadow/-/shadow-5.1.2.tgz",
      "integrity": "sha512-wqniqYb7XuZM7K7C0d1Euxc4eGtqEe/lvM0WjuAFsQVImiq6KGT7s7is+0bNI8O4Dwg27jyu4Lfqo/oIQXNzAg==",
      "dependencies": {
        "@styled-system/core": "^5.1.2"
      }
    },
    "node_modules/@styled-system/should-forward-prop": {
      "version": "5.1.5",
      "resolved": "https://registry.npmjs.org/@styled-system/should-forward-prop/-/should-forward-prop-5.1.5.tgz",
      "integrity": "sha512-+rPRomgCGYnUIaFabDoOgpSDc4UUJ1KsmlnzcEp0tu5lFrBQKgZclSo18Z1URhaZm7a6agGtS5Xif7tuC2s52Q==",
      "dependencies": {
        "@emotion/is-prop-valid": "^0.8.1",
        "@emotion/memoize": "^0.7.1",
        "styled-system": "^5.1.5"
      }
    },
    "node_modules/@styled-system/should-forward-prop/node_modules/@emotion/memoize": {
      "version": "0.7.5",
      "resolved": "https://registry.npmjs.org/@emotion/memoize/-/memoize-0.7.5.tgz",
      "integrity": "sha512-igX9a37DR2ZPGYtV6suZ6whr8pTFtyHL3K/oLUotxpSVO2ASaprmAe2Dkq7tBo7CRY7MMDrAa9nuQP9/YG8FxQ=="
    },
    "node_modules/@styled-system/space": {
      "version": "5.1.2",
      "resolved": "https://registry.npmjs.org/@styled-system/space/-/space-5.1.2.tgz",
      "integrity": "sha512-+zzYpR8uvfhcAbaPXhH8QgDAV//flxqxSjHiS9cDFQQUSznXMQmxJegbhcdEF7/eNnJgHeIXv1jmny78kipgBA==",
      "dependencies": {
        "@styled-system/core": "^5.1.2"
      }
    },
    "node_modules/@styled-system/typography": {
      "version": "5.1.2",
      "resolved": "https://registry.npmjs.org/@styled-system/typography/-/typography-5.1.2.tgz",
      "integrity": "sha512-BxbVUnN8N7hJ4aaPOd7wEsudeT7CxarR+2hns8XCX1zp0DFfbWw4xYa/olA0oQaqx7F1hzDg+eRaGzAJbF+jOg==",
      "dependencies": {
        "@styled-system/core": "^5.1.2"
      }
    },
    "node_modules/@styled-system/variant": {
      "version": "5.1.5",
      "resolved": "https://registry.npmjs.org/@styled-system/variant/-/variant-5.1.5.tgz",
      "integrity": "sha512-Yn8hXAFoWIro8+Q5J8YJd/mP85Teiut3fsGVR9CAxwgNfIAiqlYxsk5iHU7VHJks/0KjL4ATSjmbtCDC/4l1qw==",
      "dependencies": {
        "@styled-system/core": "^5.1.2",
        "@styled-system/css": "^5.1.5"
      }
    },
    "node_modules/@theme-ui/components": {
      "version": "0.14.7",
      "resolved": "https://registry.npmjs.org/@theme-ui/components/-/components-0.14.7.tgz",
      "integrity": "sha512-iIzqBvRL8GNVkzuZinxInYNFW/38pvqqthuCgLsnOC0/A4Q4v13mn/fxlZa6pJjwouswsRLOrkd63bS7Svzkfw==",
      "dependencies": {
        "@styled-system/color": "^5.1.2",
        "@styled-system/should-forward-prop": "^5.1.2",
        "@styled-system/space": "^5.1.2",
        "@theme-ui/css": "0.14.7",
        "@types/styled-system": "^5.1.13"
      },
      "peerDependencies": {
        "@emotion/react": "^11",
        "react": ">16"
      }
    },
    "node_modules/@theme-ui/core": {
      "version": "0.14.7",
      "resolved": "https://registry.npmjs.org/@theme-ui/core/-/core-0.14.7.tgz",
      "integrity": "sha512-u60cKOZYsGDG9sSoM4jYj743OpNXXU27f7vXGwrO/B1t/1sv1MAQA0R8HtVwoi9DyOIcOmWfMWYTiMg+4vV1MA==",
      "dependencies": {
        "@theme-ui/css": "0.14.7",
        "@theme-ui/parse-props": "0.14.7",
        "deepmerge": "^4.2.2"
      },
      "peerDependencies": {
        "@emotion/react": "^11",
        "react": ">16"
      }
    },
    "node_modules/@theme-ui/css": {
      "version": "0.14.7",
      "resolved": "https://registry.npmjs.org/@theme-ui/css/-/css-0.14.7.tgz",
      "integrity": "sha512-DbGw0T4MrTjiRs6lnyYgSD2TV/LvFErzDDpm0ICPL2KqDwqgHX4mFpDafj8/DkyCO9wx2KEiUuE+0NtOlR3i4w==",
      "dependencies": {
        "csstype": "^3.0.10"
      },
      "peerDependencies": {
        "@emotion/react": "^11"
      }
    },
    "node_modules/@theme-ui/parse-props": {
      "version": "0.14.7",
      "resolved": "https://registry.npmjs.org/@theme-ui/parse-props/-/parse-props-0.14.7.tgz",
      "integrity": "sha512-qF10mAYs3wcIkSU5ZSbmHUngwTkPS87D23qg1ArbeO+m+/e4uqOy0+6W0Lt/4JTP7lnWWsCYuScK3F3hOp2q0w==",
      "dependencies": {
        "@theme-ui/css": "0.14.7"
      },
      "peerDependencies": {
        "@emotion/react": "^11",
        "react": ">16"
      }
    },
    "node_modules/@types/prop-types": {
      "version": "15.7.5",
      "resolved": "https://registry.npmjs.org/@types/prop-types/-/prop-types-15.7.5.tgz",
      "integrity": "sha512-JCB8C6SnDoQf0cNycqd/35A7MjcnK+ZTqE7judS6o7utxUCg6imJg3QK2qzHKszlTjcj2cn+NwMB2i96ubpj7w==",
      "dev": true
    },
    "node_modules/@types/react": {
      "version": "17.0.2",
      "resolved": "https://registry.npmjs.org/@types/react/-/react-17.0.2.tgz",
      "integrity": "sha512-Xt40xQsrkdvjn1EyWe1Bc0dJLcil/9x2vAuW7ya+PuQip4UYUaXyhzWmAbwRsdMgwOFHpfp7/FFZebDU6Y8VHA==",
      "dev": true,
      "dependencies": {
        "@types/prop-types": "*",
        "csstype": "^3.0.2"
      }
    },
    "node_modules/@types/react-dom": {
      "version": "17.0.2",
      "resolved": "https://registry.npmjs.org/@types/react-dom/-/react-dom-17.0.2.tgz",
      "integrity": "sha512-Icd9KEgdnFfJs39KyRyr0jQ7EKhq8U6CcHRMGAS45fp5qgUvxL3ujUCfWFttUK2UErqZNj97t9gsVPNAqcwoCg==",
      "dev": true,
      "dependencies": {
        "@types/react": "*"
      }
    },
    "node_modules/@types/react-modal": {
      "version": "3.16.0",
      "resolved": "https://registry.npmjs.org/@types/react-modal/-/react-modal-3.16.0.tgz",
      "integrity": "sha512-iphdqXAyUfByLbxJn5j6d+yh93dbMgshqGP0IuBeaKbZXx0aO+OXsvEkt6QctRdxjeM9/bR+Gp3h9F9djVWTQQ==",
      "dev": true,
      "dependencies": {
        "@types/react": "*"
      }
    },
    "node_modules/@types/styled-system": {
      "version": "5.1.16",
      "resolved": "https://registry.npmjs.org/@types/styled-system/-/styled-system-5.1.16.tgz",
      "integrity": "sha512-+dyGs2n2o6QStsexh87NeaRmXYnKOnEe7iOEkcYOwKwI5a1gFL0+Mt/hZKi+4KD1qDMkLkGb0lpDrffb/vSkDQ==",
      "dependencies": {
        "csstype": "^3.0.2"
      }
    },
    "node_modules/csstype": {
      "version": "3.1.2",
      "resolved": "https://registry.npmjs.org/csstype/-/csstype-3.1.2.tgz",
      "integrity": "sha512-I7K1Uu0MBPzaFKg4nI5Q7Vs2t+3gWWW648spaF+Rg7pI9ds18Ugn+lvg4SHczUdKlHI5LWBXyqfS8+DufyBsgQ=="
    },
    "node_modules/deepmerge": {
      "version": "4.3.1",
      "resolved": "https://registry.npmjs.org/deepmerge/-/deepmerge-4.3.1.tgz",
      "integrity": "sha512-3sUqbMEc77XqpdNO7FRyRog+eW3ph+GYCbj+rK+uYyRMuwsVy0rMiVtPn+QJlKFvWP/1PYpapqYn0Me2knFn+A==",
      "engines": {
        "node": ">=0.10.0"
      }
    },
    "node_modules/exenv": {
      "version": "1.2.2",
      "resolved": "https://registry.npmjs.org/exenv/-/exenv-1.2.2.tgz",
      "integrity": "sha512-Z+ktTxTwv9ILfgKCk32OX3n/doe+OcLTRtqK9pcL+JsP3J1/VW8Uvl4ZjLlKqeW4rzK4oesDOGMEMRIZqtP4Iw=="
    },
    "node_modules/framer-motion": {
      "version": "6.5.1",
      "resolved": "https://registry.npmjs.org/framer-motion/-/framer-motion-6.5.1.tgz",
      "integrity": "sha512-o1BGqqposwi7cgDrtg0dNONhkmPsUFDaLcKXigzuTFC5x58mE8iyTazxSudFzmT6MEyJKfjjU8ItoMe3W+3fiw==",
      "dependencies": {
        "@motionone/dom": "10.12.0",
        "framesync": "6.0.1",
        "hey-listen": "^1.0.8",
        "popmotion": "11.0.3",
        "style-value-types": "5.0.0",
        "tslib": "^2.1.0"
      },
      "optionalDependencies": {
        "@emotion/is-prop-valid": "^0.8.2"
      },
      "peerDependencies": {
        "react": ">=16.8 || ^17.0.0 || ^18.0.0",
        "react-dom": ">=16.8 || ^17.0.0 || ^18.0.0"
      }
    },
    "node_modules/framesync": {
      "version": "6.0.1",
      "resolved": "https://registry.npmjs.org/framesync/-/framesync-6.0.1.tgz",
      "integrity": "sha512-fUY88kXvGiIItgNC7wcTOl0SNRCVXMKSWW2Yzfmn7EKNc+MpCzcz9DhdHcdjbrtN3c6R4H5dTY2jiCpPdysEjA==",
      "dependencies": {
        "tslib": "^2.1.0"
      }
    },
    "node_modules/hey-listen": {
      "version": "1.0.8",
      "resolved": "https://registry.npmjs.org/hey-listen/-/hey-listen-1.0.8.tgz",
      "integrity": "sha512-COpmrF2NOg4TBWUJ5UVyaCU2A88wEMkUPK4hNqyCkqHbxT92BbvfjoSozkAIIm6XhicGlJHhFdullInrdhwU8Q=="
    },
    "node_modules/js-tokens": {
      "version": "4.0.0",
      "resolved": "https://registry.npmjs.org/js-tokens/-/js-tokens-4.0.0.tgz",
      "integrity": "sha512-RdJUflcE3cUzKiMqQgsCu06FPu9UdIJO0beYbPhHN4k6apgJtifcoCtT9bcxOpYBtpD2kCM6Sbzg4CausW/PKQ=="
    },
    "node_modules/loose-envify": {
      "version": "1.4.0",
      "resolved": "https://registry.npmjs.org/loose-envify/-/loose-envify-1.4.0.tgz",
      "integrity": "sha512-lyuxPGr/Wfhrlem2CL/UcnUc1zcqKAImBDzukY7Y5F/yQiNdko6+fRLevlw1HgMySw7f611UIY408EtxRSoK3Q==",
      "dependencies": {
        "js-tokens": "^3.0.0 || ^4.0.0"
      },
      "bin": {
        "loose-envify": "cli.js"
      }
    },
    "node_modules/mac-scrollbar": {
      "version": "0.10.7",
      "resolved": "https://registry.npmjs.org/mac-scrollbar/-/mac-scrollbar-0.10.7.tgz",
      "integrity": "sha512-3AL/sxi+W2gwo83Q6Uy/0a10tuaOzqVd+edhq+M3Y7ml5TaZDoLOO56KRTMjFPIZPh/qoB7+o1P3lEXnxLRbEQ=="
    },
    "node_modules/object-assign": {
      "version": "4.1.1",
      "resolved": "https://registry.npmjs.org/object-assign/-/object-assign-4.1.1.tgz",
      "integrity": "sha512-rJgTQnkUnH1sFw8yT6VSU3zD3sWmu6sZhIseY8VX+GRu3P6F7Fu+JNDoXfklElbLJSnc3FUQHVe4cU5hj+BcUg==",
      "engines": {
        "node": ">=0.10.0"
      }
    },
    "node_modules/popmotion": {
      "version": "11.0.3",
      "resolved": "https://registry.npmjs.org/popmotion/-/popmotion-11.0.3.tgz",
      "integrity": "sha512-Y55FLdj3UxkR7Vl3s7Qr4e9m0onSnP8W7d/xQLsoJM40vs6UKHFdygs6SWryasTZYqugMjm3BepCF4CWXDiHgA==",
      "dependencies": {
        "framesync": "6.0.1",
        "hey-listen": "^1.0.8",
        "style-value-types": "5.0.0",
        "tslib": "^2.1.0"
      }
    },
    "node_modules/prop-types": {
      "version": "15.8.1",
      "resolved": "https://registry.npmjs.org/prop-types/-/prop-types-15.8.1.tgz",
      "integrity": "sha512-oj87CgZICdulUohogVAR7AjlC0327U4el4L6eAvOqCeudMDVU0NThNaV+b9Df4dXgSP1gXMTnPdhfe/2qDH5cg==",
      "dependencies": {
        "loose-envify": "^1.4.0",
        "object-assign": "^4.1.1",
        "react-is": "^16.13.1"
      }
    },
    "node_modules/react": {
      "version": "17.0.2",
      "resolved": "https://registry.npmjs.org/react/-/react-17.0.2.tgz",
      "integrity": "sha512-gnhPt75i/dq/z3/6q/0asP78D0u592D5L1pd7M8P+dck6Fu/jJeL6iVVK23fptSUZj8Vjf++7wXA8UNclGQcbA==",
      "dev": true,
      "dependencies": {
        "loose-envify": "^1.1.0",
        "object-assign": "^4.1.1"
      },
      "engines": {
        "node": ">=0.10.0"
      }
    },
    "node_modules/react-dom": {
      "version": "17.0.2",
      "resolved": "https://registry.npmjs.org/react-dom/-/react-dom-17.0.2.tgz",
      "integrity": "sha512-s4h96KtLDUQlsENhMn1ar8t2bEa+q/YAtj8pPPdIjPDGBDIVNsrD9aXNWqspUe6AzKCIG0C1HZZLqLV7qpOBGA==",
      "dev": true,
      "dependencies": {
        "loose-envify": "^1.1.0",
        "object-assign": "^4.1.1",
        "scheduler": "^0.20.2"
      },
      "peerDependencies": {
        "react": "17.0.2"
      }
    },
    "node_modules/react-is": {
      "version": "16.13.1",
      "resolved": "https://registry.npmjs.org/react-is/-/react-is-16.13.1.tgz",
      "integrity": "sha512-24e6ynE2H+OKt4kqsOvNd8kBpV65zoxbA4BVsEOB3ARVWQki/DHzaUoC5KuON/BiccDaCCTZBuOcfZs70kR8bQ=="
    },
    "node_modules/react-lifecycles-compat": {
      "version": "3.0.4",
      "resolved": "https://registry.npmjs.org/react-lifecycles-compat/-/react-lifecycles-compat-3.0.4.tgz",
      "integrity": "sha512-fBASbA6LnOU9dOU2eW7aQ8xmYBSXUIWr+UmF9b1efZBazGNO+rcXT/icdKnYm2pTwcRylVUYwW7H1PHfLekVzA=="
    },
    "node_modules/react-modal": {
      "version": "3.16.1",
      "resolved": "https://registry.npmjs.org/react-modal/-/react-modal-3.16.1.tgz",
      "integrity": "sha512-VStHgI3BVcGo7OXczvnJN7yT2TWHJPDXZWyI/a0ssFNhGZWsPmB8cF0z33ewDXq4VfYMO1vXgiv/g8Nj9NDyWg==",
      "dependencies": {
        "exenv": "^1.2.0",
        "prop-types": "^15.7.2",
        "react-lifecycles-compat": "^3.0.0",
        "warning": "^4.0.3"
      },
      "engines": {
        "node": ">=8"
      },
      "peerDependencies": {
        "react": "^0.14.0 || ^15.0.0 || ^16 || ^17 || ^18",
        "react-dom": "^0.14.0 || ^15.0.0 || ^16 || ^17 || ^18"
      }
    },
    "node_modules/scheduler": {
      "version": "0.20.2",
      "resolved": "https://registry.npmjs.org/scheduler/-/scheduler-0.20.2.tgz",
      "integrity": "sha512-2eWfGgAqqWFGqtdMmcL5zCMK1U8KlXv8SQFGglL3CEtd0aDVDWgeF/YoCmvln55m5zSk3J/20hTaSBeSObsQDQ==",
      "dev": true,
      "dependencies": {
        "loose-envify": "^1.1.0",
        "object-assign": "^4.1.1"
      }
    },
    "node_modules/style-value-types": {
      "version": "5.0.0",
      "resolved": "https://registry.npmjs.org/style-value-types/-/style-value-types-5.0.0.tgz",
      "integrity": "sha512-08yq36Ikn4kx4YU6RD7jWEv27v4V+PUsOGa4n/as8Et3CuODMJQ00ENeAVXAeydX4Z2j1XHZF1K2sX4mGl18fA==",
      "dependencies": {
        "hey-listen": "^1.0.8",
        "tslib": "^2.1.0"
      }
    },
    "node_modules/styled-system": {
      "version": "5.1.5",
      "resolved": "https://registry.npmjs.org/styled-system/-/styled-system-5.1.5.tgz",
      "integrity": "sha512-7VoD0o2R3RKzOzPK0jYrVnS8iJdfkKsQJNiLRDjikOpQVqQHns/DXWaPZOH4tIKkhAT7I6wIsy9FWTWh2X3q+A==",
      "dependencies": {
        "@styled-system/background": "^5.1.2",
        "@styled-system/border": "^5.1.5",
        "@styled-system/color": "^5.1.2",
        "@styled-system/core": "^5.1.2",
        "@styled-system/flexbox": "^5.1.2",
        "@styled-system/grid": "^5.1.2",
        "@styled-system/layout": "^5.1.2",
        "@styled-system/position": "^5.1.2",
        "@styled-system/shadow": "^5.1.2",
        "@styled-system/space": "^5.1.2",
        "@styled-system/typography": "^5.1.2",
        "@styled-system/variant": "^5.1.5",
        "object-assign": "^4.1.1"
      }
    },
    "node_modules/tslib": {
      "version": "2.6.0",
      "resolved": "https://registry.npmjs.org/tslib/-/tslib-2.6.0.tgz",
      "integrity": "sha512-7At1WUettjcSRHXCyYtTselblcHl9PJFFVKiCAy/bY97+BPZXSQ2wbq0P9s8tK2G7dFQfNnlJnPAiArVBVBsfA=="
    },
    "node_modules/warning": {
      "version": "4.0.3",
      "resolved": "https://registry.npmjs.org/warning/-/warning-4.0.3.tgz",
      "integrity": "sha512-rpJyN222KWIvHJ/F53XSZv0Zl/accqHR8et1kpaMTD/fLCRxtV8iX8czMzY7sVZupTI3zcUTg8eycS2kNF9l6w==",
      "dependencies": {
        "loose-envify": "^1.0.0"
      }
    }
  }
}
