{
  "name": "@notesnook/crypto",
  "version": "2.1.3",
  "lockfileVersion": 3,
  "requires": true,
  "packages": {
    "": {
      "name": "@notesnook/crypto",
      "version": "2.1.3",
      "license": "GPL-3.0-or-later",
      "dependencies": {
        "@notesnook/sodium": "file:../sodium"
      },
      "devDependencies": {}
    },
    "../sodium": {
      "name": "@notesnook/sodium",
      "version": "2.1.3",
      "hasInstallScript": true,
      "license": "GPL-3.0-or-later",
      "dependencies": {
        "libsodium-wrappers-sumo": "^0.7.15"
      },
      "devDependencies": {
        "@types/libsodium-wrappers-sumo": "0.7.8",
        "benny": "^3.7.1",
        "sodium-native": "^4.1.1",
        "ts-node": "^10.9.1",
        "vitest": "2.1.8"
      },
      "peerDependencies": {
        "sodium-native": ">=4"
      }
    },
    "node_modules/@notesnook/sodium": {
      "resolved": "../sodium",
      "link": true
    }
  }
}
