{
  "name": "@notesnook/crypto-worker",
  "version": "1.0.0",
  "lockfileVersion": 2,
  "requires": true,
  "packages": {
    "": {
      "name": "@notesnook/crypto-worker",
      "version": "1.0.0",
      "license": "GPL-3.0-or-later",
      "dependencies": {
        "@notesnook/crypto": "*",
        "comlink": "^4.3.1"
      },
      "devDependencies": {
        "typescript": "^4.8.2"
      }
    },
    "node_modules/@notesnook/crypto": {
      "version": "1.0.1",
      "resolved": "https://registry.npmjs.org/@notesnook/crypto/-/crypto-1.0.1.tgz",
      "integrity": "sha512-DYwrkpX1Zo3imJD7rUCmhB7cnNYLs1mW1H8p2OPpjrXDYcBw7yGVRGiM3IwXmK0+PRpbQ2vf/PIbYYy/3f8aBQ==",
      "dependencies": {
        "libsodium-wrappers": "0.7.9"
      }
    },
    "node_modules/comlink": {
      "version": "4.3.1",
      "resolved": "https://registry.npmjs.org/comlink/-/comlink-4.3.1.tgz",
      "integrity": "sha512-+YbhUdNrpBZggBAHWcgQMLPLH1KDF3wJpeqrCKieWQ8RL7atmgsgTQko1XEBK6PsecfopWNntopJ+ByYG1lRaA=="
    },
    "node_modules/libsodium": {
      "version": "0.7.10",
      "resolved": "https://registry.npmjs.org/libsodium/-/libsodium-0.7.10.tgz",
      "integrity": "sha512-eY+z7hDrDKxkAK+QKZVNv92A5KYkxfvIshtBJkmg5TSiCnYqZP3i9OO9whE79Pwgm4jGaoHgkM4ao/b9Cyu4zQ=="
    },
    "node_modules/libsodium-wrappers": {
      "version": "0.7.9",
      "resolved": "https://registry.npmjs.org/libsodium-wrappers/-/libsodium-wrappers-0.7.9.tgz",
      "integrity": "sha512-9HaAeBGk1nKTRFRHkt7nzxqCvnkWTjn1pdjKgcUnZxj0FyOP4CnhgFhMdrFfgNsukijBGyBLpP2m2uKT1vuWhQ==",
      "dependencies": {
        "libsodium": "^0.7.0"
      }
    },
    "node_modules/typescript": {
      "version": "4.8.4",
      "resolved": "https://registry.npmjs.org/typescript/-/typescript-4.8.4.tgz",
      "integrity": "sha512-QCh+85mCy+h0IGff8r5XWzOVSbBO+KfeYrMQh7NJ58QujwcE22u+NUSmUxqF+un70P9GXKxa2HCNiTTMJknyjQ==",
      "dev": true,
      "bin": {
        "tsc": "bin/tsc",
        "tsserver": "bin/tsserver"
      },
      "engines": {
        "node": ">=4.2.0"
      }
    }
  },
  "dependencies": {
    "@notesnook/crypto": {
      "version": "1.0.1",
      "resolved": "https://registry.npmjs.org/@notesnook/crypto/-/crypto-1.0.1.tgz",
      "integrity": "sha512-DYwrkpX1Zo3imJD7rUCmhB7cnNYLs1mW1H8p2OPpjrXDYcBw7yGVRGiM3IwXmK0+PRpbQ2vf/PIbYYy/3f8aBQ==",
      "requires": {
        "libsodium-wrappers": "0.7.9"
      }
    },
    "comlink": {
      "version": "4.3.1",
      "resolved": "https://registry.npmjs.org/comlink/-/comlink-4.3.1.tgz",
      "integrity": "sha512-+YbhUdNrpBZggBAHWcgQMLPLH1KDF3wJpeqrCKieWQ8RL7atmgsgTQko1XEBK6PsecfopWNntopJ+ByYG1lRaA=="
    },
    "libsodium": {
      "version": "0.7.10",
      "resolved": "https://registry.npmjs.org/libsodium/-/libsodium-0.7.10.tgz",
      "integrity": "sha512-eY+z7hDrDKxkAK+QKZVNv92A5KYkxfvIshtBJkmg5TSiCnYqZP3i9OO9whE79Pwgm4jGaoHgkM4ao/b9Cyu4zQ=="
    },
    "libsodium-wrappers": {
      "version": "0.7.9",
      "resolved": "https://registry.npmjs.org/libsodium-wrappers/-/libsodium-wrappers-0.7.9.tgz",
      "integrity": "sha512-9HaAeBGk1nKTRFRHkt7nzxqCvnkWTjn1pdjKgcUnZxj0FyOP4CnhgFhMdrFfgNsukijBGyBLpP2m2uKT1vuWhQ==",
      "requires": {
        "libsodium": "^0.7.0"
      }
    },
    "typescript": {
      "version": "4.8.4",
      "resolved": "https://registry.npmjs.org/typescript/-/typescript-4.8.4.tgz",
      "integrity": "sha512-QCh+85mCy+h0IGff8r5XWzOVSbBO+KfeYrMQh7NJ58QujwcE22u+NUSmUxqF+un70P9GXKxa2HCNiTTMJknyjQ==",
      "dev": true
    }
  }
}
